
Microsoft Visual Studio Solution File, Format Version 12.00
# Visual Studio Version 17
VisualStudioVersion = 17.0.31903.59
MinimumVisualStudioVersion = 10.0.40219.1
Project("{2150E333-8FDC-42A3-9474-1A3956D46DE8}") = "tests", "tests", "{0AB3BF05-4346-4AA6-1389-037BE0695223}"
EndProject
Project("{FAE04EC0-301F-11D3-BF4B-00C04F79EFBC}") = "DotNetAgents.Education.Tests", "tests\DotNetAgents.Education.Tests\DotNetAgents.Education.Tests.csproj", "{4561DAA8-649D-4717-96C5-0BECC20514A8}"
EndProject
Project("{FAE04EC0-301F-11D3-BF4B-00C04F79EFBC}") = "DotNetAgents.Voice.Tests", "tests\DotNetAgents.Voice.Tests\DotNetAgents.Voice.Tests.csproj", "{31B59F8F-579E-4F6B-9A78-88D570E49827}"
EndProject
Project("{2150E333-8FDC-42A3-9474-1A3956D46DE8}") = "applications", "applications", "{A10A91C2-6485-6656-963B-F6FCBC812542}"
EndProject
Project("{2150E333-8FDC-42A3-9474-1A3956D46DE8}") = "JARVIS", "JARVIS", "{C2707E7A-1614-5F2E-5542-413A0CDE6650}"
EndProject
Project("{2150E333-8FDC-42A3-9474-1A3956D46DE8}") = "JARVIS.Voice", "JARVIS.Voice", "{5AC8EE91-D258-0A57-7FEC-92B190BA7FE3}"
EndProject
Project("{FAE04EC0-301F-11D3-BF4B-00C04F79EFBC}") = "DotNetAgents.Voice", "applications\JARVIS\JARVIS.Voice\DotNetAgents.Voice\DotNetAgents.Voice.csproj", "{0DD438C4-9F63-4F75-9CBD-A3D721AE1032}"
EndProject
Project("{FAE04EC0-301F-11D3-BF4B-00C04F79EFBC}") = "DotNetAgents.Voice.Dialog", "applications\JARVIS\JARVIS.Voice\DotNetAgents.Voice.Dialog\DotNetAgents.Voice.Dialog.csproj", "{43EFA6A2-AD6E-4BDC-A117-94821C5E9F70}"
EndProject
Project("{FAE04EC0-301F-11D3-BF4B-00C04F79EFBC}") = "DotNetAgents.Voice.Scheduling", "applications\JARVIS\JARVIS.Voice\DotNetAgents.Voice.Scheduling\DotNetAgents.Voice.Scheduling.csproj", "{3A9DAAC5-207B-40F6-96CA-799750611A85}"
EndProject
Project("{FAE04EC0-301F-11D3-BF4B-00C04F79EFBC}") = "DotNetAgents.Voice.SignalR", "applications\JARVIS\JARVIS.Voice\DotNetAgents.Voice.SignalR\DotNetAgents.Voice.SignalR.csproj", "{5AD8BDD0-157A-4CA8-BF73-ACF089FC0E02}"
EndProject
Project("{FAE04EC0-301F-11D3-BF4B-00C04F79EFBC}") = "DotNetAgents.Voice.Transcription", "applications\JARVIS\JARVIS.Voice\DotNetAgents.Voice.Transcription\DotNetAgents.Voice.Transcription.csproj", "{1D81B791-C497-4412-9837-D01218A70930}"
EndProject
Project("{2150E333-8FDC-42A3-9474-1A3956D46DE8}") = "TeachingAssistant", "TeachingAssistant", "{07A0D15C-A4D3-4106-952C-EA301E809838}"
EndProject
Project("{2150E333-8FDC-42A3-9474-1A3956D46DE8}") = "TeachingAssistant.Education", "TeachingAssistant.Education", "{4DF75CA3-28E9-D6E0-303B-B161B001B34E}"
EndProject
Project("{FAE04EC0-301F-11D3-BF4B-00C04F79EFBC}") = "DotNetAgents.Education", "applications\TeachingAssistant\TeachingAssistant.Education\DotNetAgents.Education.csproj", "{0B8ECB7D-2B9B-4FB2-A9B5-F7FD0E247FC9}"
EndProject
Global
	GlobalSection(SolutionConfigurationPlatforms) = preSolution
		Debug|Any CPU = Debug|Any CPU
		Debug|x64 = Debug|x64
		Debug|x86 = Debug|x86
		Release|Any CPU = Release|Any CPU
		Release|x64 = Release|x64
		Release|x86 = Release|x86
	EndGlobalSection
	GlobalSection(ProjectConfigurationPlatforms) = postSolution
		{4561DAA8-649D-4717-96C5-0BECC20514A8}.Debug|Any CPU.ActiveCfg = Debug|Any CPU
		{4561DAA8-649D-4717-96C5-0BECC20514A8}.Debug|Any CPU.Build.0 = Debug|Any CPU
		{4561DAA8-649D-4717-96C5-0BECC20514A8}.Debug|x64.ActiveCfg = Debug|Any CPU
		{4561DAA8-649D-4717-96C5-0BECC20514A8}.Debug|x64.Build.0 = Debug|Any CPU
		{4561DAA8-649D-4717-96C5-0BECC20514A8}.Debug|x86.ActiveCfg = Debug|Any CPU
		{4561DAA8-649D-4717-96C5-0BECC20514A8}.Debug|x86.Build.0 = Debug|Any CPU
		{4561DAA8-649D-4717-96C5-0BECC20514A8}.Release|Any CPU.ActiveCfg = Release|Any CPU
		{4561DAA8-649D-4717-96C5-0BECC20514A8}.Release|Any CPU.Build.0 = Release|Any CPU
		{4561DAA8-649D-4717-96C5-0BECC20514A8}.Release|x64.ActiveCfg = Release|Any CPU
		{4561DAA8-649D-4717-96C5-0BECC20514A8}.Release|x64.Build.0 = Release|Any CPU
		{4561DAA8-649D-4717-96C5-0BECC20514A8}.Release|x86.ActiveCfg = Release|Any CPU
		{4561DAA8-649D-4717-96C5-0BECC20514A8}.Release|x86.Build.0 = Release|Any CPU
		{31B59F8F-579E-4F6B-9A78-88D570E49827}.Debug|Any CPU.ActiveCfg = Debug|Any CPU
		{31B59F8F-579E-4F6B-9A78-88D570E49827}.Debug|Any CPU.Build.0 = Debug|Any CPU
		{31B59F8F-579E-4F6B-9A78-88D570E49827}.Debug|x64.ActiveCfg = Debug|Any CPU
		{31B59F8F-579E-4F6B-9A78-88D570E49827}.Debug|x64.Build.0 = Debug|Any CPU
		{31B59F8F-579E-4F6B-9A78-88D570E49827}.Debug|x86.ActiveCfg = Debug|Any CPU
		{31B59F8F-579E-4F6B-9A78-88D570E49827}.Debug|x86.Build.0 = Debug|Any CPU
		{31B59F8F-579E-4F6B-9A78-88D570E49827}.Release|Any CPU.ActiveCfg = Release|Any CPU
		{31B59F8F-579E-4F6B-9A78-88D570E49827}.Release|Any CPU.Build.0 = Release|Any CPU
		{31B59F8F-579E-4F6B-9A78-88D570E49827}.Release|x64.ActiveCfg = Release|Any CPU
		{31B59F8F-579E-4F6B-9A78-88D570E49827}.Release|x64.Build.0 = Release|Any CPU
		{31B59F8F-579E-4F6B-9A78-88D570E49827}.Release|x86.ActiveCfg = Release|Any CPU
		{31B59F8F-579E-4F6B-9A78-88D570E49827}.Release|x86.Build.0 = Release|Any CPU
		{0DD438C4-9F63-4F75-9CBD-A3D721AE1032}.Debug|Any CPU.ActiveCfg = Debug|Any CPU
		{0DD438C4-9F63-4F75-9CBD-A3D721AE1032}.Debug|Any CPU.Build.0 = Debug|Any CPU
		{0DD438C4-9F63-4F75-9CBD-A3D721AE1032}.Debug|x64.ActiveCfg = Debug|Any CPU
		{0DD438C4-9F63-4F75-9CBD-A3D721AE1032}.Debug|x64.Build.0 = Debug|Any CPU
		{0DD438C4-9F63-4F75-9CBD-A3D721AE1032}.Debug|x86.ActiveCfg = Debug|Any CPU
		{0DD438C4-9F63-4F75-9CBD-A3D721AE1032}.Debug|x86.Build.0 = Debug|Any CPU
		{0DD438C4-9F63-4F75-9CBD-A3D721AE1032}.Release|Any CPU.ActiveCfg = Release|Any CPU
		{0DD438C4-9F63-4F75-9CBD-A3D721AE1032}.Release|Any CPU.Build.0 = Release|Any CPU
		{0DD438C4-9F63-4F75-9CBD-A3D721AE1032}.Release|x64.ActiveCfg = Release|Any CPU
		{0DD438C4-9F63-4F75-9CBD-A3D721AE1032}.Release|x64.Build.0 = Release|Any CPU
		{0DD438C4-9F63-4F75-9CBD-A3D721AE1032}.Release|x86.ActiveCfg = Release|Any CPU
		{0DD438C4-9F63-4F75-9CBD-A3D721AE1032}.Release|x86.Build.0 = Release|Any CPU
		{43EFA6A2-AD6E-4BDC-A117-94821C5E9F70}.Debug|Any CPU.ActiveCfg = Debug|Any CPU
		{43EFA6A2-AD6E-4BDC-A117-94821C5E9F70}.Debug|Any CPU.Build.0 = Debug|Any CPU
		{43EFA6A2-AD6E-4BDC-A117-94821C5E9F70}.Debug|x64.ActiveCfg = Debug|Any CPU
		{43EFA6A2-AD6E-4BDC-A117-94821C5E9F70}.Debug|x64.Build.0 = Debug|Any CPU
		{43EFA6A2-AD6E-4BDC-A117-94821C5E9F70}.Debug|x86.ActiveCfg = Debug|Any CPU
		{43EFA6A2-AD6E-4BDC-A117-94821C5E9F70}.Debug|x86.Build.0 = Debug|Any CPU
		{43EFA6A2-AD6E-4BDC-A117-94821C5E9F70}.Release|Any CPU.ActiveCfg = Release|Any CPU
		{43EFA6A2-AD6E-4BDC-A117-94821C5E9F70}.Release|Any CPU.Build.0 = Release|Any CPU
		{43EFA6A2-AD6E-4BDC-A117-94821C5E9F70}.Release|x64.ActiveCfg = Release|Any CPU
		{43EFA6A2-AD6E-4BDC-A117-94821C5E9F70}.Release|x64.Build.0 = Release|Any CPU
		{43EFA6A2-AD6E-4BDC-A117-94821C5E9F70}.Release|x86.ActiveCfg = Release|Any CPU
		{43EFA6A2-AD6E-4BDC-A117-94821C5E9F70}.Release|x86.Build.0 = Release|Any CPU
		{3A9DAAC5-207B-40F6-96CA-799750611A85}.Debug|Any CPU.ActiveCfg = Debug|Any CPU
		{3A9DAAC5-207B-40F6-96CA-799750611A85}.Debug|Any CPU.Build.0 = Debug|Any CPU
		{3A9DAAC5-207B-40F6-96CA-799750611A85}.Debug|x64.ActiveCfg = Debug|Any CPU
		{3A9DAAC5-207B-40F6-96CA-799750611A85}.Debug|x64.Build.0 = Debug|Any CPU
		{3A9DAAC5-207B-40F6-96CA-799750611A85}.Debug|x86.ActiveCfg = Debug|Any CPU
		{3A9DAAC5-207B-40F6-96CA-799750611A85}.Debug|x86.Build.0 = Debug|Any CPU
		{3A9DAAC5-207B-40F6-96CA-799750611A85}.Release|Any CPU.ActiveCfg = Release|Any CPU
		{3A9DAAC5-207B-40F6-96CA-799750611A85}.Release|Any CPU.Build.0 = Release|Any CPU
		{3A9DAAC5-207B-40F6-96CA-799750611A85}.Release|x64.ActiveCfg = Release|Any CPU
		{3A9DAAC5-207B-40F6-96CA-799750611A85}.Release|x64.Build.0 = Release|Any CPU
		{3A9DAAC5-207B-40F6-96CA-799750611A85}.Release|x86.ActiveCfg = Release|Any CPU
		{3A9DAAC5-207B-40F6-96CA-799750611A85}.Release|x86.Build.0 = Release|Any CPU
		{5AD8BDD0-157A-4CA8-BF73-ACF089FC0E02}.Debug|Any CPU.ActiveCfg = Debug|Any CPU
		{5AD8BDD0-157A-4CA8-BF73-ACF089FC0E02}.Debug|Any CPU.Build.0 = Debug|Any CPU
		{5AD8BDD0-157A-4CA8-BF73-ACF089FC0E02}.Debug|x64.ActiveCfg = Debug|Any CPU
		{5AD8BDD0-157A-4CA8-BF73-ACF089FC0E02}.Debug|x64.Build.0 = Debug|Any CPU
		{5AD8BDD0-157A-4CA8-BF73-ACF089FC0E02}.Debug|x86.ActiveCfg = Debug|Any CPU
		{5AD8BDD0-157A-4CA8-BF73-ACF089FC0E02}.Debug|x86.Build.0 = Debug|Any CPU
		{5AD8BDD0-157A-4CA8-BF73-ACF089FC0E02}.Release|Any CPU.ActiveCfg = Release|Any CPU
		{5AD8BDD0-157A-4CA8-BF73-ACF089FC0E02}.Release|Any CPU.Build.0 = Release|Any CPU
		{5AD8BDD0-157A-4CA8-BF73-ACF089FC0E02}.Release|x64.ActiveCfg = Release|Any CPU
		{5AD8BDD0-157A-4CA8-BF73-ACF089FC0E02}.Release|x64.Build.0 = Release|Any CPU
		{5AD8BDD0-157A-4CA8-BF73-ACF089FC0E02}.Release|x86.ActiveCfg = Release|Any CPU
		{5AD8BDD0-157A-4CA8-BF73-ACF089FC0E02}.Release|x86.Build.0 = Release|Any CPU
		{1D81B791-C497-4412-9837-D01218A70930}.Debug|Any CPU.ActiveCfg = Debug|Any CPU
		{1D81B791-C497-4412-9837-D01218A70930}.Debug|Any CPU.Build.0 = Debug|Any CPU
		{1D81B791-C497-4412-9837-D01218A70930}.Debug|x64.ActiveCfg = Debug|Any CPU
		{1D81B791-C497-4412-9837-D01218A70930}.Debug|x64.Build.0 = Debug|Any CPU
		{1D81B791-C497-4412-9837-D01218A70930}.Debug|x86.ActiveCfg = Debug|Any CPU
		{1D81B791-C497-4412-9837-D01218A70930}.Debug|x86.Build.0 = Debug|Any CPU
		{1D81B791-C497-4412-9837-D01218A70930}.Release|Any CPU.ActiveCfg = Release|Any CPU
		{1D81B791-C497-4412-9837-D01218A70930}.Release|Any CPU.Build.0 = Release|Any CPU
		{1D81B791-C497-4412-9837-D01218A70930}.Release|x64.ActiveCfg = Release|Any CPU
		{1D81B791-C497-4412-9837-D01218A70930}.Release|x64.Build.0 = Release|Any CPU
		{1D81B791-C497-4412-9837-D01218A70930}.Release|x86.ActiveCfg = Release|Any CPU
		{1D81B791-C497-4412-9837-D01218A70930}.Release|x86.Build.0 = Release|Any CPU
		{0B8ECB7D-2B9B-4FB2-A9B5-F7FD0E247FC9}.Debug|Any CPU.ActiveCfg = Debug|Any CPU
		{0B8ECB7D-2B9B-4FB2-A9B5-F7FD0E247FC9}.Debug|Any CPU.Build.0 = Debug|Any CPU
		{0B8ECB7D-2B9B-4FB2-A9B5-F7FD0E247FC9}.Debug|x64.ActiveCfg = Debug|Any CPU
		{0B8ECB7D-2B9B-4FB2-A9B5-F7FD0E247FC9}.Debug|x64.Build.0 = Debug|Any CPU
		{0B8ECB7D-2B9B-4FB2-A9B5-F7FD0E247FC9}.Debug|x86.ActiveCfg = Debug|Any CPU
		{0B8ECB7D-2B9B-4FB2-A9B5-F7FD0E247FC9}.Debug|x86.Build.0 = Debug|Any CPU
		{0B8ECB7D-2B9B-4FB2-A9B5-F7FD0E247FC9}.Release|Any CPU.ActiveCfg = Release|Any CPU
		{0B8ECB7D-2B9B-4FB2-A9B5-F7FD0E247FC9}.Release|Any CPU.Build.0 = Release|Any CPU
		{0B8ECB7D-2B9B-4FB2-A9B5-F7FD0E247FC9}.Release|x64.ActiveCfg = Release|Any CPU
		{0B8ECB7D-2B9B-4FB2-A9B5-F7FD0E247FC9}.Release|x64.Build.0 = Release|Any CPU
		{0B8ECB7D-2B9B-4FB2-A9B5-F7FD0E247FC9}.Release|x86.ActiveCfg = Release|Any CPU
		{0B8ECB7D-2B9B-4FB2-A9B5-F7FD0E247FC9}.Release|x86.Build.0 = Release|Any CPU
	EndGlobalSection
	GlobalSection(SolutionProperties) = preSolution
		HideSolutionNode = FALSE
	EndGlobalSection
	GlobalSection(NestedProjects) = preSolution
		{4561DAA8-649D-4717-96C5-0BECC20514A8} = {0AB3BF05-4346-4AA6-1389-037BE0695223}
		{31B59F8F-579E-4F6B-9A78-88D570E49827} = {0AB3BF05-4346-4AA6-1389-037BE0695223}
		{C2707E7A-1614-5F2E-5542-413A0CDE6650} = {A10A91C2-6485-6656-963B-F6FCBC812542}
		{5AC8EE91-D258-0A57-7FEC-92B190BA7FE3} = {C2707E7A-1614-5F2E-5542-413A0CDE6650}
		{0DD438C4-9F63-4F75-9CBD-A3D721AE1032} = {5AC8EE91-D258-0A57-7FEC-92B190BA7FE3}
		{43EFA6A2-AD6E-4BDC-A117-94821C5E9F70} = {5AC8EE91-D258-0A57-7FEC-92B190BA7FE3}
		{3A9DAAC5-207B-40F6-96CA-799750611A85} = {5AC8EE91-D258-0A57-7FEC-92B190BA7FE3}
		{5AD8BDD0-157A-4CA8-BF73-ACF089FC0E02} = {5AC8EE91-D258-0A57-7FEC-92B190BA7FE3}
		{1D81B791-C497-4412-9837-D01218A70930} = {5AC8EE91-D258-0A57-7FEC-92B190BA7FE3}
		{07A0D15C-A4D3-4106-952C-EA301E809838} = {A10A91C2-6485-6656-963B-F6FCBC812542}
		{4DF75CA3-28E9-D6E0-303B-B161B001B34E} = {07A0D15C-A4D3-4106-952C-EA301E809838}
		{0B8ECB7D-2B9B-4FB2-A9B5-F7FD0E247FC9} = {4DF75CA3-28E9-D6E0-303B-B161B001B34E}
	EndGlobalSection
EndGlobal
