
Microsoft Visual Studio Solution File, Format Version 12.00
# Visual Studio Version 17
VisualStudioVersion = 17.0.31903.59
MinimumVisualStudioVersion = 10.0.40219.1
Project("{2150E333-8FDC-42A3-9474-1A3956D46DE8}") = "src", "src", "{827E0CD3-B72D-47B6-A68D-7590B98EB39B}"
EndProject
Project("{FAE04EC0-301F-11D3-BF4B-00C04F79EFBC}") = "DotNetAgents.Core", "src\DotNetAgents.Core\DotNetAgents.Core.csproj", "{3DC428D1-DB41-4CD7-A121-774C65549C0A}"
EndProject
Project("{2150E333-8FDC-42A3-9474-1A3956D46DE8}") = "tests", "tests", "{0AB3BF05-4346-4AA6-1389-037BE0695223}"
EndProject
Project("{FAE04EC0-301F-11D3-BF4B-00C04F79EFBC}") = "DotNetAgents.Core.Tests", "tests\DotNetAgents.Core.Tests\DotNetAgents.Core.Tests.csproj", "{5D630EBB-E671-4688-9F60-5CA6EF53D65D}"
EndProject
Project("{FAE04EC0-301F-11D3-BF4B-00C04F79EFBC}") = "DotNetAgents.Configuration", "src\DotNetAgents.Configuration\DotNetAgents.Configuration.csproj", "{5F7F05A9-4DA0-423A-BFE2-05DD14134C45}"
EndProject
Project("{FAE04EC0-301F-11D3-BF4B-00C04F79EFBC}") = "DotNetAgents.Configuration.Tests", "tests\DotNetAgents.Configuration.Tests\DotNetAgents.Configuration.Tests.csproj", "{880EE6FD-BCBD-40CF-9ACE-E19235EE3DE5}"
EndProject
Project("{FAE04EC0-301F-11D3-BF4B-00C04F79EFBC}") = "DotNetAgents.Workflow", "src\DotNetAgents.Workflow\DotNetAgents.Workflow.csproj", "{301DBE67-BF53-4133-AE55-264F6D691B43}"
EndProject
Project("{FAE04EC0-301F-11D3-BF4B-00C04F79EFBC}") = "DotNetAgents.Workflow.Tests", "tests\DotNetAgents.Workflow.Tests\DotNetAgents.Workflow.Tests.csproj", "{DF7391A1-E545-4424-B6DA-DCCB1733F3BA}"
EndProject
Project("{FAE04EC0-301F-11D3-BF4B-00C04F79EFBC}") = "DotNetAgents.Observability", "src\DotNetAgents.Observability\DotNetAgents.Observability.csproj", "{D5AF1E5F-08BC-4E87-95DE-46DA853A741B}"
EndProject
Project("{FAE04EC0-301F-11D3-BF4B-00C04F79EFBC}") = "DotNetAgents.Observability.Tests", "tests\DotNetAgents.Observability.Tests\DotNetAgents.Observability.Tests.csproj", "{89DB158D-F249-47BE-A915-E450EAAC4D09}"
EndProject
Project("{FAE04EC0-301F-11D3-BF4B-00C04F79EFBC}") = "DotNetAgents.Security", "src\DotNetAgents.Security\DotNetAgents.Security.csproj", "{4203988F-FACB-4FF6-BD9B-48E28C17A743}"
EndProject
Project("{FAE04EC0-301F-11D3-BF4B-00C04F79EFBC}") = "DotNetAgents.Security.Tests", "tests\DotNetAgents.Security.Tests\DotNetAgents.Security.Tests.csproj", "{B66DD7E5-ABC6-4CC0-8301-B679EE615181}"
EndProject
Project("{FAE04EC0-301F-11D3-BF4B-00C04F79EFBC}") = "DotNetAgents.Providers.OpenAI", "src\DotNetAgents.Providers.OpenAI\DotNetAgents.Providers.OpenAI.csproj", "{FD085DC7-B105-4565-BB46-737142580E84}"
EndProject
Project("{FAE04EC0-301F-11D3-BF4B-00C04F79EFBC}") = "DotNetAgents.Providers.Azure", "src\DotNetAgents.Providers.Azure\DotNetAgents.Providers.Azure.csproj", "{61588177-BDD7-4E18-B383-30FB7479ECE8}"
EndProject
Project("{FAE04EC0-301F-11D3-BF4B-00C04F79EFBC}") = "DotNetAgents.Providers.Anthropic", "src\DotNetAgents.Providers.Anthropic\DotNetAgents.Providers.Anthropic.csproj", "{1D892ACB-0610-4782-BED2-914D46F5E8AA}"
EndProject
Project("{FAE04EC0-301F-11D3-BF4B-00C04F79EFBC}") = "DotNetAgents.Providers.Ollama", "src\DotNetAgents.Providers.Ollama\DotNetAgents.Providers.Ollama.csproj", "{3E31B066-97BE-4DB7-9A86-E3E9BA9E82BA}"
EndProject
Project("{FAE04EC0-301F-11D3-BF4B-00C04F79EFBC}") = "DotNetAgents.Providers.LMStudio", "src\DotNetAgents.Providers.LMStudio\DotNetAgents.Providers.LMStudio.csproj", "{E3246753-9471-4E17-9961-AD93508349FF}"
EndProject
Project("{FAE04EC0-301F-11D3-BF4B-00C04F79EFBC}") = "DotNetAgents.Providers.vLLM", "src\DotNetAgents.Providers.vLLM\DotNetAgents.Providers.vLLM.csproj", "{3AC68ADE-ADF5-4706-85F6-5FE020C34DCC}"
EndProject
Project("{FAE04EC0-301F-11D3-BF4B-00C04F79EFBC}") = "DotNetAgents.Providers.Google", "src\DotNetAgents.Providers.Google\DotNetAgents.Providers.Google.csproj", "{BDFE4F86-AB46-4841-80C6-1D57C6C1925B}"
EndProject
Project("{FAE04EC0-301F-11D3-BF4B-00C04F79EFBC}") = "DotNetAgents.Providers.AWS", "src\DotNetAgents.Providers.AWS\DotNetAgents.Providers.AWS.csproj", "{4F36B4E3-7ABA-45AE-8A61-55995B17ABEC}"
EndProject
Project("{FAE04EC0-301F-11D3-BF4B-00C04F79EFBC}") = "DotNetAgents.Providers.Cohere", "src\DotNetAgents.Providers.Cohere\DotNetAgents.Providers.Cohere.csproj", "{86CA7628-DA06-4024-818C-85013C3F3476}"
EndProject
Project("{FAE04EC0-301F-11D3-BF4B-00C04F79EFBC}") = "DotNetAgents.Providers.Groq", "src\DotNetAgents.Providers.Groq\DotNetAgents.Providers.Groq.csproj", "{D5FE3F5C-CBA0-4087-9EED-3F2BE2DAC96E}"
EndProject
Project("{FAE04EC0-301F-11D3-BF4B-00C04F79EFBC}") = "DotNetAgents.Providers.Mistral", "src\DotNetAgents.Providers.Mistral\DotNetAgents.Providers.Mistral.csproj", "{0168E0FC-10EB-481C-82DC-202910075664}"
EndProject
Project("{FAE04EC0-301F-11D3-BF4B-00C04F79EFBC}") = "DotNetAgents.Providers.Together", "src\DotNetAgents.Providers.Together\DotNetAgents.Providers.Together.csproj", "{387C41EC-6649-4122-8E44-BFE6EE161958}"
EndProject
Project("{2150E333-8FDC-42A3-9474-1A3956D46DE8}") = "samples", "samples", "{5D20AA90-6969-D8BD-9DCD-8634F4692FDA}"
EndProject
Project("{FAE04EC0-301F-11D3-BF4B-00C04F79EFBC}") = "DotNetAgents.Samples.BasicChain", "samples\DotNetAgents.Samples.BasicChain\DotNetAgents.Samples.BasicChain.csproj", "{2BC3A41F-E746-491F-9C83-83EFA8378F68}"
EndProject
Project("{FAE04EC0-301F-11D3-BF4B-00C04F79EFBC}") = "DotNetAgents.Samples.AgentWithTools", "samples\DotNetAgents.Samples.AgentWithTools\DotNetAgents.Samples.AgentWithTools.csproj", "{8A57F976-5937-42CD-83A6-32CAD94F7621}"
EndProject
Project("{FAE04EC0-301F-11D3-BF4B-00C04F79EFBC}") = "DotNetAgents.Samples.Workflow", "samples\DotNetAgents.Samples.Workflow\DotNetAgents.Samples.Workflow.csproj", "{A92B19E7-478C-4083-9FF1-DA0E14DDE74A}"
EndProject
Global
	GlobalSection(SolutionConfigurationPlatforms) = preSolution
		Debug|Any CPU = Debug|Any CPU
		Debug|x64 = Debug|x64
		Debug|x86 = Debug|x86
		Release|Any CPU = Release|Any CPU
		Release|x64 = Release|x64
		Release|x86 = Release|x86
	EndGlobalSection
	GlobalSection(ProjectConfigurationPlatforms) = postSolution
		{3DC428D1-DB41-4CD7-A121-774C65549C0A}.Debug|Any CPU.ActiveCfg = Debug|Any CPU
		{3DC428D1-DB41-4CD7-A121-774C65549C0A}.Debug|Any CPU.Build.0 = Debug|Any CPU
		{3DC428D1-DB41-4CD7-A121-774C65549C0A}.Debug|x64.ActiveCfg = Debug|Any CPU
		{3DC428D1-DB41-4CD7-A121-774C65549C0A}.Debug|x64.Build.0 = Debug|Any CPU
		{3DC428D1-DB41-4CD7-A121-774C65549C0A}.Debug|x86.ActiveCfg = Debug|Any CPU
		{3DC428D1-DB41-4CD7-A121-774C65549C0A}.Debug|x86.Build.0 = Debug|Any CPU
		{3DC428D1-DB41-4CD7-A121-774C65549C0A}.Release|Any CPU.ActiveCfg = Release|Any CPU
		{3DC428D1-DB41-4CD7-A121-774C65549C0A}.Release|Any CPU.Build.0 = Release|Any CPU
		{3DC428D1-DB41-4CD7-A121-774C65549C0A}.Release|x64.ActiveCfg = Release|Any CPU
		{3DC428D1-DB41-4CD7-A121-774C65549C0A}.Release|x64.Build.0 = Release|Any CPU
		{3DC428D1-DB41-4CD7-A121-774C65549C0A}.Release|x86.ActiveCfg = Release|Any CPU
		{3DC428D1-DB41-4CD7-A121-774C65549C0A}.Release|x86.Build.0 = Release|Any CPU
		{5D630EBB-E671-4688-9F60-5CA6EF53D65D}.Debug|Any CPU.ActiveCfg = Debug|Any CPU
		{5D630EBB-E671-4688-9F60-5CA6EF53D65D}.Debug|Any CPU.Build.0 = Debug|Any CPU
		{5D630EBB-E671-4688-9F60-5CA6EF53D65D}.Debug|x64.ActiveCfg = Debug|Any CPU
		{5D630EBB-E671-4688-9F60-5CA6EF53D65D}.Debug|x64.Build.0 = Debug|Any CPU
		{5D630EBB-E671-4688-9F60-5CA6EF53D65D}.Debug|x86.ActiveCfg = Debug|Any CPU
		{5D630EBB-E671-4688-9F60-5CA6EF53D65D}.Debug|x86.Build.0 = Debug|Any CPU
		{5D630EBB-E671-4688-9F60-5CA6EF53D65D}.Release|Any CPU.ActiveCfg = Release|Any CPU
		{5D630EBB-E671-4688-9F60-5CA6EF53D65D}.Release|Any CPU.Build.0 = Release|Any CPU
		{5D630EBB-E671-4688-9F60-5CA6EF53D65D}.Release|x64.ActiveCfg = Release|Any CPU
		{5D630EBB-E671-4688-9F60-5CA6EF53D65D}.Release|x64.Build.0 = Release|Any CPU
		{5D630EBB-E671-4688-9F60-5CA6EF53D65D}.Release|x86.ActiveCfg = Release|Any CPU
		{5D630EBB-E671-4688-9F60-5CA6EF53D65D}.Release|x86.Build.0 = Release|Any CPU
		{5F7F05A9-4DA0-423A-BFE2-05DD14134C45}.Debug|Any CPU.ActiveCfg = Debug|Any CPU
		{5F7F05A9-4DA0-423A-BFE2-05DD14134C45}.Debug|Any CPU.Build.0 = Debug|Any CPU
		{5F7F05A9-4DA0-423A-BFE2-05DD14134C45}.Debug|x64.ActiveCfg = Debug|Any CPU
		{5F7F05A9-4DA0-423A-BFE2-05DD14134C45}.Debug|x64.Build.0 = Debug|Any CPU
		{5F7F05A9-4DA0-423A-BFE2-05DD14134C45}.Debug|x86.ActiveCfg = Debug|Any CPU
		{5F7F05A9-4DA0-423A-BFE2-05DD14134C45}.Debug|x86.Build.0 = Debug|Any CPU
		{5F7F05A9-4DA0-423A-BFE2-05DD14134C45}.Release|Any CPU.ActiveCfg = Release|Any CPU
		{5F7F05A9-4DA0-423A-BFE2-05DD14134C45}.Release|Any CPU.Build.0 = Release|Any CPU
		{5F7F05A9-4DA0-423A-BFE2-05DD14134C45}.Release|x64.ActiveCfg = Release|Any CPU
		{5F7F05A9-4DA0-423A-BFE2-05DD14134C45}.Release|x64.Build.0 = Release|Any CPU
		{5F7F05A9-4DA0-423A-BFE2-05DD14134C45}.Release|x86.ActiveCfg = Release|Any CPU
		{5F7F05A9-4DA0-423A-BFE2-05DD14134C45}.Release|x86.Build.0 = Release|Any CPU
		{880EE6FD-BCBD-40CF-9ACE-E19235EE3DE5}.Debug|Any CPU.ActiveCfg = Debug|Any CPU
		{880EE6FD-BCBD-40CF-9ACE-E19235EE3DE5}.Debug|Any CPU.Build.0 = Debug|Any CPU
		{880EE6FD-BCBD-40CF-9ACE-E19235EE3DE5}.Debug|x64.ActiveCfg = Debug|Any CPU
		{880EE6FD-BCBD-40CF-9ACE-E19235EE3DE5}.Debug|x64.Build.0 = Debug|Any CPU
		{880EE6FD-BCBD-40CF-9ACE-E19235EE3DE5}.Debug|x86.ActiveCfg = Debug|Any CPU
		{880EE6FD-BCBD-40CF-9ACE-E19235EE3DE5}.Debug|x86.Build.0 = Debug|Any CPU
		{880EE6FD-BCBD-40CF-9ACE-E19235EE3DE5}.Release|Any CPU.ActiveCfg = Release|Any CPU
		{880EE6FD-BCBD-40CF-9ACE-E19235EE3DE5}.Release|Any CPU.Build.0 = Release|Any CPU
		{880EE6FD-BCBD-40CF-9ACE-E19235EE3DE5}.Release|x64.ActiveCfg = Release|Any CPU
		{880EE6FD-BCBD-40CF-9ACE-E19235EE3DE5}.Release|x64.Build.0 = Release|Any CPU
		{880EE6FD-BCBD-40CF-9ACE-E19235EE3DE5}.Release|x86.ActiveCfg = Release|Any CPU
		{880EE6FD-BCBD-40CF-9ACE-E19235EE3DE5}.Release|x86.Build.0 = Release|Any CPU
		{301DBE67-BF53-4133-AE55-264F6D691B43}.Debug|Any CPU.ActiveCfg = Debug|Any CPU
		{301DBE67-BF53-4133-AE55-264F6D691B43}.Debug|Any CPU.Build.0 = Debug|Any CPU
		{301DBE67-BF53-4133-AE55-264F6D691B43}.Debug|x64.ActiveCfg = Debug|Any CPU
		{301DBE67-BF53-4133-AE55-264F6D691B43}.Debug|x64.Build.0 = Debug|Any CPU
		{301DBE67-BF53-4133-AE55-264F6D691B43}.Debug|x86.ActiveCfg = Debug|Any CPU
		{301DBE67-BF53-4133-AE55-264F6D691B43}.Debug|x86.Build.0 = Debug|Any CPU
		{301DBE67-BF53-4133-AE55-264F6D691B43}.Release|Any CPU.ActiveCfg = Release|Any CPU
		{301DBE67-BF53-4133-AE55-264F6D691B43}.Release|Any CPU.Build.0 = Release|Any CPU
		{301DBE67-BF53-4133-AE55-264F6D691B43}.Release|x64.ActiveCfg = Release|Any CPU
		{301DBE67-BF53-4133-AE55-264F6D691B43}.Release|x64.Build.0 = Release|Any CPU
		{301DBE67-BF53-4133-AE55-264F6D691B43}.Release|x86.ActiveCfg = Release|Any CPU
		{301DBE67-BF53-4133-AE55-264F6D691B43}.Release|x86.Build.0 = Release|Any CPU
		{DF7391A1-E545-4424-B6DA-DCCB1733F3BA}.Debug|Any CPU.ActiveCfg = Debug|Any CPU
		{DF7391A1-E545-4424-B6DA-DCCB1733F3BA}.Debug|Any CPU.Build.0 = Debug|Any CPU
		{DF7391A1-E545-4424-B6DA-DCCB1733F3BA}.Debug|x64.ActiveCfg = Debug|Any CPU
		{DF7391A1-E545-4424-B6DA-DCCB1733F3BA}.Debug|x64.Build.0 = Debug|Any CPU
		{DF7391A1-E545-4424-B6DA-DCCB1733F3BA}.Debug|x86.ActiveCfg = Debug|Any CPU
		{DF7391A1-E545-4424-B6DA-DCCB1733F3BA}.Debug|x86.Build.0 = Debug|Any CPU
		{DF7391A1-E545-4424-B6DA-DCCB1733F3BA}.Release|Any CPU.ActiveCfg = Release|Any CPU
		{DF7391A1-E545-4424-B6DA-DCCB1733F3BA}.Release|Any CPU.Build.0 = Release|Any CPU
		{DF7391A1-E545-4424-B6DA-DCCB1733F3BA}.Release|x64.ActiveCfg = Release|Any CPU
		{DF7391A1-E545-4424-B6DA-DCCB1733F3BA}.Release|x64.Build.0 = Release|Any CPU
		{DF7391A1-E545-4424-B6DA-DCCB1733F3BA}.Release|x86.ActiveCfg = Release|Any CPU
		{DF7391A1-E545-4424-B6DA-DCCB1733F3BA}.Release|x86.Build.0 = Release|Any CPU
		{D5AF1E5F-08BC-4E87-95DE-46DA853A741B}.Debug|Any CPU.ActiveCfg = Debug|Any CPU
		{D5AF1E5F-08BC-4E87-95DE-46DA853A741B}.Debug|Any CPU.Build.0 = Debug|Any CPU
		{D5AF1E5F-08BC-4E87-95DE-46DA853A741B}.Debug|x64.ActiveCfg = Debug|Any CPU
		{D5AF1E5F-08BC-4E87-95DE-46DA853A741B}.Debug|x64.Build.0 = Debug|Any CPU
		{D5AF1E5F-08BC-4E87-95DE-46DA853A741B}.Debug|x86.ActiveCfg = Debug|Any CPU
		{D5AF1E5F-08BC-4E87-95DE-46DA853A741B}.Debug|x86.Build.0 = Debug|Any CPU
		{D5AF1E5F-08BC-4E87-95DE-46DA853A741B}.Release|Any CPU.ActiveCfg = Release|Any CPU
		{D5AF1E5F-08BC-4E87-95DE-46DA853A741B}.Release|Any CPU.Build.0 = Release|Any CPU
		{D5AF1E5F-08BC-4E87-95DE-46DA853A741B}.Release|x64.ActiveCfg = Release|Any CPU
		{D5AF1E5F-08BC-4E87-95DE-46DA853A741B}.Release|x64.Build.0 = Release|Any CPU
		{D5AF1E5F-08BC-4E87-95DE-46DA853A741B}.Release|x86.ActiveCfg = Release|Any CPU
		{D5AF1E5F-08BC-4E87-95DE-46DA853A741B}.Release|x86.Build.0 = Release|Any CPU
		{89DB158D-F249-47BE-A915-E450EAAC4D09}.Debug|Any CPU.ActiveCfg = Debug|Any CPU
		{89DB158D-F249-47BE-A915-E450EAAC4D09}.Debug|Any CPU.Build.0 = Debug|Any CPU
		{89DB158D-F249-47BE-A915-E450EAAC4D09}.Debug|x64.ActiveCfg = Debug|Any CPU
		{89DB158D-F249-47BE-A915-E450EAAC4D09}.Debug|x64.Build.0 = Debug|Any CPU
		{89DB158D-F249-47BE-A915-E450EAAC4D09}.Debug|x86.ActiveCfg = Debug|Any CPU
		{89DB158D-F249-47BE-A915-E450EAAC4D09}.Debug|x86.Build.0 = Debug|Any CPU
		{89DB158D-F249-47BE-A915-E450EAAC4D09}.Release|Any CPU.ActiveCfg = Release|Any CPU
		{89DB158D-F249-47BE-A915-E450EAAC4D09}.Release|Any CPU.Build.0 = Release|Any CPU
		{89DB158D-F249-47BE-A915-E450EAAC4D09}.Release|x64.ActiveCfg = Release|Any CPU
		{89DB158D-F249-47BE-A915-E450EAAC4D09}.Release|x64.Build.0 = Release|Any CPU
		{89DB158D-F249-47BE-A915-E450EAAC4D09}.Release|x86.ActiveCfg = Release|Any CPU
		{89DB158D-F249-47BE-A915-E450EAAC4D09}.Release|x86.Build.0 = Release|Any CPU
		{4203988F-FACB-4FF6-BD9B-48E28C17A743}.Debug|Any CPU.ActiveCfg = Debug|Any CPU
		{4203988F-FACB-4FF6-BD9B-48E28C17A743}.Debug|Any CPU.Build.0 = Debug|Any CPU
		{4203988F-FACB-4FF6-BD9B-48E28C17A743}.Debug|x64.ActiveCfg = Debug|Any CPU
		{4203988F-FACB-4FF6-BD9B-48E28C17A743}.Debug|x64.Build.0 = Debug|Any CPU
		{4203988F-FACB-4FF6-BD9B-48E28C17A743}.Debug|x86.ActiveCfg = Debug|Any CPU
		{4203988F-FACB-4FF6-BD9B-48E28C17A743}.Debug|x86.Build.0 = Debug|Any CPU
		{4203988F-FACB-4FF6-BD9B-48E28C17A743}.Release|Any CPU.ActiveCfg = Release|Any CPU
		{4203988F-FACB-4FF6-BD9B-48E28C17A743}.Release|Any CPU.Build.0 = Release|Any CPU
		{4203988F-FACB-4FF6-BD9B-48E28C17A743}.Release|x64.ActiveCfg = Release|Any CPU
		{4203988F-FACB-4FF6-BD9B-48E28C17A743}.Release|x64.Build.0 = Release|Any CPU
		{4203988F-FACB-4FF6-BD9B-48E28C17A743}.Release|x86.ActiveCfg = Release|Any CPU
		{4203988F-FACB-4FF6-BD9B-48E28C17A743}.Release|x86.Build.0 = Release|Any CPU
		{B66DD7E5-ABC6-4CC0-8301-B679EE615181}.Debug|Any CPU.ActiveCfg = Debug|Any CPU
		{B66DD7E5-ABC6-4CC0-8301-B679EE615181}.Debug|Any CPU.Build.0 = Debug|Any CPU
		{B66DD7E5-ABC6-4CC0-8301-B679EE615181}.Debug|x64.ActiveCfg = Debug|Any CPU
		{B66DD7E5-ABC6-4CC0-8301-B679EE615181}.Debug|x64.Build.0 = Debug|Any CPU
		{B66DD7E5-ABC6-4CC0-8301-B679EE615181}.Debug|x86.ActiveCfg = Debug|Any CPU
		{B66DD7E5-ABC6-4CC0-8301-B679EE615181}.Debug|x86.Build.0 = Debug|Any CPU
		{B66DD7E5-ABC6-4CC0-8301-B679EE615181}.Release|Any CPU.ActiveCfg = Release|Any CPU
		{B66DD7E5-ABC6-4CC0-8301-B679EE615181}.Release|Any CPU.Build.0 = Release|Any CPU
		{B66DD7E5-ABC6-4CC0-8301-B679EE615181}.Release|x64.ActiveCfg = Release|Any CPU
		{B66DD7E5-ABC6-4CC0-8301-B679EE615181}.Release|x64.Build.0 = Release|Any CPU
		{B66DD7E5-ABC6-4CC0-8301-B679EE615181}.Release|x86.ActiveCfg = Release|Any CPU
		{B66DD7E5-ABC6-4CC0-8301-B679EE615181}.Release|x86.Build.0 = Release|Any CPU
		{FD085DC7-B105-4565-BB46-737142580E84}.Debug|Any CPU.ActiveCfg = Debug|Any CPU
		{FD085DC7-B105-4565-BB46-737142580E84}.Debug|Any CPU.Build.0 = Debug|Any CPU
		{FD085DC7-B105-4565-BB46-737142580E84}.Debug|x64.ActiveCfg = Debug|Any CPU
		{FD085DC7-B105-4565-BB46-737142580E84}.Debug|x64.Build.0 = Debug|Any CPU
		{FD085DC7-B105-4565-BB46-737142580E84}.Debug|x86.ActiveCfg = Debug|Any CPU
		{FD085DC7-B105-4565-BB46-737142580E84}.Debug|x86.Build.0 = Debug|Any CPU
		{FD085DC7-B105-4565-BB46-737142580E84}.Release|Any CPU.ActiveCfg = Release|Any CPU
		{FD085DC7-B105-4565-BB46-737142580E84}.Release|Any CPU.Build.0 = Release|Any CPU
		{FD085DC7-B105-4565-BB46-737142580E84}.Release|x64.ActiveCfg = Release|Any CPU
		{FD085DC7-B105-4565-BB46-737142580E84}.Release|x64.Build.0 = Release|Any CPU
		{FD085DC7-B105-4565-BB46-737142580E84}.Release|x86.ActiveCfg = Release|Any CPU
		{FD085DC7-B105-4565-BB46-737142580E84}.Release|x86.Build.0 = Release|Any CPU
		{61588177-BDD7-4E18-B383-30FB7479ECE8}.Debug|Any CPU.ActiveCfg = Debug|Any CPU
		{61588177-BDD7-4E18-B383-30FB7479ECE8}.Debug|Any CPU.Build.0 = Debug|Any CPU
		{61588177-BDD7-4E18-B383-30FB7479ECE8}.Debug|x64.ActiveCfg = Debug|Any CPU
		{61588177-BDD7-4E18-B383-30FB7479ECE8}.Debug|x64.Build.0 = Debug|Any CPU
		{61588177-BDD7-4E18-B383-30FB7479ECE8}.Debug|x86.ActiveCfg = Debug|Any CPU
		{61588177-BDD7-4E18-B383-30FB7479ECE8}.Debug|x86.Build.0 = Debug|Any CPU
		{61588177-BDD7-4E18-B383-30FB7479ECE8}.Release|Any CPU.ActiveCfg = Release|Any CPU
		{61588177-BDD7-4E18-B383-30FB7479ECE8}.Release|Any CPU.Build.0 = Release|Any CPU
		{61588177-BDD7-4E18-B383-30FB7479ECE8}.Release|x64.ActiveCfg = Release|Any CPU
		{61588177-BDD7-4E18-B383-30FB7479ECE8}.Release|x64.Build.0 = Release|Any CPU
		{61588177-BDD7-4E18-B383-30FB7479ECE8}.Release|x86.ActiveCfg = Release|Any CPU
		{61588177-BDD7-4E18-B383-30FB7479ECE8}.Release|x86.Build.0 = Release|Any CPU
		{1D892ACB-0610-4782-BED2-914D46F5E8AA}.Debug|Any CPU.ActiveCfg = Debug|Any CPU
		{1D892ACB-0610-4782-BED2-914D46F5E8AA}.Debug|Any CPU.Build.0 = Debug|Any CPU
		{1D892ACB-0610-4782-BED2-914D46F5E8AA}.Debug|x64.ActiveCfg = Debug|Any CPU
		{1D892ACB-0610-4782-BED2-914D46F5E8AA}.Debug|x64.Build.0 = Debug|Any CPU
		{1D892ACB-0610-4782-BED2-914D46F5E8AA}.Debug|x86.ActiveCfg = Debug|Any CPU
		{1D892ACB-0610-4782-BED2-914D46F5E8AA}.Debug|x86.Build.0 = Debug|Any CPU
		{1D892ACB-0610-4782-BED2-914D46F5E8AA}.Release|Any CPU.ActiveCfg = Release|Any CPU
		{1D892ACB-0610-4782-BED2-914D46F5E8AA}.Release|Any CPU.Build.0 = Release|Any CPU
		{1D892ACB-0610-4782-BED2-914D46F5E8AA}.Release|x64.ActiveCfg = Release|Any CPU
		{1D892ACB-0610-4782-BED2-914D46F5E8AA}.Release|x64.Build.0 = Release|Any CPU
		{1D892ACB-0610-4782-BED2-914D46F5E8AA}.Release|x86.ActiveCfg = Release|Any CPU
		{1D892ACB-0610-4782-BED2-914D46F5E8AA}.Release|x86.Build.0 = Release|Any CPU
		{3E31B066-97BE-4DB7-9A86-E3E9BA9E82BA}.Debug|Any CPU.ActiveCfg = Debug|Any CPU
		{3E31B066-97BE-4DB7-9A86-E3E9BA9E82BA}.Debug|Any CPU.Build.0 = Debug|Any CPU
		{3E31B066-97BE-4DB7-9A86-E3E9BA9E82BA}.Debug|x64.ActiveCfg = Debug|Any CPU
		{3E31B066-97BE-4DB7-9A86-E3E9BA9E82BA}.Debug|x64.Build.0 = Debug|Any CPU
		{3E31B066-97BE-4DB7-9A86-E3E9BA9E82BA}.Debug|x86.ActiveCfg = Debug|Any CPU
		{3E31B066-97BE-4DB7-9A86-E3E9BA9E82BA}.Debug|x86.Build.0 = Debug|Any CPU
		{3E31B066-97BE-4DB7-9A86-E3E9BA9E82BA}.Release|Any CPU.ActiveCfg = Release|Any CPU
		{3E31B066-97BE-4DB7-9A86-E3E9BA9E82BA}.Release|Any CPU.Build.0 = Release|Any CPU
		{3E31B066-97BE-4DB7-9A86-E3E9BA9E82BA}.Release|x64.ActiveCfg = Release|Any CPU
		{3E31B066-97BE-4DB7-9A86-E3E9BA9E82BA}.Release|x64.Build.0 = Release|Any CPU
		{3E31B066-97BE-4DB7-9A86-E3E9BA9E82BA}.Release|x86.ActiveCfg = Release|Any CPU
		{3E31B066-97BE-4DB7-9A86-E3E9BA9E82BA}.Release|x86.Build.0 = Release|Any CPU
		{E3246753-9471-4E17-9961-AD93508349FF}.Debug|Any CPU.ActiveCfg = Debug|Any CPU
		{E3246753-9471-4E17-9961-AD93508349FF}.Debug|Any CPU.Build.0 = Debug|Any CPU
		{E3246753-9471-4E17-9961-AD93508349FF}.Debug|x64.ActiveCfg = Debug|Any CPU
		{E3246753-9471-4E17-9961-AD93508349FF}.Debug|x64.Build.0 = Debug|Any CPU
		{E3246753-9471-4E17-9961-AD93508349FF}.Debug|x86.ActiveCfg = Debug|Any CPU
		{E3246753-9471-4E17-9961-AD93508349FF}.Debug|x86.Build.0 = Debug|Any CPU
		{E3246753-9471-4E17-9961-AD93508349FF}.Release|Any CPU.ActiveCfg = Release|Any CPU
		{E3246753-9471-4E17-9961-AD93508349FF}.Release|Any CPU.Build.0 = Release|Any CPU
		{E3246753-9471-4E17-9961-AD93508349FF}.Release|x64.ActiveCfg = Release|Any CPU
		{E3246753-9471-4E17-9961-AD93508349FF}.Release|x64.Build.0 = Release|Any CPU
		{E3246753-9471-4E17-9961-AD93508349FF}.Release|x86.ActiveCfg = Release|Any CPU
		{E3246753-9471-4E17-9961-AD93508349FF}.Release|x86.Build.0 = Release|Any CPU
		{3AC68ADE-ADF5-4706-85F6-5FE020C34DCC}.Debug|Any CPU.ActiveCfg = Debug|Any CPU
		{3AC68ADE-ADF5-4706-85F6-5FE020C34DCC}.Debug|Any CPU.Build.0 = Debug|Any CPU
		{3AC68ADE-ADF5-4706-85F6-5FE020C34DCC}.Debug|x64.ActiveCfg = Debug|Any CPU
		{3AC68ADE-ADF5-4706-85F6-5FE020C34DCC}.Debug|x64.Build.0 = Debug|Any CPU
		{3AC68ADE-ADF5-4706-85F6-5FE020C34DCC}.Debug|x86.ActiveCfg = Debug|Any CPU
		{3AC68ADE-ADF5-4706-85F6-5FE020C34DCC}.Debug|x86.Build.0 = Debug|Any CPU
		{3AC68ADE-ADF5-4706-85F6-5FE020C34DCC}.Release|Any CPU.ActiveCfg = Release|Any CPU
		{3AC68ADE-ADF5-4706-85F6-5FE020C34DCC}.Release|Any CPU.Build.0 = Release|Any CPU
		{3AC68ADE-ADF5-4706-85F6-5FE020C34DCC}.Release|x64.ActiveCfg = Release|Any CPU
		{3AC68ADE-ADF5-4706-85F6-5FE020C34DCC}.Release|x64.Build.0 = Release|Any CPU
		{3AC68ADE-ADF5-4706-85F6-5FE020C34DCC}.Release|x86.ActiveCfg = Release|Any CPU
		{3AC68ADE-ADF5-4706-85F6-5FE020C34DCC}.Release|x86.Build.0 = Release|Any CPU
		{BDFE4F86-AB46-4841-80C6-1D57C6C1925B}.Debug|Any CPU.ActiveCfg = Debug|Any CPU
		{BDFE4F86-AB46-4841-80C6-1D57C6C1925B}.Debug|Any CPU.Build.0 = Debug|Any CPU
		{BDFE4F86-AB46-4841-80C6-1D57C6C1925B}.Debug|x64.ActiveCfg = Debug|Any CPU
		{BDFE4F86-AB46-4841-80C6-1D57C6C1925B}.Debug|x64.Build.0 = Debug|Any CPU
		{BDFE4F86-AB46-4841-80C6-1D57C6C1925B}.Debug|x86.ActiveCfg = Debug|Any CPU
		{BDFE4F86-AB46-4841-80C6-1D57C6C1925B}.Debug|x86.Build.0 = Debug|Any CPU
		{BDFE4F86-AB46-4841-80C6-1D57C6C1925B}.Release|Any CPU.ActiveCfg = Release|Any CPU
		{BDFE4F86-AB46-4841-80C6-1D57C6C1925B}.Release|Any CPU.Build.0 = Release|Any CPU
		{BDFE4F86-AB46-4841-80C6-1D57C6C1925B}.Release|x64.ActiveCfg = Release|Any CPU
		{BDFE4F86-AB46-4841-80C6-1D57C6C1925B}.Release|x64.Build.0 = Release|Any CPU
		{BDFE4F86-AB46-4841-80C6-1D57C6C1925B}.Release|x86.ActiveCfg = Release|Any CPU
		{BDFE4F86-AB46-4841-80C6-1D57C6C1925B}.Release|x86.Build.0 = Release|Any CPU
		{4F36B4E3-7ABA-45AE-8A61-55995B17ABEC}.Debug|Any CPU.ActiveCfg = Debug|Any CPU
		{4F36B4E3-7ABA-45AE-8A61-55995B17ABEC}.Debug|Any CPU.Build.0 = Debug|Any CPU
		{4F36B4E3-7ABA-45AE-8A61-55995B17ABEC}.Debug|x64.ActiveCfg = Debug|Any CPU
		{4F36B4E3-7ABA-45AE-8A61-55995B17ABEC}.Debug|x64.Build.0 = Debug|Any CPU
		{4F36B4E3-7ABA-45AE-8A61-55995B17ABEC}.Debug|x86.ActiveCfg = Debug|Any CPU
		{4F36B4E3-7ABA-45AE-8A61-55995B17ABEC}.Debug|x86.Build.0 = Debug|Any CPU
		{4F36B4E3-7ABA-45AE-8A61-55995B17ABEC}.Release|Any CPU.ActiveCfg = Release|Any CPU
		{4F36B4E3-7ABA-45AE-8A61-55995B17ABEC}.Release|Any CPU.Build.0 = Release|Any CPU
		{4F36B4E3-7ABA-45AE-8A61-55995B17ABEC}.Release|x64.ActiveCfg = Release|Any CPU
		{4F36B4E3-7ABA-45AE-8A61-55995B17ABEC}.Release|x64.Build.0 = Release|Any CPU
		{4F36B4E3-7ABA-45AE-8A61-55995B17ABEC}.Release|x86.ActiveCfg = Release|Any CPU
		{4F36B4E3-7ABA-45AE-8A61-55995B17ABEC}.Release|x86.Build.0 = Release|Any CPU
		{86CA7628-DA06-4024-818C-85013C3F3476}.Debug|Any CPU.ActiveCfg = Debug|Any CPU
		{86CA7628-DA06-4024-818C-85013C3F3476}.Debug|Any CPU.Build.0 = Debug|Any CPU
		{86CA7628-DA06-4024-818C-85013C3F3476}.Debug|x64.ActiveCfg = Debug|Any CPU
		{86CA7628-DA06-4024-818C-85013C3F3476}.Debug|x64.Build.0 = Debug|Any CPU
		{86CA7628-DA06-4024-818C-85013C3F3476}.Debug|x86.ActiveCfg = Debug|Any CPU
		{86CA7628-DA06-4024-818C-85013C3F3476}.Debug|x86.Build.0 = Debug|Any CPU
		{86CA7628-DA06-4024-818C-85013C3F3476}.Release|Any CPU.ActiveCfg = Release|Any CPU
		{86CA7628-DA06-4024-818C-85013C3F3476}.Release|Any CPU.Build.0 = Release|Any CPU
		{86CA7628-DA06-4024-818C-85013C3F3476}.Release|x64.ActiveCfg = Release|Any CPU
		{86CA7628-DA06-4024-818C-85013C3F3476}.Release|x64.Build.0 = Release|Any CPU
		{86CA7628-DA06-4024-818C-85013C3F3476}.Release|x86.ActiveCfg = Release|Any CPU
		{86CA7628-DA06-4024-818C-85013C3F3476}.Release|x86.Build.0 = Release|Any CPU
		{D5FE3F5C-CBA0-4087-9EED-3F2BE2DAC96E}.Debug|Any CPU.ActiveCfg = Debug|Any CPU
		{D5FE3F5C-CBA0-4087-9EED-3F2BE2DAC96E}.Debug|Any CPU.Build.0 = Debug|Any CPU
		{D5FE3F5C-CBA0-4087-9EED-3F2BE2DAC96E}.Debug|x64.ActiveCfg = Debug|Any CPU
		{D5FE3F5C-CBA0-4087-9EED-3F2BE2DAC96E}.Debug|x64.Build.0 = Debug|Any CPU
		{D5FE3F5C-CBA0-4087-9EED-3F2BE2DAC96E}.Debug|x86.ActiveCfg = Debug|Any CPU
		{D5FE3F5C-CBA0-4087-9EED-3F2BE2DAC96E}.Debug|x86.Build.0 = Debug|Any CPU
		{D5FE3F5C-CBA0-4087-9EED-3F2BE2DAC96E}.Release|Any CPU.ActiveCfg = Release|Any CPU
		{D5FE3F5C-CBA0-4087-9EED-3F2BE2DAC96E}.Release|Any CPU.Build.0 = Release|Any CPU
		{D5FE3F5C-CBA0-4087-9EED-3F2BE2DAC96E}.Release|x64.ActiveCfg = Release|Any CPU
		{D5FE3F5C-CBA0-4087-9EED-3F2BE2DAC96E}.Release|x64.Build.0 = Release|Any CPU
		{D5FE3F5C-CBA0-4087-9EED-3F2BE2DAC96E}.Release|x86.ActiveCfg = Release|Any CPU
		{D5FE3F5C-CBA0-4087-9EED-3F2BE2DAC96E}.Release|x86.Build.0 = Release|Any CPU
		{0168E0FC-10EB-481C-82DC-202910075664}.Debug|Any CPU.ActiveCfg = Debug|Any CPU
		{0168E0FC-10EB-481C-82DC-202910075664}.Debug|Any CPU.Build.0 = Debug|Any CPU
		{0168E0FC-10EB-481C-82DC-202910075664}.Debug|x64.ActiveCfg = Debug|Any CPU
		{0168E0FC-10EB-481C-82DC-202910075664}.Debug|x64.Build.0 = Debug|Any CPU
		{0168E0FC-10EB-481C-82DC-202910075664}.Debug|x86.ActiveCfg = Debug|Any CPU
		{0168E0FC-10EB-481C-82DC-202910075664}.Debug|x86.Build.0 = Debug|Any CPU
		{0168E0FC-10EB-481C-82DC-202910075664}.Release|Any CPU.ActiveCfg = Release|Any CPU
		{0168E0FC-10EB-481C-82DC-202910075664}.Release|Any CPU.Build.0 = Release|Any CPU
		{0168E0FC-10EB-481C-82DC-202910075664}.Release|x64.ActiveCfg = Release|Any CPU
		{0168E0FC-10EB-481C-82DC-202910075664}.Release|x64.Build.0 = Release|Any CPU
		{0168E0FC-10EB-481C-82DC-202910075664}.Release|x86.ActiveCfg = Release|Any CPU
		{0168E0FC-10EB-481C-82DC-202910075664}.Release|x86.Build.0 = Release|Any CPU
		{387C41EC-6649-4122-8E44-BFE6EE161958}.Debug|Any CPU.ActiveCfg = Debug|Any CPU
		{387C41EC-6649-4122-8E44-BFE6EE161958}.Debug|Any CPU.Build.0 = Debug|Any CPU
		{387C41EC-6649-4122-8E44-BFE6EE161958}.Debug|x64.ActiveCfg = Debug|Any CPU
		{387C41EC-6649-4122-8E44-BFE6EE161958}.Debug|x64.Build.0 = Debug|Any CPU
		{387C41EC-6649-4122-8E44-BFE6EE161958}.Debug|x86.ActiveCfg = Debug|Any CPU
		{387C41EC-6649-4122-8E44-BFE6EE161958}.Debug|x86.Build.0 = Debug|Any CPU
		{387C41EC-6649-4122-8E44-BFE6EE161958}.Release|Any CPU.ActiveCfg = Release|Any CPU
		{387C41EC-6649-4122-8E44-BFE6EE161958}.Release|Any CPU.Build.0 = Release|Any CPU
		{387C41EC-6649-4122-8E44-BFE6EE161958}.Release|x64.ActiveCfg = Release|Any CPU
		{387C41EC-6649-4122-8E44-BFE6EE161958}.Release|x64.Build.0 = Release|Any CPU
		{387C41EC-6649-4122-8E44-BFE6EE161958}.Release|x86.ActiveCfg = Release|Any CPU
		{387C41EC-6649-4122-8E44-BFE6EE161958}.Release|x86.Build.0 = Release|Any CPU
		{2BC3A41F-E746-491F-9C83-83EFA8378F68}.Debug|Any CPU.ActiveCfg = Debug|Any CPU
		{2BC3A41F-E746-491F-9C83-83EFA8378F68}.Debug|Any CPU.Build.0 = Debug|Any CPU
		{2BC3A41F-E746-491F-9C83-83EFA8378F68}.Debug|x64.ActiveCfg = Debug|Any CPU
		{2BC3A41F-E746-491F-9C83-83EFA8378F68}.Debug|x64.Build.0 = Debug|Any CPU
		{2BC3A41F-E746-491F-9C83-83EFA8378F68}.Debug|x86.ActiveCfg = Debug|Any CPU
		{2BC3A41F-E746-491F-9C83-83EFA8378F68}.Debug|x86.Build.0 = Debug|Any CPU
		{2BC3A41F-E746-491F-9C83-83EFA8378F68}.Release|Any CPU.ActiveCfg = Release|Any CPU
		{2BC3A41F-E746-491F-9C83-83EFA8378F68}.Release|Any CPU.Build.0 = Release|Any CPU
		{2BC3A41F-E746-491F-9C83-83EFA8378F68}.Release|x64.ActiveCfg = Release|Any CPU
		{2BC3A41F-E746-491F-9C83-83EFA8378F68}.Release|x64.Build.0 = Release|Any CPU
		{2BC3A41F-E746-491F-9C83-83EFA8378F68}.Release|x86.ActiveCfg = Release|Any CPU
		{2BC3A41F-E746-491F-9C83-83EFA8378F68}.Release|x86.Build.0 = Release|Any CPU
		{8A57F976-5937-42CD-83A6-32CAD94F7621}.Debug|Any CPU.ActiveCfg = Debug|Any CPU
		{8A57F976-5937-42CD-83A6-32CAD94F7621}.Debug|Any CPU.Build.0 = Debug|Any CPU
		{8A57F976-5937-42CD-83A6-32CAD94F7621}.Debug|x64.ActiveCfg = Debug|Any CPU
		{8A57F976-5937-42CD-83A6-32CAD94F7621}.Debug|x64.Build.0 = Debug|Any CPU
		{8A57F976-5937-42CD-83A6-32CAD94F7621}.Debug|x86.ActiveCfg = Debug|Any CPU
		{8A57F976-5937-42CD-83A6-32CAD94F7621}.Debug|x86.Build.0 = Debug|Any CPU
		{8A57F976-5937-42CD-83A6-32CAD94F7621}.Release|Any CPU.ActiveCfg = Release|Any CPU
		{8A57F976-5937-42CD-83A6-32CAD94F7621}.Release|Any CPU.Build.0 = Release|Any CPU
		{8A57F976-5937-42CD-83A6-32CAD94F7621}.Release|x64.ActiveCfg = Release|Any CPU
		{8A57F976-5937-42CD-83A6-32CAD94F7621}.Release|x64.Build.0 = Release|Any CPU
		{8A57F976-5937-42CD-83A6-32CAD94F7621}.Release|x86.ActiveCfg = Release|Any CPU
		{8A57F976-5937-42CD-83A6-32CAD94F7621}.Release|x86.Build.0 = Release|Any CPU
		{A92B19E7-478C-4083-9FF1-DA0E14DDE74A}.Debug|Any CPU.ActiveCfg = Debug|Any CPU
		{A92B19E7-478C-4083-9FF1-DA0E14DDE74A}.Debug|Any CPU.Build.0 = Debug|Any CPU
		{A92B19E7-478C-4083-9FF1-DA0E14DDE74A}.Debug|x64.ActiveCfg = Debug|Any CPU
		{A92B19E7-478C-4083-9FF1-DA0E14DDE74A}.Debug|x64.Build.0 = Debug|Any CPU
		{A92B19E7-478C-4083-9FF1-DA0E14DDE74A}.Debug|x86.ActiveCfg = Debug|Any CPU
		{A92B19E7-478C-4083-9FF1-DA0E14DDE74A}.Debug|x86.Build.0 = Debug|Any CPU
		{A92B19E7-478C-4083-9FF1-DA0E14DDE74A}.Release|Any CPU.ActiveCfg = Release|Any CPU
		{A92B19E7-478C-4083-9FF1-DA0E14DDE74A}.Release|Any CPU.Build.0 = Release|Any CPU
		{A92B19E7-478C-4083-9FF1-DA0E14DDE74A}.Release|x64.ActiveCfg = Release|Any CPU
		{A92B19E7-478C-4083-9FF1-DA0E14DDE74A}.Release|x64.Build.0 = Release|Any CPU
		{A92B19E7-478C-4083-9FF1-DA0E14DDE74A}.Release|x86.ActiveCfg = Release|Any CPU
		{A92B19E7-478C-4083-9FF1-DA0E14DDE74A}.Release|x86.Build.0 = Release|Any CPU
	EndGlobalSection
	GlobalSection(SolutionProperties) = preSolution
		HideSolutionNode = FALSE
	EndGlobalSection
	GlobalSection(NestedProjects) = preSolution
		{3DC428D1-DB41-4CD7-A121-774C65549C0A} = {827E0CD3-B72D-47B6-A68D-7590B98EB39B}
		{5D630EBB-E671-4688-9F60-5CA6EF53D65D} = {0AB3BF05-4346-4AA6-1389-037BE0695223}
		{5F7F05A9-4DA0-423A-BFE2-05DD14134C45} = {827E0CD3-B72D-47B6-A68D-7590B98EB39B}
		{880EE6FD-BCBD-40CF-9ACE-E19235EE3DE5} = {0AB3BF05-4346-4AA6-1389-037BE0695223}
		{301DBE67-BF53-4133-AE55-264F6D691B43} = {827E0CD3-B72D-47B6-A68D-7590B98EB39B}
		{DF7391A1-E545-4424-B6DA-DCCB1733F3BA} = {0AB3BF05-4346-4AA6-1389-037BE0695223}
		{D5AF1E5F-08BC-4E87-95DE-46DA853A741B} = {827E0CD3-B72D-47B6-A68D-7590B98EB39B}
		{89DB158D-F249-47BE-A915-E450EAAC4D09} = {0AB3BF05-4346-4AA6-1389-037BE0695223}
		{4203988F-FACB-4FF6-BD9B-48E28C17A743} = {827E0CD3-B72D-47B6-A68D-7590B98EB39B}
		{B66DD7E5-ABC6-4CC0-8301-B679EE615181} = {0AB3BF05-4346-4AA6-1389-037BE0695223}
		{FD085DC7-B105-4565-BB46-737142580E84} = {827E0CD3-B72D-47B6-A68D-7590B98EB39B}
		{61588177-BDD7-4E18-B383-30FB7479ECE8} = {827E0CD3-B72D-47B6-A68D-7590B98EB39B}
		{1D892ACB-0610-4782-BED2-914D46F5E8AA} = {827E0CD3-B72D-47B6-A68D-7590B98EB39B}
		{3E31B066-97BE-4DB7-9A86-E3E9BA9E82BA} = {827E0CD3-B72D-47B6-A68D-7590B98EB39B}
		{E3246753-9471-4E17-9961-AD93508349FF} = {827E0CD3-B72D-47B6-A68D-7590B98EB39B}
		{3AC68ADE-ADF5-4706-85F6-5FE020C34DCC} = {827E0CD3-B72D-47B6-A68D-7590B98EB39B}
		{BDFE4F86-AB46-4841-80C6-1D57C6C1925B} = {827E0CD3-B72D-47B6-A68D-7590B98EB39B}
		{4F36B4E3-7ABA-45AE-8A61-55995B17ABEC} = {827E0CD3-B72D-47B6-A68D-7590B98EB39B}
		{86CA7628-DA06-4024-818C-85013C3F3476} = {827E0CD3-B72D-47B6-A68D-7590B98EB39B}
		{D5FE3F5C-CBA0-4087-9EED-3F2BE2DAC96E} = {827E0CD3-B72D-47B6-A68D-7590B98EB39B}
		{0168E0FC-10EB-481C-82DC-202910075664} = {827E0CD3-B72D-47B6-A68D-7590B98EB39B}
		{387C41EC-6649-4122-8E44-BFE6EE161958} = {827E0CD3-B72D-47B6-A68D-7590B98EB39B}
		{2BC3A41F-E746-491F-9C83-83EFA8378F68} = {5D20AA90-6969-D8BD-9DCD-8634F4692FDA}
		{8A57F976-5937-42CD-83A6-32CAD94F7621} = {5D20AA90-6969-D8BD-9DCD-8634F4692FDA}
		{A92B19E7-478C-4083-9FF1-DA0E14DDE74A} = {5D20AA90-6969-D8BD-9DCD-8634F4692FDA}
	EndGlobalSection
EndGlobal
