
Microsoft Visual Studio Solution File, Format Version 12.00
# Visual Studio Version 17
VisualStudioVersion = 17.0.31903.59
MinimumVisualStudioVersion = 10.0.40219.1
Project("{2150E333-8FDC-42A3-9474-1A3956D46DE8}") = "src", "src", "{827E0CD3-B72D-47B6-A68D-7590B98EB39B}"
EndProject
Project("{FAE04EC0-301F-11D3-BF4B-00C04F79EFBC}") = "DotNetAgents.A2A.Client", "src\DotNetAgents.A2A.Client\DotNetAgents.A2A.Client.csproj", "{218D4944-43DC-4269-9F13-CFC642DC6042}"
EndProject
Project("{FAE04EC0-301F-11D3-BF4B-00C04F79EFBC}") = "DotNetAgents.A2A", "src\DotNetAgents.A2A\DotNetAgents.A2A.csproj", "{7D283D80-07F3-4076-B28E-8BF45614F2AF}"
EndProject
Project("{FAE04EC0-301F-11D3-BF4B-00C04F79EFBC}") = "DotNetAgents.A2A.Server", "src\DotNetAgents.A2A.Server\DotNetAgents.A2A.Server.csproj", "{BEF2602B-F0AC-44F0-B543-E5FA263BD03E}"
EndProject
Project("{FAE04EC0-301F-11D3-BF4B-00C04F79EFBC}") = "DotNetAgents.Mcp.Server", "src\DotNetAgents.Mcp.Server\DotNetAgents.Mcp.Server.csproj", "{2E9365E9-79F8-4F2A-AE39-89F05458AFE0}"
EndProject
Project("{FAE04EC0-301F-11D3-BF4B-00C04F79EFBC}") = "DotNetAgents.Mcp", "src\DotNetAgents.Mcp\DotNetAgents.Mcp.csproj", "{3467530E-D65D-426D-A232-9CE88BD2154E}"
EndProject
Project("{FAE04EC0-301F-11D3-BF4B-00C04F79EFBC}") = "DotNetAgents.Core", "src\DotNetAgents.Core\DotNetAgents.Core.csproj", "{462E315A-2664-44A1-ABDF-3741290B6BE9}"
EndProject
Project("{FAE04EC0-301F-11D3-BF4B-00C04F79EFBC}") = "DotNetAgents.Abstractions", "src\DotNetAgents.Abstractions\DotNetAgents.Abstractions.csproj", "{336CD26F-E940-4597-80F7-E1953311A30F}"
EndProject
Project("{FAE04EC0-301F-11D3-BF4B-00C04F79EFBC}") = "DotNetAgents.Ecosystem", "src\DotNetAgents.Ecosystem\DotNetAgents.Ecosystem.csproj", "{DC62259E-C041-42FA-8C12-1F6DB817F240}"
EndProject
Project("{FAE04EC0-301F-11D3-BF4B-00C04F79EFBC}") = "DotNetAgents.Mcp.Auth", "src\DotNetAgents.Mcp.Auth\DotNetAgents.Mcp.Auth.csproj", "{1A39E107-4343-42D4-B511-0AA41D4429A9}"
EndProject
Project("{FAE04EC0-301F-11D3-BF4B-00C04F79EFBC}") = "DotNetAgents.AgentFramework", "src\DotNetAgents.AgentFramework\DotNetAgents.AgentFramework.csproj", "{CBD35D0F-BBC9-40D0-A2F7-05C4198ECC17}"
EndProject
Project("{FAE04EC0-301F-11D3-BF4B-00C04F79EFBC}") = "DotNetAgents.AgenticRAG", "src\DotNetAgents.AgenticRAG\DotNetAgents.AgenticRAG.csproj", "{82817BD0-84ED-4BF9-BABD-1A0467DDA186}"
EndProject
Project("{FAE04EC0-301F-11D3-BF4B-00C04F79EFBC}") = "DotNetAgents.Agents.BehaviorTrees", "src\DotNetAgents.Agents.BehaviorTrees\DotNetAgents.Agents.BehaviorTrees.csproj", "{AE0041CC-5780-41CB-A0B9-E5EF02C8D949}"
EndProject
Project("{FAE04EC0-301F-11D3-BF4B-00C04F79EFBC}") = "DotNetAgents.Agents.Registry", "src\DotNetAgents.Agents.Registry\DotNetAgents.Agents.Registry.csproj", "{1AFE6F5C-8F43-44CE-AE47-087F6A448CC3}"
EndProject
Project("{FAE04EC0-301F-11D3-BF4B-00C04F79EFBC}") = "DotNetAgents.Agents.StateMachines", "src\DotNetAgents.Agents.StateMachines\DotNetAgents.Agents.StateMachines.csproj", "{EE80BFD5-8BD9-4CF9-8027-354F83FCEFF2}"
EndProject
Project("{FAE04EC0-301F-11D3-BF4B-00C04F79EFBC}") = "DotNetAgents.Agents.Messaging", "src\DotNetAgents.Agents.Messaging\DotNetAgents.Agents.Messaging.csproj", "{39165751-20D9-48A6-BA85-8FD3871E4E8D}"
EndProject
Project("{FAE04EC0-301F-11D3-BF4B-00C04F79EFBC}") = "DotNetAgents.Agents.WorkerPool", "src\DotNetAgents.Agents.WorkerPool\DotNetAgents.Agents.WorkerPool.csproj", "{EDF176B9-68C4-4DD9-8EC4-310C2AD7692F}"
EndProject
Project("{FAE04EC0-301F-11D3-BF4B-00C04F79EFBC}") = "DotNetAgents.Agents.Tasks", "src\DotNetAgents.Agents.Tasks\DotNetAgents.Agents.Tasks.csproj", "{C6221E05-11E7-4A27-847A-79040EDC84BD}"
EndProject
Project("{FAE04EC0-301F-11D3-BF4B-00C04F79EFBC}") = "DotNetAgents.Observability", "src\DotNetAgents.Observability\DotNetAgents.Observability.csproj", "{389E3E6A-62BB-42E3-99DA-F4C476991975}"
EndProject
Project("{FAE04EC0-301F-11D3-BF4B-00C04F79EFBC}") = "DotNetAgents.Workflow", "src\DotNetAgents.Workflow\DotNetAgents.Workflow.csproj", "{A4AC4B3E-F7FF-446C-A4DF-61A3FDC0DC9B}"
EndProject
Project("{FAE04EC0-301F-11D3-BF4B-00C04F79EFBC}") = "DotNetAgents.Agents.ControlLoops", "src\DotNetAgents.Agents.ControlLoops\DotNetAgents.Agents.ControlLoops.csproj", "{14D88A0E-5A8F-4235-A077-AE5B03EE1792}"
EndProject
Project("{FAE04EC0-301F-11D3-BF4B-00C04F79EFBC}") = "DotNetAgents.Agents.Hierarchical", "src\DotNetAgents.Agents.Hierarchical\DotNetAgents.Agents.Hierarchical.csproj", "{B57BACAA-C762-4CC4-AF1C-91F9261AD335}"
EndProject
Project("{FAE04EC0-301F-11D3-BF4B-00C04F79EFBC}") = "DotNetAgents.Agents.IntentProjector", "src\DotNetAgents.Agents.IntentProjector\DotNetAgents.Agents.IntentProjector.csproj", "{673A4B75-4418-4F0B-88A9-5A7C0E88FB1D}"
EndProject
Project("{FAE04EC0-301F-11D3-BF4B-00C04F79EFBC}") = "DotNetAgents.Agents.LaneProfile", "src\DotNetAgents.Agents.LaneProfile\DotNetAgents.Agents.LaneProfile.csproj", "{43B5DE4D-C8F6-4A0A-B9AC-73EEAA83D49B}"
EndProject
Project("{FAE04EC0-301F-11D3-BF4B-00C04F79EFBC}") = "DotNetAgents.Agents.Marketplace", "src\DotNetAgents.Agents.Marketplace\DotNetAgents.Agents.Marketplace.csproj", "{E4188557-5696-4CCC-98AB-890EB52E2E7C}"
EndProject
Project("{FAE04EC0-301F-11D3-BF4B-00C04F79EFBC}") = "DotNetAgents.Agents.Supervisor.BehaviorTrees", "src\DotNetAgents.Agents.Supervisor.BehaviorTrees\DotNetAgents.Agents.Supervisor.BehaviorTrees.csproj", "{9D11C9CB-848E-47C3-B65A-1C9067D657B2}"
EndProject
Project("{FAE04EC0-301F-11D3-BF4B-00C04F79EFBC}") = "DotNetAgents.Agents.Supervisor", "src\DotNetAgents.Agents.Supervisor\DotNetAgents.Agents.Supervisor.csproj", "{CF254921-5D54-4012-824A-9DCBAC671547}"
EndProject
Project("{FAE04EC0-301F-11D3-BF4B-00C04F79EFBC}") = "DotNetAgents.Agents.Swarm", "src\DotNetAgents.Agents.Swarm\DotNetAgents.Agents.Swarm.csproj", "{EC5DC1C1-750C-418A-A982-F89E44496068}"
EndProject
Project("{FAE04EC0-301F-11D3-BF4B-00C04F79EFBC}") = "DotNetAgents.Analyzers", "src\DotNetAgents.Analyzers\DotNetAgents.Analyzers.csproj", "{9BC701DC-69E4-4757-8412-002A8A463A5A}"
EndProject
Project("{FAE04EC0-301F-11D3-BF4B-00C04F79EFBC}") = "DotNetAgents.CLI", "src\DotNetAgents.CLI\DotNetAgents.CLI.csproj", "{221E1E77-79A2-4EF2-88AD-8295556CE23E}"
EndProject
Project("{FAE04EC0-301F-11D3-BF4B-00C04F79EFBC}") = "DotNetAgents.Channels", "src\DotNetAgents.Channels\DotNetAgents.Channels.csproj", "{CE459533-5B13-422A-97D6-54E24E49DD41}"
EndProject
Project("{FAE04EC0-301F-11D3-BF4B-00C04F79EFBC}") = "DotNetAgents.Compliance.Predicates", "src\DotNetAgents.Compliance.Predicates\DotNetAgents.Compliance.Predicates.csproj", "{63D539CF-4B08-4DDF-A7DE-CDA92246E0F9}"
EndProject
Project("{FAE04EC0-301F-11D3-BF4B-00C04F79EFBC}") = "DotNetAgents.Configuration", "src\DotNetAgents.Configuration\DotNetAgents.Configuration.csproj", "{71448534-0AAC-4F0D-BC94-7CC0EC90DF83}"
EndProject
Project("{FAE04EC0-301F-11D3-BF4B-00C04F79EFBC}") = "DotNetAgents.ContextIntent", "src\DotNetAgents.ContextIntent\DotNetAgents.ContextIntent.csproj", "{078FDA0B-353D-4EAB-B37D-765273E4C261}"
EndProject
Project("{FAE04EC0-301F-11D3-BF4B-00C04F79EFBC}") = "DotNetAgents.Contracts", "src\DotNetAgents.Contracts\DotNetAgents.Contracts.csproj", "{7848E881-FD66-437A-AB39-317521D29CF5}"
EndProject
Project("{FAE04EC0-301F-11D3-BF4B-00C04F79EFBC}") = "DotNetAgents.Credentials.Client", "src\DotNetAgents.Credentials.Client\DotNetAgents.Credentials.Client.csproj", "{452B59F3-27DC-41A7-97FD-089D76891BC3}"
EndProject
Project("{FAE04EC0-301F-11D3-BF4B-00C04F79EFBC}") = "DotNetAgents.Documents", "src\DotNetAgents.Documents\DotNetAgents.Documents.csproj", "{54D738ED-03E2-4BEC-9390-3B0BB6C06917}"
EndProject
Project("{FAE04EC0-301F-11D3-BF4B-00C04F79EFBC}") = "DotNetAgents.Edge", "src\DotNetAgents.Edge\DotNetAgents.Edge.csproj", "{88E65688-5F34-445D-970B-BFF67BF0E886}"
EndProject
Project("{FAE04EC0-301F-11D3-BF4B-00C04F79EFBC}") = "DotNetAgents.Gateway", "src\DotNetAgents.Gateway\DotNetAgents.Gateway.csproj", "{8D0ED055-52C2-4E8F-8A57-73C35B13B8DC}"
EndProject
Project("{FAE04EC0-301F-11D3-BF4B-00C04F79EFBC}") = "DotNetAgents.Governance", "src\DotNetAgents.Governance\DotNetAgents.Governance.csproj", "{562ABC08-67DA-46AC-BB4F-2D1DA3A31BF3}"
EndProject
Project("{FAE04EC0-301F-11D3-BF4B-00C04F79EFBC}") = "DotNetAgents.Knowledge", "src\DotNetAgents.Knowledge\DotNetAgents.Knowledge.csproj", "{7B8A2464-3A25-47E1-8D76-ABC8AA9CD904}"
EndProject
Project("{FAE04EC0-301F-11D3-BF4B-00C04F79EFBC}") = "DotNetAgents.LaneOps", "src\DotNetAgents.LaneOps\DotNetAgents.LaneOps.csproj", "{C3ACA300-5ECA-4629-A2DD-7E7DF7E282B0}"
EndProject
Project("{FAE04EC0-301F-11D3-BF4B-00C04F79EFBC}") = "DotNetAgents.Mcp.Conformance", "src\DotNetAgents.Mcp.Conformance\DotNetAgents.Mcp.Conformance.csproj", "{51F2A2E4-E7A8-43AE-9701-C4CBDCE579CD}"
EndProject
Project("{FAE04EC0-301F-11D3-BF4B-00C04F79EFBC}") = "DotNetAgents.Mcp.Stdio", "src\DotNetAgents.Mcp.Stdio\DotNetAgents.Mcp.Stdio.csproj", "{E6071A7C-C46E-488E-9D21-2FB8FDF6613B}"
EndProject
Project("{FAE04EC0-301F-11D3-BF4B-00C04F79EFBC}") = "DotNetAgents.Memory.Advanced", "src\DotNetAgents.Memory.Advanced\DotNetAgents.Memory.Advanced.csproj", "{FFBDCA71-9096-4230-A789-CA8E35A136C8}"
EndProject
Project("{FAE04EC0-301F-11D3-BF4B-00C04F79EFBC}") = "DotNetAgents.Memory.Profile", "src\DotNetAgents.Memory.Profile\DotNetAgents.Memory.Profile.csproj", "{D0F8D0EF-8FC6-4FD4-B8E9-39344C319407}"
EndProject
Project("{FAE04EC0-301F-11D3-BF4B-00C04F79EFBC}") = "DotNetAgents.ModelRouting", "src\DotNetAgents.ModelRouting\DotNetAgents.ModelRouting.csproj", "{6C848C22-5786-4BC9-993C-146DEEA73A70}"
EndProject
Project("{FAE04EC0-301F-11D3-BF4B-00C04F79EFBC}") = "DotNetAgents.MultiModal", "src\DotNetAgents.MultiModal\DotNetAgents.MultiModal.csproj", "{04DA68C4-3295-4DDD-BB66-17E89CE06BF8}"
EndProject
Project("{FAE04EC0-301F-11D3-BF4B-00C04F79EFBC}") = "DotNetAgents.Observability.AspNetCore", "src\DotNetAgents.Observability.AspNetCore\DotNetAgents.Observability.AspNetCore.csproj", "{89031807-C250-4F3E-9C34-7076E0FC3FFE}"
EndProject
Project("{FAE04EC0-301F-11D3-BF4B-00C04F79EFBC}") = "DotNetAgents.Observability.GenAi", "src\DotNetAgents.Observability.GenAi\DotNetAgents.Observability.GenAi.csproj", "{2025D548-A2A5-4F5E-B5EE-410AA7C3BB39}"
EndProject
Project("{FAE04EC0-301F-11D3-BF4B-00C04F79EFBC}") = "DotNetAgents.PreviewConfirm", "src\DotNetAgents.PreviewConfirm\DotNetAgents.PreviewConfirm.csproj", "{E297F1BA-19BE-4E91-9F94-30497262A4BB}"
EndProject
Project("{FAE04EC0-301F-11D3-BF4B-00C04F79EFBC}") = "DotNetAgents.Proactive", "src\DotNetAgents.Proactive\DotNetAgents.Proactive.csproj", "{B180A3BA-52D9-43A9-B621-AA7D43AB6F6A}"
EndProject
Project("{FAE04EC0-301F-11D3-BF4B-00C04F79EFBC}") = "DotNetAgents.PromptRuntime", "src\DotNetAgents.PromptRuntime\DotNetAgents.PromptRuntime.csproj", "{0483F786-EA33-46E9-88BF-AC8C320FCD61}"
EndProject
Project("{FAE04EC0-301F-11D3-BF4B-00C04F79EFBC}") = "DotNetAgents.REPL", "src\DotNetAgents.REPL\DotNetAgents.REPL.csproj", "{9C3378FC-D280-4E10-B258-E97153989E77}"
EndProject
Project("{FAE04EC0-301F-11D3-BF4B-00C04F79EFBC}") = "DotNetAgents.ReleasePolicy", "src\DotNetAgents.ReleasePolicy\DotNetAgents.ReleasePolicy.csproj", "{60C68266-62CA-4432-810B-2AE0C195A032}"
EndProject
Project("{FAE04EC0-301F-11D3-BF4B-00C04F79EFBC}") = "DotNetAgents.Runtime", "src\DotNetAgents.Runtime\DotNetAgents.Runtime.csproj", "{99B004FF-A320-4382-84DC-9348F6725AB7}"
EndProject
Project("{FAE04EC0-301F-11D3-BF4B-00C04F79EFBC}") = "DotNetAgents.Security", "src\DotNetAgents.Security\DotNetAgents.Security.csproj", "{DC2F0453-BC60-40BC-A900-9A3A02B1BB95}"
EndProject
Project("{FAE04EC0-301F-11D3-BF4B-00C04F79EFBC}") = "DotNetAgents.SessionPersistence", "src\DotNetAgents.SessionPersistence\DotNetAgents.SessionPersistence.csproj", "{FB88A21F-CE96-4AEE-87B9-B3384A20412A}"
EndProject
Project("{FAE04EC0-301F-11D3-BF4B-00C04F79EFBC}") = "DotNetAgents.Skills.Projection", "src\DotNetAgents.Skills.Projection\DotNetAgents.Skills.Projection.csproj", "{EE2F5776-0BE2-4F28-AD3D-5F82BE88FBB4}"
EndProject
Project("{FAE04EC0-301F-11D3-BF4B-00C04F79EFBC}") = "DotNetAgents.Skills", "src\DotNetAgents.Skills\DotNetAgents.Skills.csproj", "{65DEAB35-A903-45AE-8B33-6B08B1EAC958}"
EndProject
Project("{FAE04EC0-301F-11D3-BF4B-00C04F79EFBC}") = "DotNetAgents.StructuredOutput", "src\DotNetAgents.StructuredOutput\DotNetAgents.StructuredOutput.csproj", "{3C1B4079-3C4E-4137-81D7-2393639C68EE}"
EndProject
Project("{FAE04EC0-301F-11D3-BF4B-00C04F79EFBC}") = "DotNetAgents.Subagents", "src\DotNetAgents.Subagents\DotNetAgents.Subagents.csproj", "{69E72F1D-42D3-4210-8D36-7178B1811684}"
EndProject
Project("{FAE04EC0-301F-11D3-BF4B-00C04F79EFBC}") = "DotNetAgents.Tasks", "src\DotNetAgents.Tasks\DotNetAgents.Tasks.csproj", "{9F94E1A2-31DF-4AD4-A223-D4E8A8BD886F}"
EndProject
Project("{FAE04EC0-301F-11D3-BF4B-00C04F79EFBC}") = "DotNetAgents.Tools.BuiltIn", "src\DotNetAgents.Tools.BuiltIn\DotNetAgents.Tools.BuiltIn.csproj", "{5033D2D0-60DB-4BF3-B083-D702EF6C9BD6}"
EndProject
Project("{FAE04EC0-301F-11D3-BF4B-00C04F79EFBC}") = "DotNetAgents.Tools.Development", "src\DotNetAgents.Tools.Development\DotNetAgents.Tools.Development.csproj", "{3FEE82CB-37CE-4603-882C-D4840C195928}"
EndProject
Project("{FAE04EC0-301F-11D3-BF4B-00C04F79EFBC}") = "DotNetAgents.Workflow.Designer", "src\DotNetAgents.Workflow.Designer\DotNetAgents.Workflow.Designer.csproj", "{5DB35169-8654-4181-871C-7E8123AF7357}"
EndProject
Project("{FAE04EC0-301F-11D3-BF4B-00C04F79EFBC}") = "DotNetAgents.Tools.Unified", "src\DotNetAgents.Tools.Unified\DotNetAgents.Tools.Unified.csproj", "{254F61BD-E22E-4E74-A06C-C8ED1718D1BE}"
EndProject
Project("{FAE04EC0-301F-11D3-BF4B-00C04F79EFBC}") = "DotNetAgents.Voice.Dialog", "src\DotNetAgents.Voice.Dialog\DotNetAgents.Voice.Dialog.csproj", "{694BA626-7959-479C-A021-89EDC95A60FB}"
EndProject
Project("{FAE04EC0-301F-11D3-BF4B-00C04F79EFBC}") = "DotNetAgents.Voice", "src\DotNetAgents.Voice\DotNetAgents.Voice.csproj", "{AFE4CB06-A0D5-4760-BA7F-48F48B4C391C}"
EndProject
Project("{FAE04EC0-301F-11D3-BF4B-00C04F79EFBC}") = "DotNetAgents.Voice.Scheduling", "src\DotNetAgents.Voice.Scheduling\DotNetAgents.Voice.Scheduling.csproj", "{0E7E53CB-40A3-4F59-AFE8-E4CCBB41DB4B}"
EndProject
Project("{FAE04EC0-301F-11D3-BF4B-00C04F79EFBC}") = "DotNetAgents.Voice.SignalR", "src\DotNetAgents.Voice.SignalR\DotNetAgents.Voice.SignalR.csproj", "{6D622F85-0C18-4518-A551-2E79AC8BA30E}"
EndProject
Project("{FAE04EC0-301F-11D3-BF4B-00C04F79EFBC}") = "DotNetAgents.Voice.Transcription", "src\DotNetAgents.Voice.Transcription\DotNetAgents.Voice.Transcription.csproj", "{29A4556C-07C5-4BE9-9CD7-36ABDC2AB04F}"
EndProject
Project("{FAE04EC0-301F-11D3-BF4B-00C04F79EFBC}") = "DotNetAgents.Workflow.Designer.Web", "src\DotNetAgents.Workflow.Designer.Web\DotNetAgents.Workflow.Designer.Web.csproj", "{F033036C-3AE8-4925-ACC9-1D53B550E14F}"
EndProject
Project("{FAE04EC0-301F-11D3-BF4B-00C04F79EFBC}") = "DotNetAgents", "src\DotNetAgents\DotNetAgents.csproj", "{9D0A8999-F401-40AC-87FD-B97AC8BAF8B7}"
EndProject
Global
	GlobalSection(SolutionConfigurationPlatforms) = preSolution
		Debug|Any CPU = Debug|Any CPU
		Debug|x64 = Debug|x64
		Debug|x86 = Debug|x86
		Release|Any CPU = Release|Any CPU
		Release|x64 = Release|x64
		Release|x86 = Release|x86
	EndGlobalSection
	GlobalSection(ProjectConfigurationPlatforms) = postSolution
		{218D4944-43DC-4269-9F13-CFC642DC6042}.Debug|Any CPU.ActiveCfg = Debug|Any CPU
		{218D4944-43DC-4269-9F13-CFC642DC6042}.Debug|Any CPU.Build.0 = Debug|Any CPU
		{218D4944-43DC-4269-9F13-CFC642DC6042}.Debug|x64.ActiveCfg = Debug|Any CPU
		{218D4944-43DC-4269-9F13-CFC642DC6042}.Debug|x64.Build.0 = Debug|Any CPU
		{218D4944-43DC-4269-9F13-CFC642DC6042}.Debug|x86.ActiveCfg = Debug|Any CPU
		{218D4944-43DC-4269-9F13-CFC642DC6042}.Debug|x86.Build.0 = Debug|Any CPU
		{218D4944-43DC-4269-9F13-CFC642DC6042}.Release|Any CPU.ActiveCfg = Release|Any CPU
		{218D4944-43DC-4269-9F13-CFC642DC6042}.Release|Any CPU.Build.0 = Release|Any CPU
		{218D4944-43DC-4269-9F13-CFC642DC6042}.Release|x64.ActiveCfg = Release|Any CPU
		{218D4944-43DC-4269-9F13-CFC642DC6042}.Release|x64.Build.0 = Release|Any CPU
		{218D4944-43DC-4269-9F13-CFC642DC6042}.Release|x86.ActiveCfg = Release|Any CPU
		{218D4944-43DC-4269-9F13-CFC642DC6042}.Release|x86.Build.0 = Release|Any CPU
		{7D283D80-07F3-4076-B28E-8BF45614F2AF}.Debug|Any CPU.ActiveCfg = Debug|Any CPU
		{7D283D80-07F3-4076-B28E-8BF45614F2AF}.Debug|Any CPU.Build.0 = Debug|Any CPU
		{7D283D80-07F3-4076-B28E-8BF45614F2AF}.Debug|x64.ActiveCfg = Debug|Any CPU
		{7D283D80-07F3-4076-B28E-8BF45614F2AF}.Debug|x64.Build.0 = Debug|Any CPU
		{7D283D80-07F3-4076-B28E-8BF45614F2AF}.Debug|x86.ActiveCfg = Debug|Any CPU
		{7D283D80-07F3-4076-B28E-8BF45614F2AF}.Debug|x86.Build.0 = Debug|Any CPU
		{7D283D80-07F3-4076-B28E-8BF45614F2AF}.Release|Any CPU.ActiveCfg = Release|Any CPU
		{7D283D80-07F3-4076-B28E-8BF45614F2AF}.Release|Any CPU.Build.0 = Release|Any CPU
		{7D283D80-07F3-4076-B28E-8BF45614F2AF}.Release|x64.ActiveCfg = Release|Any CPU
		{7D283D80-07F3-4076-B28E-8BF45614F2AF}.Release|x64.Build.0 = Release|Any CPU
		{7D283D80-07F3-4076-B28E-8BF45614F2AF}.Release|x86.ActiveCfg = Release|Any CPU
		{7D283D80-07F3-4076-B28E-8BF45614F2AF}.Release|x86.Build.0 = Release|Any CPU
		{BEF2602B-F0AC-44F0-B543-E5FA263BD03E}.Debug|Any CPU.ActiveCfg = Debug|Any CPU
		{BEF2602B-F0AC-44F0-B543-E5FA263BD03E}.Debug|Any CPU.Build.0 = Debug|Any CPU
		{BEF2602B-F0AC-44F0-B543-E5FA263BD03E}.Debug|x64.ActiveCfg = Debug|Any CPU
		{BEF2602B-F0AC-44F0-B543-E5FA263BD03E}.Debug|x64.Build.0 = Debug|Any CPU
		{BEF2602B-F0AC-44F0-B543-E5FA263BD03E}.Debug|x86.ActiveCfg = Debug|Any CPU
		{BEF2602B-F0AC-44F0-B543-E5FA263BD03E}.Debug|x86.Build.0 = Debug|Any CPU
		{BEF2602B-F0AC-44F0-B543-E5FA263BD03E}.Release|Any CPU.ActiveCfg = Release|Any CPU
		{BEF2602B-F0AC-44F0-B543-E5FA263BD03E}.Release|Any CPU.Build.0 = Release|Any CPU
		{BEF2602B-F0AC-44F0-B543-E5FA263BD03E}.Release|x64.ActiveCfg = Release|Any CPU
		{BEF2602B-F0AC-44F0-B543-E5FA263BD03E}.Release|x64.Build.0 = Release|Any CPU
		{BEF2602B-F0AC-44F0-B543-E5FA263BD03E}.Release|x86.ActiveCfg = Release|Any CPU
		{BEF2602B-F0AC-44F0-B543-E5FA263BD03E}.Release|x86.Build.0 = Release|Any CPU
		{2E9365E9-79F8-4F2A-AE39-89F05458AFE0}.Debug|Any CPU.ActiveCfg = Debug|Any CPU
		{2E9365E9-79F8-4F2A-AE39-89F05458AFE0}.Debug|Any CPU.Build.0 = Debug|Any CPU
		{2E9365E9-79F8-4F2A-AE39-89F05458AFE0}.Debug|x64.ActiveCfg = Debug|Any CPU
		{2E9365E9-79F8-4F2A-AE39-89F05458AFE0}.Debug|x64.Build.0 = Debug|Any CPU
		{2E9365E9-79F8-4F2A-AE39-89F05458AFE0}.Debug|x86.ActiveCfg = Debug|Any CPU
		{2E9365E9-79F8-4F2A-AE39-89F05458AFE0}.Debug|x86.Build.0 = Debug|Any CPU
		{2E9365E9-79F8-4F2A-AE39-89F05458AFE0}.Release|Any CPU.ActiveCfg = Release|Any CPU
		{2E9365E9-79F8-4F2A-AE39-89F05458AFE0}.Release|Any CPU.Build.0 = Release|Any CPU
		{2E9365E9-79F8-4F2A-AE39-89F05458AFE0}.Release|x64.ActiveCfg = Release|Any CPU
		{2E9365E9-79F8-4F2A-AE39-89F05458AFE0}.Release|x64.Build.0 = Release|Any CPU
		{2E9365E9-79F8-4F2A-AE39-89F05458AFE0}.Release|x86.ActiveCfg = Release|Any CPU
		{2E9365E9-79F8-4F2A-AE39-89F05458AFE0}.Release|x86.Build.0 = Release|Any CPU
		{3467530E-D65D-426D-A232-9CE88BD2154E}.Debug|Any CPU.ActiveCfg = Debug|Any CPU
		{3467530E-D65D-426D-A232-9CE88BD2154E}.Debug|Any CPU.Build.0 = Debug|Any CPU
		{3467530E-D65D-426D-A232-9CE88BD2154E}.Debug|x64.ActiveCfg = Debug|Any CPU
		{3467530E-D65D-426D-A232-9CE88BD2154E}.Debug|x64.Build.0 = Debug|Any CPU
		{3467530E-D65D-426D-A232-9CE88BD2154E}.Debug|x86.ActiveCfg = Debug|Any CPU
		{3467530E-D65D-426D-A232-9CE88BD2154E}.Debug|x86.Build.0 = Debug|Any CPU
		{3467530E-D65D-426D-A232-9CE88BD2154E}.Release|Any CPU.ActiveCfg = Release|Any CPU
		{3467530E-D65D-426D-A232-9CE88BD2154E}.Release|Any CPU.Build.0 = Release|Any CPU
		{3467530E-D65D-426D-A232-9CE88BD2154E}.Release|x64.ActiveCfg = Release|Any CPU
		{3467530E-D65D-426D-A232-9CE88BD2154E}.Release|x64.Build.0 = Release|Any CPU
		{3467530E-D65D-426D-A232-9CE88BD2154E}.Release|x86.ActiveCfg = Release|Any CPU
		{3467530E-D65D-426D-A232-9CE88BD2154E}.Release|x86.Build.0 = Release|Any CPU
		{462E315A-2664-44A1-ABDF-3741290B6BE9}.Debug|Any CPU.ActiveCfg = Debug|Any CPU
		{462E315A-2664-44A1-ABDF-3741290B6BE9}.Debug|Any CPU.Build.0 = Debug|Any CPU
		{462E315A-2664-44A1-ABDF-3741290B6BE9}.Debug|x64.ActiveCfg = Debug|Any CPU
		{462E315A-2664-44A1-ABDF-3741290B6BE9}.Debug|x64.Build.0 = Debug|Any CPU
		{462E315A-2664-44A1-ABDF-3741290B6BE9}.Debug|x86.ActiveCfg = Debug|Any CPU
		{462E315A-2664-44A1-ABDF-3741290B6BE9}.Debug|x86.Build.0 = Debug|Any CPU
		{462E315A-2664-44A1-ABDF-3741290B6BE9}.Release|Any CPU.ActiveCfg = Release|Any CPU
		{462E315A-2664-44A1-ABDF-3741290B6BE9}.Release|Any CPU.Build.0 = Release|Any CPU
		{462E315A-2664-44A1-ABDF-3741290B6BE9}.Release|x64.ActiveCfg = Release|Any CPU
		{462E315A-2664-44A1-ABDF-3741290B6BE9}.Release|x64.Build.0 = Release|Any CPU
		{462E315A-2664-44A1-ABDF-3741290B6BE9}.Release|x86.ActiveCfg = Release|Any CPU
		{462E315A-2664-44A1-ABDF-3741290B6BE9}.Release|x86.Build.0 = Release|Any CPU
		{336CD26F-E940-4597-80F7-E1953311A30F}.Debug|Any CPU.ActiveCfg = Debug|Any CPU
		{336CD26F-E940-4597-80F7-E1953311A30F}.Debug|Any CPU.Build.0 = Debug|Any CPU
		{336CD26F-E940-4597-80F7-E1953311A30F}.Debug|x64.ActiveCfg = Debug|Any CPU
		{336CD26F-E940-4597-80F7-E1953311A30F}.Debug|x64.Build.0 = Debug|Any CPU
		{336CD26F-E940-4597-80F7-E1953311A30F}.Debug|x86.ActiveCfg = Debug|Any CPU
		{336CD26F-E940-4597-80F7-E1953311A30F}.Debug|x86.Build.0 = Debug|Any CPU
		{336CD26F-E940-4597-80F7-E1953311A30F}.Release|Any CPU.ActiveCfg = Release|Any CPU
		{336CD26F-E940-4597-80F7-E1953311A30F}.Release|Any CPU.Build.0 = Release|Any CPU
		{336CD26F-E940-4597-80F7-E1953311A30F}.Release|x64.ActiveCfg = Release|Any CPU
		{336CD26F-E940-4597-80F7-E1953311A30F}.Release|x64.Build.0 = Release|Any CPU
		{336CD26F-E940-4597-80F7-E1953311A30F}.Release|x86.ActiveCfg = Release|Any CPU
		{336CD26F-E940-4597-80F7-E1953311A30F}.Release|x86.Build.0 = Release|Any CPU
		{DC62259E-C041-42FA-8C12-1F6DB817F240}.Debug|Any CPU.ActiveCfg = Debug|Any CPU
		{DC62259E-C041-42FA-8C12-1F6DB817F240}.Debug|Any CPU.Build.0 = Debug|Any CPU
		{DC62259E-C041-42FA-8C12-1F6DB817F240}.Debug|x64.ActiveCfg = Debug|Any CPU
		{DC62259E-C041-42FA-8C12-1F6DB817F240}.Debug|x64.Build.0 = Debug|Any CPU
		{DC62259E-C041-42FA-8C12-1F6DB817F240}.Debug|x86.ActiveCfg = Debug|Any CPU
		{DC62259E-C041-42FA-8C12-1F6DB817F240}.Debug|x86.Build.0 = Debug|Any CPU
		{DC62259E-C041-42FA-8C12-1F6DB817F240}.Release|Any CPU.ActiveCfg = Release|Any CPU
		{DC62259E-C041-42FA-8C12-1F6DB817F240}.Release|Any CPU.Build.0 = Release|Any CPU
		{DC62259E-C041-42FA-8C12-1F6DB817F240}.Release|x64.ActiveCfg = Release|Any CPU
		{DC62259E-C041-42FA-8C12-1F6DB817F240}.Release|x64.Build.0 = Release|Any CPU
		{DC62259E-C041-42FA-8C12-1F6DB817F240}.Release|x86.ActiveCfg = Release|Any CPU
		{DC62259E-C041-42FA-8C12-1F6DB817F240}.Release|x86.Build.0 = Release|Any CPU
		{1A39E107-4343-42D4-B511-0AA41D4429A9}.Debug|Any CPU.ActiveCfg = Debug|Any CPU
		{1A39E107-4343-42D4-B511-0AA41D4429A9}.Debug|Any CPU.Build.0 = Debug|Any CPU
		{1A39E107-4343-42D4-B511-0AA41D4429A9}.Debug|x64.ActiveCfg = Debug|Any CPU
		{1A39E107-4343-42D4-B511-0AA41D4429A9}.Debug|x64.Build.0 = Debug|Any CPU
		{1A39E107-4343-42D4-B511-0AA41D4429A9}.Debug|x86.ActiveCfg = Debug|Any CPU
		{1A39E107-4343-42D4-B511-0AA41D4429A9}.Debug|x86.Build.0 = Debug|Any CPU
		{1A39E107-4343-42D4-B511-0AA41D4429A9}.Release|Any CPU.ActiveCfg = Release|Any CPU
		{1A39E107-4343-42D4-B511-0AA41D4429A9}.Release|Any CPU.Build.0 = Release|Any CPU
		{1A39E107-4343-42D4-B511-0AA41D4429A9}.Release|x64.ActiveCfg = Release|Any CPU
		{1A39E107-4343-42D4-B511-0AA41D4429A9}.Release|x64.Build.0 = Release|Any CPU
		{1A39E107-4343-42D4-B511-0AA41D4429A9}.Release|x86.ActiveCfg = Release|Any CPU
		{1A39E107-4343-42D4-B511-0AA41D4429A9}.Release|x86.Build.0 = Release|Any CPU
		{CBD35D0F-BBC9-40D0-A2F7-05C4198ECC17}.Debug|Any CPU.ActiveCfg = Debug|Any CPU
		{CBD35D0F-BBC9-40D0-A2F7-05C4198ECC17}.Debug|Any CPU.Build.0 = Debug|Any CPU
		{CBD35D0F-BBC9-40D0-A2F7-05C4198ECC17}.Debug|x64.ActiveCfg = Debug|Any CPU
		{CBD35D0F-BBC9-40D0-A2F7-05C4198ECC17}.Debug|x64.Build.0 = Debug|Any CPU
		{CBD35D0F-BBC9-40D0-A2F7-05C4198ECC17}.Debug|x86.ActiveCfg = Debug|Any CPU
		{CBD35D0F-BBC9-40D0-A2F7-05C4198ECC17}.Debug|x86.Build.0 = Debug|Any CPU
		{CBD35D0F-BBC9-40D0-A2F7-05C4198ECC17}.Release|Any CPU.ActiveCfg = Release|Any CPU
		{CBD35D0F-BBC9-40D0-A2F7-05C4198ECC17}.Release|Any CPU.Build.0 = Release|Any CPU
		{CBD35D0F-BBC9-40D0-A2F7-05C4198ECC17}.Release|x64.ActiveCfg = Release|Any CPU
		{CBD35D0F-BBC9-40D0-A2F7-05C4198ECC17}.Release|x64.Build.0 = Release|Any CPU
		{CBD35D0F-BBC9-40D0-A2F7-05C4198ECC17}.Release|x86.ActiveCfg = Release|Any CPU
		{CBD35D0F-BBC9-40D0-A2F7-05C4198ECC17}.Release|x86.Build.0 = Release|Any CPU
		{82817BD0-84ED-4BF9-BABD-1A0467DDA186}.Debug|Any CPU.ActiveCfg = Debug|Any CPU
		{82817BD0-84ED-4BF9-BABD-1A0467DDA186}.Debug|Any CPU.Build.0 = Debug|Any CPU
		{82817BD0-84ED-4BF9-BABD-1A0467DDA186}.Debug|x64.ActiveCfg = Debug|Any CPU
		{82817BD0-84ED-4BF9-BABD-1A0467DDA186}.Debug|x64.Build.0 = Debug|Any CPU
		{82817BD0-84ED-4BF9-BABD-1A0467DDA186}.Debug|x86.ActiveCfg = Debug|Any CPU
		{82817BD0-84ED-4BF9-BABD-1A0467DDA186}.Debug|x86.Build.0 = Debug|Any CPU
		{82817BD0-84ED-4BF9-BABD-1A0467DDA186}.Release|Any CPU.ActiveCfg = Release|Any CPU
		{82817BD0-84ED-4BF9-BABD-1A0467DDA186}.Release|Any CPU.Build.0 = Release|Any CPU
		{82817BD0-84ED-4BF9-BABD-1A0467DDA186}.Release|x64.ActiveCfg = Release|Any CPU
		{82817BD0-84ED-4BF9-BABD-1A0467DDA186}.Release|x64.Build.0 = Release|Any CPU
		{82817BD0-84ED-4BF9-BABD-1A0467DDA186}.Release|x86.ActiveCfg = Release|Any CPU
		{82817BD0-84ED-4BF9-BABD-1A0467DDA186}.Release|x86.Build.0 = Release|Any CPU
		{AE0041CC-5780-41CB-A0B9-E5EF02C8D949}.Debug|Any CPU.ActiveCfg = Debug|Any CPU
		{AE0041CC-5780-41CB-A0B9-E5EF02C8D949}.Debug|Any CPU.Build.0 = Debug|Any CPU
		{AE0041CC-5780-41CB-A0B9-E5EF02C8D949}.Debug|x64.ActiveCfg = Debug|Any CPU
		{AE0041CC-5780-41CB-A0B9-E5EF02C8D949}.Debug|x64.Build.0 = Debug|Any CPU
		{AE0041CC-5780-41CB-A0B9-E5EF02C8D949}.Debug|x86.ActiveCfg = Debug|Any CPU
		{AE0041CC-5780-41CB-A0B9-E5EF02C8D949}.Debug|x86.Build.0 = Debug|Any CPU
		{AE0041CC-5780-41CB-A0B9-E5EF02C8D949}.Release|Any CPU.ActiveCfg = Release|Any CPU
		{AE0041CC-5780-41CB-A0B9-E5EF02C8D949}.Release|Any CPU.Build.0 = Release|Any CPU
		{AE0041CC-5780-41CB-A0B9-E5EF02C8D949}.Release|x64.ActiveCfg = Release|Any CPU
		{AE0041CC-5780-41CB-A0B9-E5EF02C8D949}.Release|x64.Build.0 = Release|Any CPU
		{AE0041CC-5780-41CB-A0B9-E5EF02C8D949}.Release|x86.ActiveCfg = Release|Any CPU
		{AE0041CC-5780-41CB-A0B9-E5EF02C8D949}.Release|x86.Build.0 = Release|Any CPU
		{1AFE6F5C-8F43-44CE-AE47-087F6A448CC3}.Debug|Any CPU.ActiveCfg = Debug|Any CPU
		{1AFE6F5C-8F43-44CE-AE47-087F6A448CC3}.Debug|Any CPU.Build.0 = Debug|Any CPU
		{1AFE6F5C-8F43-44CE-AE47-087F6A448CC3}.Debug|x64.ActiveCfg = Debug|Any CPU
		{1AFE6F5C-8F43-44CE-AE47-087F6A448CC3}.Debug|x64.Build.0 = Debug|Any CPU
		{1AFE6F5C-8F43-44CE-AE47-087F6A448CC3}.Debug|x86.ActiveCfg = Debug|Any CPU
		{1AFE6F5C-8F43-44CE-AE47-087F6A448CC3}.Debug|x86.Build.0 = Debug|Any CPU
		{1AFE6F5C-8F43-44CE-AE47-087F6A448CC3}.Release|Any CPU.ActiveCfg = Release|Any CPU
		{1AFE6F5C-8F43-44CE-AE47-087F6A448CC3}.Release|Any CPU.Build.0 = Release|Any CPU
		{1AFE6F5C-8F43-44CE-AE47-087F6A448CC3}.Release|x64.ActiveCfg = Release|Any CPU
		{1AFE6F5C-8F43-44CE-AE47-087F6A448CC3}.Release|x64.Build.0 = Release|Any CPU
		{1AFE6F5C-8F43-44CE-AE47-087F6A448CC3}.Release|x86.ActiveCfg = Release|Any CPU
		{1AFE6F5C-8F43-44CE-AE47-087F6A448CC3}.Release|x86.Build.0 = Release|Any CPU
		{EE80BFD5-8BD9-4CF9-8027-354F83FCEFF2}.Debug|Any CPU.ActiveCfg = Debug|Any CPU
		{EE80BFD5-8BD9-4CF9-8027-354F83FCEFF2}.Debug|Any CPU.Build.0 = Debug|Any CPU
		{EE80BFD5-8BD9-4CF9-8027-354F83FCEFF2}.Debug|x64.ActiveCfg = Debug|Any CPU
		{EE80BFD5-8BD9-4CF9-8027-354F83FCEFF2}.Debug|x64.Build.0 = Debug|Any CPU
		{EE80BFD5-8BD9-4CF9-8027-354F83FCEFF2}.Debug|x86.ActiveCfg = Debug|Any CPU
		{EE80BFD5-8BD9-4CF9-8027-354F83FCEFF2}.Debug|x86.Build.0 = Debug|Any CPU
		{EE80BFD5-8BD9-4CF9-8027-354F83FCEFF2}.Release|Any CPU.ActiveCfg = Release|Any CPU
		{EE80BFD5-8BD9-4CF9-8027-354F83FCEFF2}.Release|Any CPU.Build.0 = Release|Any CPU
		{EE80BFD5-8BD9-4CF9-8027-354F83FCEFF2}.Release|x64.ActiveCfg = Release|Any CPU
		{EE80BFD5-8BD9-4CF9-8027-354F83FCEFF2}.Release|x64.Build.0 = Release|Any CPU
		{EE80BFD5-8BD9-4CF9-8027-354F83FCEFF2}.Release|x86.ActiveCfg = Release|Any CPU
		{EE80BFD5-8BD9-4CF9-8027-354F83FCEFF2}.Release|x86.Build.0 = Release|Any CPU
		{39165751-20D9-48A6-BA85-8FD3871E4E8D}.Debug|Any CPU.ActiveCfg = Debug|Any CPU
		{39165751-20D9-48A6-BA85-8FD3871E4E8D}.Debug|Any CPU.Build.0 = Debug|Any CPU
		{39165751-20D9-48A6-BA85-8FD3871E4E8D}.Debug|x64.ActiveCfg = Debug|Any CPU
		{39165751-20D9-48A6-BA85-8FD3871E4E8D}.Debug|x64.Build.0 = Debug|Any CPU
		{39165751-20D9-48A6-BA85-8FD3871E4E8D}.Debug|x86.ActiveCfg = Debug|Any CPU
		{39165751-20D9-48A6-BA85-8FD3871E4E8D}.Debug|x86.Build.0 = Debug|Any CPU
		{39165751-20D9-48A6-BA85-8FD3871E4E8D}.Release|Any CPU.ActiveCfg = Release|Any CPU
		{39165751-20D9-48A6-BA85-8FD3871E4E8D}.Release|Any CPU.Build.0 = Release|Any CPU
		{39165751-20D9-48A6-BA85-8FD3871E4E8D}.Release|x64.ActiveCfg = Release|Any CPU
		{39165751-20D9-48A6-BA85-8FD3871E4E8D}.Release|x64.Build.0 = Release|Any CPU
		{39165751-20D9-48A6-BA85-8FD3871E4E8D}.Release|x86.ActiveCfg = Release|Any CPU
		{39165751-20D9-48A6-BA85-8FD3871E4E8D}.Release|x86.Build.0 = Release|Any CPU
		{EDF176B9-68C4-4DD9-8EC4-310C2AD7692F}.Debug|Any CPU.ActiveCfg = Debug|Any CPU
		{EDF176B9-68C4-4DD9-8EC4-310C2AD7692F}.Debug|Any CPU.Build.0 = Debug|Any CPU
		{EDF176B9-68C4-4DD9-8EC4-310C2AD7692F}.Debug|x64.ActiveCfg = Debug|Any CPU
		{EDF176B9-68C4-4DD9-8EC4-310C2AD7692F}.Debug|x64.Build.0 = Debug|Any CPU
		{EDF176B9-68C4-4DD9-8EC4-310C2AD7692F}.Debug|x86.ActiveCfg = Debug|Any CPU
		{EDF176B9-68C4-4DD9-8EC4-310C2AD7692F}.Debug|x86.Build.0 = Debug|Any CPU
		{EDF176B9-68C4-4DD9-8EC4-310C2AD7692F}.Release|Any CPU.ActiveCfg = Release|Any CPU
		{EDF176B9-68C4-4DD9-8EC4-310C2AD7692F}.Release|Any CPU.Build.0 = Release|Any CPU
		{EDF176B9-68C4-4DD9-8EC4-310C2AD7692F}.Release|x64.ActiveCfg = Release|Any CPU
		{EDF176B9-68C4-4DD9-8EC4-310C2AD7692F}.Release|x64.Build.0 = Release|Any CPU
		{EDF176B9-68C4-4DD9-8EC4-310C2AD7692F}.Release|x86.ActiveCfg = Release|Any CPU
		{EDF176B9-68C4-4DD9-8EC4-310C2AD7692F}.Release|x86.Build.0 = Release|Any CPU
		{C6221E05-11E7-4A27-847A-79040EDC84BD}.Debug|Any CPU.ActiveCfg = Debug|Any CPU
		{C6221E05-11E7-4A27-847A-79040EDC84BD}.Debug|Any CPU.Build.0 = Debug|Any CPU
		{C6221E05-11E7-4A27-847A-79040EDC84BD}.Debug|x64.ActiveCfg = Debug|Any CPU
		{C6221E05-11E7-4A27-847A-79040EDC84BD}.Debug|x64.Build.0 = Debug|Any CPU
		{C6221E05-11E7-4A27-847A-79040EDC84BD}.Debug|x86.ActiveCfg = Debug|Any CPU
		{C6221E05-11E7-4A27-847A-79040EDC84BD}.Debug|x86.Build.0 = Debug|Any CPU
		{C6221E05-11E7-4A27-847A-79040EDC84BD}.Release|Any CPU.ActiveCfg = Release|Any CPU
		{C6221E05-11E7-4A27-847A-79040EDC84BD}.Release|Any CPU.Build.0 = Release|Any CPU
		{C6221E05-11E7-4A27-847A-79040EDC84BD}.Release|x64.ActiveCfg = Release|Any CPU
		{C6221E05-11E7-4A27-847A-79040EDC84BD}.Release|x64.Build.0 = Release|Any CPU
		{C6221E05-11E7-4A27-847A-79040EDC84BD}.Release|x86.ActiveCfg = Release|Any CPU
		{C6221E05-11E7-4A27-847A-79040EDC84BD}.Release|x86.Build.0 = Release|Any CPU
		{389E3E6A-62BB-42E3-99DA-F4C476991975}.Debug|Any CPU.ActiveCfg = Debug|Any CPU
		{389E3E6A-62BB-42E3-99DA-F4C476991975}.Debug|Any CPU.Build.0 = Debug|Any CPU
		{389E3E6A-62BB-42E3-99DA-F4C476991975}.Debug|x64.ActiveCfg = Debug|Any CPU
		{389E3E6A-62BB-42E3-99DA-F4C476991975}.Debug|x64.Build.0 = Debug|Any CPU
		{389E3E6A-62BB-42E3-99DA-F4C476991975}.Debug|x86.ActiveCfg = Debug|Any CPU
		{389E3E6A-62BB-42E3-99DA-F4C476991975}.Debug|x86.Build.0 = Debug|Any CPU
		{389E3E6A-62BB-42E3-99DA-F4C476991975}.Release|Any CPU.ActiveCfg = Release|Any CPU
		{389E3E6A-62BB-42E3-99DA-F4C476991975}.Release|Any CPU.Build.0 = Release|Any CPU
		{389E3E6A-62BB-42E3-99DA-F4C476991975}.Release|x64.ActiveCfg = Release|Any CPU
		{389E3E6A-62BB-42E3-99DA-F4C476991975}.Release|x64.Build.0 = Release|Any CPU
		{389E3E6A-62BB-42E3-99DA-F4C476991975}.Release|x86.ActiveCfg = Release|Any CPU
		{389E3E6A-62BB-42E3-99DA-F4C476991975}.Release|x86.Build.0 = Release|Any CPU
		{A4AC4B3E-F7FF-446C-A4DF-61A3FDC0DC9B}.Debug|Any CPU.ActiveCfg = Debug|Any CPU
		{A4AC4B3E-F7FF-446C-A4DF-61A3FDC0DC9B}.Debug|Any CPU.Build.0 = Debug|Any CPU
		{A4AC4B3E-F7FF-446C-A4DF-61A3FDC0DC9B}.Debug|x64.ActiveCfg = Debug|Any CPU
		{A4AC4B3E-F7FF-446C-A4DF-61A3FDC0DC9B}.Debug|x64.Build.0 = Debug|Any CPU
		{A4AC4B3E-F7FF-446C-A4DF-61A3FDC0DC9B}.Debug|x86.ActiveCfg = Debug|Any CPU
		{A4AC4B3E-F7FF-446C-A4DF-61A3FDC0DC9B}.Debug|x86.Build.0 = Debug|Any CPU
		{A4AC4B3E-F7FF-446C-A4DF-61A3FDC0DC9B}.Release|Any CPU.ActiveCfg = Release|Any CPU
		{A4AC4B3E-F7FF-446C-A4DF-61A3FDC0DC9B}.Release|Any CPU.Build.0 = Release|Any CPU
		{A4AC4B3E-F7FF-446C-A4DF-61A3FDC0DC9B}.Release|x64.ActiveCfg = Release|Any CPU
		{A4AC4B3E-F7FF-446C-A4DF-61A3FDC0DC9B}.Release|x64.Build.0 = Release|Any CPU
		{A4AC4B3E-F7FF-446C-A4DF-61A3FDC0DC9B}.Release|x86.ActiveCfg = Release|Any CPU
		{A4AC4B3E-F7FF-446C-A4DF-61A3FDC0DC9B}.Release|x86.Build.0 = Release|Any CPU
		{14D88A0E-5A8F-4235-A077-AE5B03EE1792}.Debug|Any CPU.ActiveCfg = Debug|Any CPU
		{14D88A0E-5A8F-4235-A077-AE5B03EE1792}.Debug|Any CPU.Build.0 = Debug|Any CPU
		{14D88A0E-5A8F-4235-A077-AE5B03EE1792}.Debug|x64.ActiveCfg = Debug|Any CPU
		{14D88A0E-5A8F-4235-A077-AE5B03EE1792}.Debug|x64.Build.0 = Debug|Any CPU
		{14D88A0E-5A8F-4235-A077-AE5B03EE1792}.Debug|x86.ActiveCfg = Debug|Any CPU
		{14D88A0E-5A8F-4235-A077-AE5B03EE1792}.Debug|x86.Build.0 = Debug|Any CPU
		{14D88A0E-5A8F-4235-A077-AE5B03EE1792}.Release|Any CPU.ActiveCfg = Release|Any CPU
		{14D88A0E-5A8F-4235-A077-AE5B03EE1792}.Release|Any CPU.Build.0 = Release|Any CPU
		{14D88A0E-5A8F-4235-A077-AE5B03EE1792}.Release|x64.ActiveCfg = Release|Any CPU
		{14D88A0E-5A8F-4235-A077-AE5B03EE1792}.Release|x64.Build.0 = Release|Any CPU
		{14D88A0E-5A8F-4235-A077-AE5B03EE1792}.Release|x86.ActiveCfg = Release|Any CPU
		{14D88A0E-5A8F-4235-A077-AE5B03EE1792}.Release|x86.Build.0 = Release|Any CPU
		{B57BACAA-C762-4CC4-AF1C-91F9261AD335}.Debug|Any CPU.ActiveCfg = Debug|Any CPU
		{B57BACAA-C762-4CC4-AF1C-91F9261AD335}.Debug|Any CPU.Build.0 = Debug|Any CPU
		{B57BACAA-C762-4CC4-AF1C-91F9261AD335}.Debug|x64.ActiveCfg = Debug|Any CPU
		{B57BACAA-C762-4CC4-AF1C-91F9261AD335}.Debug|x64.Build.0 = Debug|Any CPU
		{B57BACAA-C762-4CC4-AF1C-91F9261AD335}.Debug|x86.ActiveCfg = Debug|Any CPU
		{B57BACAA-C762-4CC4-AF1C-91F9261AD335}.Debug|x86.Build.0 = Debug|Any CPU
		{B57BACAA-C762-4CC4-AF1C-91F9261AD335}.Release|Any CPU.ActiveCfg = Release|Any CPU
		{B57BACAA-C762-4CC4-AF1C-91F9261AD335}.Release|Any CPU.Build.0 = Release|Any CPU
		{B57BACAA-C762-4CC4-AF1C-91F9261AD335}.Release|x64.ActiveCfg = Release|Any CPU
		{B57BACAA-C762-4CC4-AF1C-91F9261AD335}.Release|x64.Build.0 = Release|Any CPU
		{B57BACAA-C762-4CC4-AF1C-91F9261AD335}.Release|x86.ActiveCfg = Release|Any CPU
		{B57BACAA-C762-4CC4-AF1C-91F9261AD335}.Release|x86.Build.0 = Release|Any CPU
		{673A4B75-4418-4F0B-88A9-5A7C0E88FB1D}.Debug|Any CPU.ActiveCfg = Debug|Any CPU
		{673A4B75-4418-4F0B-88A9-5A7C0E88FB1D}.Debug|Any CPU.Build.0 = Debug|Any CPU
		{673A4B75-4418-4F0B-88A9-5A7C0E88FB1D}.Debug|x64.ActiveCfg = Debug|Any CPU
		{673A4B75-4418-4F0B-88A9-5A7C0E88FB1D}.Debug|x64.Build.0 = Debug|Any CPU
		{673A4B75-4418-4F0B-88A9-5A7C0E88FB1D}.Debug|x86.ActiveCfg = Debug|Any CPU
		{673A4B75-4418-4F0B-88A9-5A7C0E88FB1D}.Debug|x86.Build.0 = Debug|Any CPU
		{673A4B75-4418-4F0B-88A9-5A7C0E88FB1D}.Release|Any CPU.ActiveCfg = Release|Any CPU
		{673A4B75-4418-4F0B-88A9-5A7C0E88FB1D}.Release|Any CPU.Build.0 = Release|Any CPU
		{673A4B75-4418-4F0B-88A9-5A7C0E88FB1D}.Release|x64.ActiveCfg = Release|Any CPU
		{673A4B75-4418-4F0B-88A9-5A7C0E88FB1D}.Release|x64.Build.0 = Release|Any CPU
		{673A4B75-4418-4F0B-88A9-5A7C0E88FB1D}.Release|x86.ActiveCfg = Release|Any CPU
		{673A4B75-4418-4F0B-88A9-5A7C0E88FB1D}.Release|x86.Build.0 = Release|Any CPU
		{43B5DE4D-C8F6-4A0A-B9AC-73EEAA83D49B}.Debug|Any CPU.ActiveCfg = Debug|Any CPU
		{43B5DE4D-C8F6-4A0A-B9AC-73EEAA83D49B}.Debug|Any CPU.Build.0 = Debug|Any CPU
		{43B5DE4D-C8F6-4A0A-B9AC-73EEAA83D49B}.Debug|x64.ActiveCfg = Debug|Any CPU
		{43B5DE4D-C8F6-4A0A-B9AC-73EEAA83D49B}.Debug|x64.Build.0 = Debug|Any CPU
		{43B5DE4D-C8F6-4A0A-B9AC-73EEAA83D49B}.Debug|x86.ActiveCfg = Debug|Any CPU
		{43B5DE4D-C8F6-4A0A-B9AC-73EEAA83D49B}.Debug|x86.Build.0 = Debug|Any CPU
		{43B5DE4D-C8F6-4A0A-B9AC-73EEAA83D49B}.Release|Any CPU.ActiveCfg = Release|Any CPU
		{43B5DE4D-C8F6-4A0A-B9AC-73EEAA83D49B}.Release|Any CPU.Build.0 = Release|Any CPU
		{43B5DE4D-C8F6-4A0A-B9AC-73EEAA83D49B}.Release|x64.ActiveCfg = Release|Any CPU
		{43B5DE4D-C8F6-4A0A-B9AC-73EEAA83D49B}.Release|x64.Build.0 = Release|Any CPU
		{43B5DE4D-C8F6-4A0A-B9AC-73EEAA83D49B}.Release|x86.ActiveCfg = Release|Any CPU
		{43B5DE4D-C8F6-4A0A-B9AC-73EEAA83D49B}.Release|x86.Build.0 = Release|Any CPU
		{E4188557-5696-4CCC-98AB-890EB52E2E7C}.Debug|Any CPU.ActiveCfg = Debug|Any CPU
		{E4188557-5696-4CCC-98AB-890EB52E2E7C}.Debug|Any CPU.Build.0 = Debug|Any CPU
		{E4188557-5696-4CCC-98AB-890EB52E2E7C}.Debug|x64.ActiveCfg = Debug|Any CPU
		{E4188557-5696-4CCC-98AB-890EB52E2E7C}.Debug|x64.Build.0 = Debug|Any CPU
		{E4188557-5696-4CCC-98AB-890EB52E2E7C}.Debug|x86.ActiveCfg = Debug|Any CPU
		{E4188557-5696-4CCC-98AB-890EB52E2E7C}.Debug|x86.Build.0 = Debug|Any CPU
		{E4188557-5696-4CCC-98AB-890EB52E2E7C}.Release|Any CPU.ActiveCfg = Release|Any CPU
		{E4188557-5696-4CCC-98AB-890EB52E2E7C}.Release|Any CPU.Build.0 = Release|Any CPU
		{E4188557-5696-4CCC-98AB-890EB52E2E7C}.Release|x64.ActiveCfg = Release|Any CPU
		{E4188557-5696-4CCC-98AB-890EB52E2E7C}.Release|x64.Build.0 = Release|Any CPU
		{E4188557-5696-4CCC-98AB-890EB52E2E7C}.Release|x86.ActiveCfg = Release|Any CPU
		{E4188557-5696-4CCC-98AB-890EB52E2E7C}.Release|x86.Build.0 = Release|Any CPU
		{9D11C9CB-848E-47C3-B65A-1C9067D657B2}.Debug|Any CPU.ActiveCfg = Debug|Any CPU
		{9D11C9CB-848E-47C3-B65A-1C9067D657B2}.Debug|Any CPU.Build.0 = Debug|Any CPU
		{9D11C9CB-848E-47C3-B65A-1C9067D657B2}.Debug|x64.ActiveCfg = Debug|Any CPU
		{9D11C9CB-848E-47C3-B65A-1C9067D657B2}.Debug|x64.Build.0 = Debug|Any CPU
		{9D11C9CB-848E-47C3-B65A-1C9067D657B2}.Debug|x86.ActiveCfg = Debug|Any CPU
		{9D11C9CB-848E-47C3-B65A-1C9067D657B2}.Debug|x86.Build.0 = Debug|Any CPU
		{9D11C9CB-848E-47C3-B65A-1C9067D657B2}.Release|Any CPU.ActiveCfg = Release|Any CPU
		{9D11C9CB-848E-47C3-B65A-1C9067D657B2}.Release|Any CPU.Build.0 = Release|Any CPU
		{9D11C9CB-848E-47C3-B65A-1C9067D657B2}.Release|x64.ActiveCfg = Release|Any CPU
		{9D11C9CB-848E-47C3-B65A-1C9067D657B2}.Release|x64.Build.0 = Release|Any CPU
		{9D11C9CB-848E-47C3-B65A-1C9067D657B2}.Release|x86.ActiveCfg = Release|Any CPU
		{9D11C9CB-848E-47C3-B65A-1C9067D657B2}.Release|x86.Build.0 = Release|Any CPU
		{CF254921-5D54-4012-824A-9DCBAC671547}.Debug|Any CPU.ActiveCfg = Debug|Any CPU
		{CF254921-5D54-4012-824A-9DCBAC671547}.Debug|Any CPU.Build.0 = Debug|Any CPU
		{CF254921-5D54-4012-824A-9DCBAC671547}.Debug|x64.ActiveCfg = Debug|Any CPU
		{CF254921-5D54-4012-824A-9DCBAC671547}.Debug|x64.Build.0 = Debug|Any CPU
		{CF254921-5D54-4012-824A-9DCBAC671547}.Debug|x86.ActiveCfg = Debug|Any CPU
		{CF254921-5D54-4012-824A-9DCBAC671547}.Debug|x86.Build.0 = Debug|Any CPU
		{CF254921-5D54-4012-824A-9DCBAC671547}.Release|Any CPU.ActiveCfg = Release|Any CPU
		{CF254921-5D54-4012-824A-9DCBAC671547}.Release|Any CPU.Build.0 = Release|Any CPU
		{CF254921-5D54-4012-824A-9DCBAC671547}.Release|x64.ActiveCfg = Release|Any CPU
		{CF254921-5D54-4012-824A-9DCBAC671547}.Release|x64.Build.0 = Release|Any CPU
		{CF254921-5D54-4012-824A-9DCBAC671547}.Release|x86.ActiveCfg = Release|Any CPU
		{CF254921-5D54-4012-824A-9DCBAC671547}.Release|x86.Build.0 = Release|Any CPU
		{EC5DC1C1-750C-418A-A982-F89E44496068}.Debug|Any CPU.ActiveCfg = Debug|Any CPU
		{EC5DC1C1-750C-418A-A982-F89E44496068}.Debug|Any CPU.Build.0 = Debug|Any CPU
		{EC5DC1C1-750C-418A-A982-F89E44496068}.Debug|x64.ActiveCfg = Debug|Any CPU
		{EC5DC1C1-750C-418A-A982-F89E44496068}.Debug|x64.Build.0 = Debug|Any CPU
		{EC5DC1C1-750C-418A-A982-F89E44496068}.Debug|x86.ActiveCfg = Debug|Any CPU
		{EC5DC1C1-750C-418A-A982-F89E44496068}.Debug|x86.Build.0 = Debug|Any CPU
		{EC5DC1C1-750C-418A-A982-F89E44496068}.Release|Any CPU.ActiveCfg = Release|Any CPU
		{EC5DC1C1-750C-418A-A982-F89E44496068}.Release|Any CPU.Build.0 = Release|Any CPU
		{EC5DC1C1-750C-418A-A982-F89E44496068}.Release|x64.ActiveCfg = Release|Any CPU
		{EC5DC1C1-750C-418A-A982-F89E44496068}.Release|x64.Build.0 = Release|Any CPU
		{EC5DC1C1-750C-418A-A982-F89E44496068}.Release|x86.ActiveCfg = Release|Any CPU
		{EC5DC1C1-750C-418A-A982-F89E44496068}.Release|x86.Build.0 = Release|Any CPU
		{9BC701DC-69E4-4757-8412-002A8A463A5A}.Debug|Any CPU.ActiveCfg = Debug|Any CPU
		{9BC701DC-69E4-4757-8412-002A8A463A5A}.Debug|Any CPU.Build.0 = Debug|Any CPU
		{9BC701DC-69E4-4757-8412-002A8A463A5A}.Debug|x64.ActiveCfg = Debug|Any CPU
		{9BC701DC-69E4-4757-8412-002A8A463A5A}.Debug|x64.Build.0 = Debug|Any CPU
		{9BC701DC-69E4-4757-8412-002A8A463A5A}.Debug|x86.ActiveCfg = Debug|Any CPU
		{9BC701DC-69E4-4757-8412-002A8A463A5A}.Debug|x86.Build.0 = Debug|Any CPU
		{9BC701DC-69E4-4757-8412-002A8A463A5A}.Release|Any CPU.ActiveCfg = Release|Any CPU
		{9BC701DC-69E4-4757-8412-002A8A463A5A}.Release|Any CPU.Build.0 = Release|Any CPU
		{9BC701DC-69E4-4757-8412-002A8A463A5A}.Release|x64.ActiveCfg = Release|Any CPU
		{9BC701DC-69E4-4757-8412-002A8A463A5A}.Release|x64.Build.0 = Release|Any CPU
		{9BC701DC-69E4-4757-8412-002A8A463A5A}.Release|x86.ActiveCfg = Release|Any CPU
		{9BC701DC-69E4-4757-8412-002A8A463A5A}.Release|x86.Build.0 = Release|Any CPU
		{221E1E77-79A2-4EF2-88AD-8295556CE23E}.Debug|Any CPU.ActiveCfg = Debug|Any CPU
		{221E1E77-79A2-4EF2-88AD-8295556CE23E}.Debug|Any CPU.Build.0 = Debug|Any CPU
		{221E1E77-79A2-4EF2-88AD-8295556CE23E}.Debug|x64.ActiveCfg = Debug|Any CPU
		{221E1E77-79A2-4EF2-88AD-8295556CE23E}.Debug|x64.Build.0 = Debug|Any CPU
		{221E1E77-79A2-4EF2-88AD-8295556CE23E}.Debug|x86.ActiveCfg = Debug|Any CPU
		{221E1E77-79A2-4EF2-88AD-8295556CE23E}.Debug|x86.Build.0 = Debug|Any CPU
		{221E1E77-79A2-4EF2-88AD-8295556CE23E}.Release|Any CPU.ActiveCfg = Release|Any CPU
		{221E1E77-79A2-4EF2-88AD-8295556CE23E}.Release|Any CPU.Build.0 = Release|Any CPU
		{221E1E77-79A2-4EF2-88AD-8295556CE23E}.Release|x64.ActiveCfg = Release|Any CPU
		{221E1E77-79A2-4EF2-88AD-8295556CE23E}.Release|x64.Build.0 = Release|Any CPU
		{221E1E77-79A2-4EF2-88AD-8295556CE23E}.Release|x86.ActiveCfg = Release|Any CPU
		{221E1E77-79A2-4EF2-88AD-8295556CE23E}.Release|x86.Build.0 = Release|Any CPU
		{CE459533-5B13-422A-97D6-54E24E49DD41}.Debug|Any CPU.ActiveCfg = Debug|Any CPU
		{CE459533-5B13-422A-97D6-54E24E49DD41}.Debug|Any CPU.Build.0 = Debug|Any CPU
		{CE459533-5B13-422A-97D6-54E24E49DD41}.Debug|x64.ActiveCfg = Debug|Any CPU
		{CE459533-5B13-422A-97D6-54E24E49DD41}.Debug|x64.Build.0 = Debug|Any CPU
		{CE459533-5B13-422A-97D6-54E24E49DD41}.Debug|x86.ActiveCfg = Debug|Any CPU
		{CE459533-5B13-422A-97D6-54E24E49DD41}.Debug|x86.Build.0 = Debug|Any CPU
		{CE459533-5B13-422A-97D6-54E24E49DD41}.Release|Any CPU.ActiveCfg = Release|Any CPU
		{CE459533-5B13-422A-97D6-54E24E49DD41}.Release|Any CPU.Build.0 = Release|Any CPU
		{CE459533-5B13-422A-97D6-54E24E49DD41}.Release|x64.ActiveCfg = Release|Any CPU
		{CE459533-5B13-422A-97D6-54E24E49DD41}.Release|x64.Build.0 = Release|Any CPU
		{CE459533-5B13-422A-97D6-54E24E49DD41}.Release|x86.ActiveCfg = Release|Any CPU
		{CE459533-5B13-422A-97D6-54E24E49DD41}.Release|x86.Build.0 = Release|Any CPU
		{63D539CF-4B08-4DDF-A7DE-CDA92246E0F9}.Debug|Any CPU.ActiveCfg = Debug|Any CPU
		{63D539CF-4B08-4DDF-A7DE-CDA92246E0F9}.Debug|Any CPU.Build.0 = Debug|Any CPU
		{63D539CF-4B08-4DDF-A7DE-CDA92246E0F9}.Debug|x64.ActiveCfg = Debug|Any CPU
		{63D539CF-4B08-4DDF-A7DE-CDA92246E0F9}.Debug|x64.Build.0 = Debug|Any CPU
		{63D539CF-4B08-4DDF-A7DE-CDA92246E0F9}.Debug|x86.ActiveCfg = Debug|Any CPU
		{63D539CF-4B08-4DDF-A7DE-CDA92246E0F9}.Debug|x86.Build.0 = Debug|Any CPU
		{63D539CF-4B08-4DDF-A7DE-CDA92246E0F9}.Release|Any CPU.ActiveCfg = Release|Any CPU
		{63D539CF-4B08-4DDF-A7DE-CDA92246E0F9}.Release|Any CPU.Build.0 = Release|Any CPU
		{63D539CF-4B08-4DDF-A7DE-CDA92246E0F9}.Release|x64.ActiveCfg = Release|Any CPU
		{63D539CF-4B08-4DDF-A7DE-CDA92246E0F9}.Release|x64.Build.0 = Release|Any CPU
		{63D539CF-4B08-4DDF-A7DE-CDA92246E0F9}.Release|x86.ActiveCfg = Release|Any CPU
		{63D539CF-4B08-4DDF-A7DE-CDA92246E0F9}.Release|x86.Build.0 = Release|Any CPU
		{71448534-0AAC-4F0D-BC94-7CC0EC90DF83}.Debug|Any CPU.ActiveCfg = Debug|Any CPU
		{71448534-0AAC-4F0D-BC94-7CC0EC90DF83}.Debug|Any CPU.Build.0 = Debug|Any CPU
		{71448534-0AAC-4F0D-BC94-7CC0EC90DF83}.Debug|x64.ActiveCfg = Debug|Any CPU
		{71448534-0AAC-4F0D-BC94-7CC0EC90DF83}.Debug|x64.Build.0 = Debug|Any CPU
		{71448534-0AAC-4F0D-BC94-7CC0EC90DF83}.Debug|x86.ActiveCfg = Debug|Any CPU
		{71448534-0AAC-4F0D-BC94-7CC0EC90DF83}.Debug|x86.Build.0 = Debug|Any CPU
		{71448534-0AAC-4F0D-BC94-7CC0EC90DF83}.Release|Any CPU.ActiveCfg = Release|Any CPU
		{71448534-0AAC-4F0D-BC94-7CC0EC90DF83}.Release|Any CPU.Build.0 = Release|Any CPU
		{71448534-0AAC-4F0D-BC94-7CC0EC90DF83}.Release|x64.ActiveCfg = Release|Any CPU
		{71448534-0AAC-4F0D-BC94-7CC0EC90DF83}.Release|x64.Build.0 = Release|Any CPU
		{71448534-0AAC-4F0D-BC94-7CC0EC90DF83}.Release|x86.ActiveCfg = Release|Any CPU
		{71448534-0AAC-4F0D-BC94-7CC0EC90DF83}.Release|x86.Build.0 = Release|Any CPU
		{078FDA0B-353D-4EAB-B37D-765273E4C261}.Debug|Any CPU.ActiveCfg = Debug|Any CPU
		{078FDA0B-353D-4EAB-B37D-765273E4C261}.Debug|Any CPU.Build.0 = Debug|Any CPU
		{078FDA0B-353D-4EAB-B37D-765273E4C261}.Debug|x64.ActiveCfg = Debug|Any CPU
		{078FDA0B-353D-4EAB-B37D-765273E4C261}.Debug|x64.Build.0 = Debug|Any CPU
		{078FDA0B-353D-4EAB-B37D-765273E4C261}.Debug|x86.ActiveCfg = Debug|Any CPU
		{078FDA0B-353D-4EAB-B37D-765273E4C261}.Debug|x86.Build.0 = Debug|Any CPU
		{078FDA0B-353D-4EAB-B37D-765273E4C261}.Release|Any CPU.ActiveCfg = Release|Any CPU
		{078FDA0B-353D-4EAB-B37D-765273E4C261}.Release|Any CPU.Build.0 = Release|Any CPU
		{078FDA0B-353D-4EAB-B37D-765273E4C261}.Release|x64.ActiveCfg = Release|Any CPU
		{078FDA0B-353D-4EAB-B37D-765273E4C261}.Release|x64.Build.0 = Release|Any CPU
		{078FDA0B-353D-4EAB-B37D-765273E4C261}.Release|x86.ActiveCfg = Release|Any CPU
		{078FDA0B-353D-4EAB-B37D-765273E4C261}.Release|x86.Build.0 = Release|Any CPU
		{7848E881-FD66-437A-AB39-317521D29CF5}.Debug|Any CPU.ActiveCfg = Debug|Any CPU
		{7848E881-FD66-437A-AB39-317521D29CF5}.Debug|Any CPU.Build.0 = Debug|Any CPU
		{7848E881-FD66-437A-AB39-317521D29CF5}.Debug|x64.ActiveCfg = Debug|Any CPU
		{7848E881-FD66-437A-AB39-317521D29CF5}.Debug|x64.Build.0 = Debug|Any CPU
		{7848E881-FD66-437A-AB39-317521D29CF5}.Debug|x86.ActiveCfg = Debug|Any CPU
		{7848E881-FD66-437A-AB39-317521D29CF5}.Debug|x86.Build.0 = Debug|Any CPU
		{7848E881-FD66-437A-AB39-317521D29CF5}.Release|Any CPU.ActiveCfg = Release|Any CPU
		{7848E881-FD66-437A-AB39-317521D29CF5}.Release|Any CPU.Build.0 = Release|Any CPU
		{7848E881-FD66-437A-AB39-317521D29CF5}.Release|x64.ActiveCfg = Release|Any CPU
		{7848E881-FD66-437A-AB39-317521D29CF5}.Release|x64.Build.0 = Release|Any CPU
		{7848E881-FD66-437A-AB39-317521D29CF5}.Release|x86.ActiveCfg = Release|Any CPU
		{7848E881-FD66-437A-AB39-317521D29CF5}.Release|x86.Build.0 = Release|Any CPU
		{452B59F3-27DC-41A7-97FD-089D76891BC3}.Debug|Any CPU.ActiveCfg = Debug|Any CPU
		{452B59F3-27DC-41A7-97FD-089D76891BC3}.Debug|Any CPU.Build.0 = Debug|Any CPU
		{452B59F3-27DC-41A7-97FD-089D76891BC3}.Debug|x64.ActiveCfg = Debug|Any CPU
		{452B59F3-27DC-41A7-97FD-089D76891BC3}.Debug|x64.Build.0 = Debug|Any CPU
		{452B59F3-27DC-41A7-97FD-089D76891BC3}.Debug|x86.ActiveCfg = Debug|Any CPU
		{452B59F3-27DC-41A7-97FD-089D76891BC3}.Debug|x86.Build.0 = Debug|Any CPU
		{452B59F3-27DC-41A7-97FD-089D76891BC3}.Release|Any CPU.ActiveCfg = Release|Any CPU
		{452B59F3-27DC-41A7-97FD-089D76891BC3}.Release|Any CPU.Build.0 = Release|Any CPU
		{452B59F3-27DC-41A7-97FD-089D76891BC3}.Release|x64.ActiveCfg = Release|Any CPU
		{452B59F3-27DC-41A7-97FD-089D76891BC3}.Release|x64.Build.0 = Release|Any CPU
		{452B59F3-27DC-41A7-97FD-089D76891BC3}.Release|x86.ActiveCfg = Release|Any CPU
		{452B59F3-27DC-41A7-97FD-089D76891BC3}.Release|x86.Build.0 = Release|Any CPU
		{54D738ED-03E2-4BEC-9390-3B0BB6C06917}.Debug|Any CPU.ActiveCfg = Debug|Any CPU
		{54D738ED-03E2-4BEC-9390-3B0BB6C06917}.Debug|Any CPU.Build.0 = Debug|Any CPU
		{54D738ED-03E2-4BEC-9390-3B0BB6C06917}.Debug|x64.ActiveCfg = Debug|Any CPU
		{54D738ED-03E2-4BEC-9390-3B0BB6C06917}.Debug|x64.Build.0 = Debug|Any CPU
		{54D738ED-03E2-4BEC-9390-3B0BB6C06917}.Debug|x86.ActiveCfg = Debug|Any CPU
		{54D738ED-03E2-4BEC-9390-3B0BB6C06917}.Debug|x86.Build.0 = Debug|Any CPU
		{54D738ED-03E2-4BEC-9390-3B0BB6C06917}.Release|Any CPU.ActiveCfg = Release|Any CPU
		{54D738ED-03E2-4BEC-9390-3B0BB6C06917}.Release|Any CPU.Build.0 = Release|Any CPU
		{54D738ED-03E2-4BEC-9390-3B0BB6C06917}.Release|x64.ActiveCfg = Release|Any CPU
		{54D738ED-03E2-4BEC-9390-3B0BB6C06917}.Release|x64.Build.0 = Release|Any CPU
		{54D738ED-03E2-4BEC-9390-3B0BB6C06917}.Release|x86.ActiveCfg = Release|Any CPU
		{54D738ED-03E2-4BEC-9390-3B0BB6C06917}.Release|x86.Build.0 = Release|Any CPU
		{88E65688-5F34-445D-970B-BFF67BF0E886}.Debug|Any CPU.ActiveCfg = Debug|Any CPU
		{88E65688-5F34-445D-970B-BFF67BF0E886}.Debug|Any CPU.Build.0 = Debug|Any CPU
		{88E65688-5F34-445D-970B-BFF67BF0E886}.Debug|x64.ActiveCfg = Debug|Any CPU
		{88E65688-5F34-445D-970B-BFF67BF0E886}.Debug|x64.Build.0 = Debug|Any CPU
		{88E65688-5F34-445D-970B-BFF67BF0E886}.Debug|x86.ActiveCfg = Debug|Any CPU
		{88E65688-5F34-445D-970B-BFF67BF0E886}.Debug|x86.Build.0 = Debug|Any CPU
		{88E65688-5F34-445D-970B-BFF67BF0E886}.Release|Any CPU.ActiveCfg = Release|Any CPU
		{88E65688-5F34-445D-970B-BFF67BF0E886}.Release|Any CPU.Build.0 = Release|Any CPU
		{88E65688-5F34-445D-970B-BFF67BF0E886}.Release|x64.ActiveCfg = Release|Any CPU
		{88E65688-5F34-445D-970B-BFF67BF0E886}.Release|x64.Build.0 = Release|Any CPU
		{88E65688-5F34-445D-970B-BFF67BF0E886}.Release|x86.ActiveCfg = Release|Any CPU
		{88E65688-5F34-445D-970B-BFF67BF0E886}.Release|x86.Build.0 = Release|Any CPU
		{8D0ED055-52C2-4E8F-8A57-73C35B13B8DC}.Debug|Any CPU.ActiveCfg = Debug|Any CPU
		{8D0ED055-52C2-4E8F-8A57-73C35B13B8DC}.Debug|Any CPU.Build.0 = Debug|Any CPU
		{8D0ED055-52C2-4E8F-8A57-73C35B13B8DC}.Debug|x64.ActiveCfg = Debug|Any CPU
		{8D0ED055-52C2-4E8F-8A57-73C35B13B8DC}.Debug|x64.Build.0 = Debug|Any CPU
		{8D0ED055-52C2-4E8F-8A57-73C35B13B8DC}.Debug|x86.ActiveCfg = Debug|Any CPU
		{8D0ED055-52C2-4E8F-8A57-73C35B13B8DC}.Debug|x86.Build.0 = Debug|Any CPU
		{8D0ED055-52C2-4E8F-8A57-73C35B13B8DC}.Release|Any CPU.ActiveCfg = Release|Any CPU
		{8D0ED055-52C2-4E8F-8A57-73C35B13B8DC}.Release|Any CPU.Build.0 = Release|Any CPU
		{8D0ED055-52C2-4E8F-8A57-73C35B13B8DC}.Release|x64.ActiveCfg = Release|Any CPU
		{8D0ED055-52C2-4E8F-8A57-73C35B13B8DC}.Release|x64.Build.0 = Release|Any CPU
		{8D0ED055-52C2-4E8F-8A57-73C35B13B8DC}.Release|x86.ActiveCfg = Release|Any CPU
		{8D0ED055-52C2-4E8F-8A57-73C35B13B8DC}.Release|x86.Build.0 = Release|Any CPU
		{562ABC08-67DA-46AC-BB4F-2D1DA3A31BF3}.Debug|Any CPU.ActiveCfg = Debug|Any CPU
		{562ABC08-67DA-46AC-BB4F-2D1DA3A31BF3}.Debug|Any CPU.Build.0 = Debug|Any CPU
		{562ABC08-67DA-46AC-BB4F-2D1DA3A31BF3}.Debug|x64.ActiveCfg = Debug|Any CPU
		{562ABC08-67DA-46AC-BB4F-2D1DA3A31BF3}.Debug|x64.Build.0 = Debug|Any CPU
		{562ABC08-67DA-46AC-BB4F-2D1DA3A31BF3}.Debug|x86.ActiveCfg = Debug|Any CPU
		{562ABC08-67DA-46AC-BB4F-2D1DA3A31BF3}.Debug|x86.Build.0 = Debug|Any CPU
		{562ABC08-67DA-46AC-BB4F-2D1DA3A31BF3}.Release|Any CPU.ActiveCfg = Release|Any CPU
		{562ABC08-67DA-46AC-BB4F-2D1DA3A31BF3}.Release|Any CPU.Build.0 = Release|Any CPU
		{562ABC08-67DA-46AC-BB4F-2D1DA3A31BF3}.Release|x64.ActiveCfg = Release|Any CPU
		{562ABC08-67DA-46AC-BB4F-2D1DA3A31BF3}.Release|x64.Build.0 = Release|Any CPU
		{562ABC08-67DA-46AC-BB4F-2D1DA3A31BF3}.Release|x86.ActiveCfg = Release|Any CPU
		{562ABC08-67DA-46AC-BB4F-2D1DA3A31BF3}.Release|x86.Build.0 = Release|Any CPU
		{7B8A2464-3A25-47E1-8D76-ABC8AA9CD904}.Debug|Any CPU.ActiveCfg = Debug|Any CPU
		{7B8A2464-3A25-47E1-8D76-ABC8AA9CD904}.Debug|Any CPU.Build.0 = Debug|Any CPU
		{7B8A2464-3A25-47E1-8D76-ABC8AA9CD904}.Debug|x64.ActiveCfg = Debug|Any CPU
		{7B8A2464-3A25-47E1-8D76-ABC8AA9CD904}.Debug|x64.Build.0 = Debug|Any CPU
		{7B8A2464-3A25-47E1-8D76-ABC8AA9CD904}.Debug|x86.ActiveCfg = Debug|Any CPU
		{7B8A2464-3A25-47E1-8D76-ABC8AA9CD904}.Debug|x86.Build.0 = Debug|Any CPU
		{7B8A2464-3A25-47E1-8D76-ABC8AA9CD904}.Release|Any CPU.ActiveCfg = Release|Any CPU
		{7B8A2464-3A25-47E1-8D76-ABC8AA9CD904}.Release|Any CPU.Build.0 = Release|Any CPU
		{7B8A2464-3A25-47E1-8D76-ABC8AA9CD904}.Release|x64.ActiveCfg = Release|Any CPU
		{7B8A2464-3A25-47E1-8D76-ABC8AA9CD904}.Release|x64.Build.0 = Release|Any CPU
		{7B8A2464-3A25-47E1-8D76-ABC8AA9CD904}.Release|x86.ActiveCfg = Release|Any CPU
		{7B8A2464-3A25-47E1-8D76-ABC8AA9CD904}.Release|x86.Build.0 = Release|Any CPU
		{C3ACA300-5ECA-4629-A2DD-7E7DF7E282B0}.Debug|Any CPU.ActiveCfg = Debug|Any CPU
		{C3ACA300-5ECA-4629-A2DD-7E7DF7E282B0}.Debug|Any CPU.Build.0 = Debug|Any CPU
		{C3ACA300-5ECA-4629-A2DD-7E7DF7E282B0}.Debug|x64.ActiveCfg = Debug|Any CPU
		{C3ACA300-5ECA-4629-A2DD-7E7DF7E282B0}.Debug|x64.Build.0 = Debug|Any CPU
		{C3ACA300-5ECA-4629-A2DD-7E7DF7E282B0}.Debug|x86.ActiveCfg = Debug|Any CPU
		{C3ACA300-5ECA-4629-A2DD-7E7DF7E282B0}.Debug|x86.Build.0 = Debug|Any CPU
		{C3ACA300-5ECA-4629-A2DD-7E7DF7E282B0}.Release|Any CPU.ActiveCfg = Release|Any CPU
		{C3ACA300-5ECA-4629-A2DD-7E7DF7E282B0}.Release|Any CPU.Build.0 = Release|Any CPU
		{C3ACA300-5ECA-4629-A2DD-7E7DF7E282B0}.Release|x64.ActiveCfg = Release|Any CPU
		{C3ACA300-5ECA-4629-A2DD-7E7DF7E282B0}.Release|x64.Build.0 = Release|Any CPU
		{C3ACA300-5ECA-4629-A2DD-7E7DF7E282B0}.Release|x86.ActiveCfg = Release|Any CPU
		{C3ACA300-5ECA-4629-A2DD-7E7DF7E282B0}.Release|x86.Build.0 = Release|Any CPU
		{51F2A2E4-E7A8-43AE-9701-C4CBDCE579CD}.Debug|Any CPU.ActiveCfg = Debug|Any CPU
		{51F2A2E4-E7A8-43AE-9701-C4CBDCE579CD}.Debug|Any CPU.Build.0 = Debug|Any CPU
		{51F2A2E4-E7A8-43AE-9701-C4CBDCE579CD}.Debug|x64.ActiveCfg = Debug|Any CPU
		{51F2A2E4-E7A8-43AE-9701-C4CBDCE579CD}.Debug|x64.Build.0 = Debug|Any CPU
		{51F2A2E4-E7A8-43AE-9701-C4CBDCE579CD}.Debug|x86.ActiveCfg = Debug|Any CPU
		{51F2A2E4-E7A8-43AE-9701-C4CBDCE579CD}.Debug|x86.Build.0 = Debug|Any CPU
		{51F2A2E4-E7A8-43AE-9701-C4CBDCE579CD}.Release|Any CPU.ActiveCfg = Release|Any CPU
		{51F2A2E4-E7A8-43AE-9701-C4CBDCE579CD}.Release|Any CPU.Build.0 = Release|Any CPU
		{51F2A2E4-E7A8-43AE-9701-C4CBDCE579CD}.Release|x64.ActiveCfg = Release|Any CPU
		{51F2A2E4-E7A8-43AE-9701-C4CBDCE579CD}.Release|x64.Build.0 = Release|Any CPU
		{51F2A2E4-E7A8-43AE-9701-C4CBDCE579CD}.Release|x86.ActiveCfg = Release|Any CPU
		{51F2A2E4-E7A8-43AE-9701-C4CBDCE579CD}.Release|x86.Build.0 = Release|Any CPU
		{E6071A7C-C46E-488E-9D21-2FB8FDF6613B}.Debug|Any CPU.ActiveCfg = Debug|Any CPU
		{E6071A7C-C46E-488E-9D21-2FB8FDF6613B}.Debug|Any CPU.Build.0 = Debug|Any CPU
		{E6071A7C-C46E-488E-9D21-2FB8FDF6613B}.Debug|x64.ActiveCfg = Debug|Any CPU
		{E6071A7C-C46E-488E-9D21-2FB8FDF6613B}.Debug|x64.Build.0 = Debug|Any CPU
		{E6071A7C-C46E-488E-9D21-2FB8FDF6613B}.Debug|x86.ActiveCfg = Debug|Any CPU
		{E6071A7C-C46E-488E-9D21-2FB8FDF6613B}.Debug|x86.Build.0 = Debug|Any CPU
		{E6071A7C-C46E-488E-9D21-2FB8FDF6613B}.Release|Any CPU.ActiveCfg = Release|Any CPU
		{E6071A7C-C46E-488E-9D21-2FB8FDF6613B}.Release|Any CPU.Build.0 = Release|Any CPU
		{E6071A7C-C46E-488E-9D21-2FB8FDF6613B}.Release|x64.ActiveCfg = Release|Any CPU
		{E6071A7C-C46E-488E-9D21-2FB8FDF6613B}.Release|x64.Build.0 = Release|Any CPU
		{E6071A7C-C46E-488E-9D21-2FB8FDF6613B}.Release|x86.ActiveCfg = Release|Any CPU
		{E6071A7C-C46E-488E-9D21-2FB8FDF6613B}.Release|x86.Build.0 = Release|Any CPU
		{FFBDCA71-9096-4230-A789-CA8E35A136C8}.Debug|Any CPU.ActiveCfg = Debug|Any CPU
		{FFBDCA71-9096-4230-A789-CA8E35A136C8}.Debug|Any CPU.Build.0 = Debug|Any CPU
		{FFBDCA71-9096-4230-A789-CA8E35A136C8}.Debug|x64.ActiveCfg = Debug|Any CPU
		{FFBDCA71-9096-4230-A789-CA8E35A136C8}.Debug|x64.Build.0 = Debug|Any CPU
		{FFBDCA71-9096-4230-A789-CA8E35A136C8}.Debug|x86.ActiveCfg = Debug|Any CPU
		{FFBDCA71-9096-4230-A789-CA8E35A136C8}.Debug|x86.Build.0 = Debug|Any CPU
		{FFBDCA71-9096-4230-A789-CA8E35A136C8}.Release|Any CPU.ActiveCfg = Release|Any CPU
		{FFBDCA71-9096-4230-A789-CA8E35A136C8}.Release|Any CPU.Build.0 = Release|Any CPU
		{FFBDCA71-9096-4230-A789-CA8E35A136C8}.Release|x64.ActiveCfg = Release|Any CPU
		{FFBDCA71-9096-4230-A789-CA8E35A136C8}.Release|x64.Build.0 = Release|Any CPU
		{FFBDCA71-9096-4230-A789-CA8E35A136C8}.Release|x86.ActiveCfg = Release|Any CPU
		{FFBDCA71-9096-4230-A789-CA8E35A136C8}.Release|x86.Build.0 = Release|Any CPU
		{D0F8D0EF-8FC6-4FD4-B8E9-39344C319407}.Debug|Any CPU.ActiveCfg = Debug|Any CPU
		{D0F8D0EF-8FC6-4FD4-B8E9-39344C319407}.Debug|Any CPU.Build.0 = Debug|Any CPU
		{D0F8D0EF-8FC6-4FD4-B8E9-39344C319407}.Debug|x64.ActiveCfg = Debug|Any CPU
		{D0F8D0EF-8FC6-4FD4-B8E9-39344C319407}.Debug|x64.Build.0 = Debug|Any CPU
		{D0F8D0EF-8FC6-4FD4-B8E9-39344C319407}.Debug|x86.ActiveCfg = Debug|Any CPU
		{D0F8D0EF-8FC6-4FD4-B8E9-39344C319407}.Debug|x86.Build.0 = Debug|Any CPU
		{D0F8D0EF-8FC6-4FD4-B8E9-39344C319407}.Release|Any CPU.ActiveCfg = Release|Any CPU
		{D0F8D0EF-8FC6-4FD4-B8E9-39344C319407}.Release|Any CPU.Build.0 = Release|Any CPU
		{D0F8D0EF-8FC6-4FD4-B8E9-39344C319407}.Release|x64.ActiveCfg = Release|Any CPU
		{D0F8D0EF-8FC6-4FD4-B8E9-39344C319407}.Release|x64.Build.0 = Release|Any CPU
		{D0F8D0EF-8FC6-4FD4-B8E9-39344C319407}.Release|x86.ActiveCfg = Release|Any CPU
		{D0F8D0EF-8FC6-4FD4-B8E9-39344C319407}.Release|x86.Build.0 = Release|Any CPU
		{6C848C22-5786-4BC9-993C-146DEEA73A70}.Debug|Any CPU.ActiveCfg = Debug|Any CPU
		{6C848C22-5786-4BC9-993C-146DEEA73A70}.Debug|Any CPU.Build.0 = Debug|Any CPU
		{6C848C22-5786-4BC9-993C-146DEEA73A70}.Debug|x64.ActiveCfg = Debug|Any CPU
		{6C848C22-5786-4BC9-993C-146DEEA73A70}.Debug|x64.Build.0 = Debug|Any CPU
		{6C848C22-5786-4BC9-993C-146DEEA73A70}.Debug|x86.ActiveCfg = Debug|Any CPU
		{6C848C22-5786-4BC9-993C-146DEEA73A70}.Debug|x86.Build.0 = Debug|Any CPU
		{6C848C22-5786-4BC9-993C-146DEEA73A70}.Release|Any CPU.ActiveCfg = Release|Any CPU
		{6C848C22-5786-4BC9-993C-146DEEA73A70}.Release|Any CPU.Build.0 = Release|Any CPU
		{6C848C22-5786-4BC9-993C-146DEEA73A70}.Release|x64.ActiveCfg = Release|Any CPU
		{6C848C22-5786-4BC9-993C-146DEEA73A70}.Release|x64.Build.0 = Release|Any CPU
		{6C848C22-5786-4BC9-993C-146DEEA73A70}.Release|x86.ActiveCfg = Release|Any CPU
		{6C848C22-5786-4BC9-993C-146DEEA73A70}.Release|x86.Build.0 = Release|Any CPU
		{04DA68C4-3295-4DDD-BB66-17E89CE06BF8}.Debug|Any CPU.ActiveCfg = Debug|Any CPU
		{04DA68C4-3295-4DDD-BB66-17E89CE06BF8}.Debug|Any CPU.Build.0 = Debug|Any CPU
		{04DA68C4-3295-4DDD-BB66-17E89CE06BF8}.Debug|x64.ActiveCfg = Debug|Any CPU
		{04DA68C4-3295-4DDD-BB66-17E89CE06BF8}.Debug|x64.Build.0 = Debug|Any CPU
		{04DA68C4-3295-4DDD-BB66-17E89CE06BF8}.Debug|x86.ActiveCfg = Debug|Any CPU
		{04DA68C4-3295-4DDD-BB66-17E89CE06BF8}.Debug|x86.Build.0 = Debug|Any CPU
		{04DA68C4-3295-4DDD-BB66-17E89CE06BF8}.Release|Any CPU.ActiveCfg = Release|Any CPU
		{04DA68C4-3295-4DDD-BB66-17E89CE06BF8}.Release|Any CPU.Build.0 = Release|Any CPU
		{04DA68C4-3295-4DDD-BB66-17E89CE06BF8}.Release|x64.ActiveCfg = Release|Any CPU
		{04DA68C4-3295-4DDD-BB66-17E89CE06BF8}.Release|x64.Build.0 = Release|Any CPU
		{04DA68C4-3295-4DDD-BB66-17E89CE06BF8}.Release|x86.ActiveCfg = Release|Any CPU
		{04DA68C4-3295-4DDD-BB66-17E89CE06BF8}.Release|x86.Build.0 = Release|Any CPU
		{89031807-C250-4F3E-9C34-7076E0FC3FFE}.Debug|Any CPU.ActiveCfg = Debug|Any CPU
		{89031807-C250-4F3E-9C34-7076E0FC3FFE}.Debug|Any CPU.Build.0 = Debug|Any CPU
		{89031807-C250-4F3E-9C34-7076E0FC3FFE}.Debug|x64.ActiveCfg = Debug|Any CPU
		{89031807-C250-4F3E-9C34-7076E0FC3FFE}.Debug|x64.Build.0 = Debug|Any CPU
		{89031807-C250-4F3E-9C34-7076E0FC3FFE}.Debug|x86.ActiveCfg = Debug|Any CPU
		{89031807-C250-4F3E-9C34-7076E0FC3FFE}.Debug|x86.Build.0 = Debug|Any CPU
		{89031807-C250-4F3E-9C34-7076E0FC3FFE}.Release|Any CPU.ActiveCfg = Release|Any CPU
		{89031807-C250-4F3E-9C34-7076E0FC3FFE}.Release|Any CPU.Build.0 = Release|Any CPU
		{89031807-C250-4F3E-9C34-7076E0FC3FFE}.Release|x64.ActiveCfg = Release|Any CPU
		{89031807-C250-4F3E-9C34-7076E0FC3FFE}.Release|x64.Build.0 = Release|Any CPU
		{89031807-C250-4F3E-9C34-7076E0FC3FFE}.Release|x86.ActiveCfg = Release|Any CPU
		{89031807-C250-4F3E-9C34-7076E0FC3FFE}.Release|x86.Build.0 = Release|Any CPU
		{2025D548-A2A5-4F5E-B5EE-410AA7C3BB39}.Debug|Any CPU.ActiveCfg = Debug|Any CPU
		{2025D548-A2A5-4F5E-B5EE-410AA7C3BB39}.Debug|Any CPU.Build.0 = Debug|Any CPU
		{2025D548-A2A5-4F5E-B5EE-410AA7C3BB39}.Debug|x64.ActiveCfg = Debug|Any CPU
		{2025D548-A2A5-4F5E-B5EE-410AA7C3BB39}.Debug|x64.Build.0 = Debug|Any CPU
		{2025D548-A2A5-4F5E-B5EE-410AA7C3BB39}.Debug|x86.ActiveCfg = Debug|Any CPU
		{2025D548-A2A5-4F5E-B5EE-410AA7C3BB39}.Debug|x86.Build.0 = Debug|Any CPU
		{2025D548-A2A5-4F5E-B5EE-410AA7C3BB39}.Release|Any CPU.ActiveCfg = Release|Any CPU
		{2025D548-A2A5-4F5E-B5EE-410AA7C3BB39}.Release|Any CPU.Build.0 = Release|Any CPU
		{2025D548-A2A5-4F5E-B5EE-410AA7C3BB39}.Release|x64.ActiveCfg = Release|Any CPU
		{2025D548-A2A5-4F5E-B5EE-410AA7C3BB39}.Release|x64.Build.0 = Release|Any CPU
		{2025D548-A2A5-4F5E-B5EE-410AA7C3BB39}.Release|x86.ActiveCfg = Release|Any CPU
		{2025D548-A2A5-4F5E-B5EE-410AA7C3BB39}.Release|x86.Build.0 = Release|Any CPU
		{E297F1BA-19BE-4E91-9F94-30497262A4BB}.Debug|Any CPU.ActiveCfg = Debug|Any CPU
		{E297F1BA-19BE-4E91-9F94-30497262A4BB}.Debug|Any CPU.Build.0 = Debug|Any CPU
		{E297F1BA-19BE-4E91-9F94-30497262A4BB}.Debug|x64.ActiveCfg = Debug|Any CPU
		{E297F1BA-19BE-4E91-9F94-30497262A4BB}.Debug|x64.Build.0 = Debug|Any CPU
		{E297F1BA-19BE-4E91-9F94-30497262A4BB}.Debug|x86.ActiveCfg = Debug|Any CPU
		{E297F1BA-19BE-4E91-9F94-30497262A4BB}.Debug|x86.Build.0 = Debug|Any CPU
		{E297F1BA-19BE-4E91-9F94-30497262A4BB}.Release|Any CPU.ActiveCfg = Release|Any CPU
		{E297F1BA-19BE-4E91-9F94-30497262A4BB}.Release|Any CPU.Build.0 = Release|Any CPU
		{E297F1BA-19BE-4E91-9F94-30497262A4BB}.Release|x64.ActiveCfg = Release|Any CPU
		{E297F1BA-19BE-4E91-9F94-30497262A4BB}.Release|x64.Build.0 = Release|Any CPU
		{E297F1BA-19BE-4E91-9F94-30497262A4BB}.Release|x86.ActiveCfg = Release|Any CPU
		{E297F1BA-19BE-4E91-9F94-30497262A4BB}.Release|x86.Build.0 = Release|Any CPU
		{B180A3BA-52D9-43A9-B621-AA7D43AB6F6A}.Debug|Any CPU.ActiveCfg = Debug|Any CPU
		{B180A3BA-52D9-43A9-B621-AA7D43AB6F6A}.Debug|Any CPU.Build.0 = Debug|Any CPU
		{B180A3BA-52D9-43A9-B621-AA7D43AB6F6A}.Debug|x64.ActiveCfg = Debug|Any CPU
		{B180A3BA-52D9-43A9-B621-AA7D43AB6F6A}.Debug|x64.Build.0 = Debug|Any CPU
		{B180A3BA-52D9-43A9-B621-AA7D43AB6F6A}.Debug|x86.ActiveCfg = Debug|Any CPU
		{B180A3BA-52D9-43A9-B621-AA7D43AB6F6A}.Debug|x86.Build.0 = Debug|Any CPU
		{B180A3BA-52D9-43A9-B621-AA7D43AB6F6A}.Release|Any CPU.ActiveCfg = Release|Any CPU
		{B180A3BA-52D9-43A9-B621-AA7D43AB6F6A}.Release|Any CPU.Build.0 = Release|Any CPU
		{B180A3BA-52D9-43A9-B621-AA7D43AB6F6A}.Release|x64.ActiveCfg = Release|Any CPU
		{B180A3BA-52D9-43A9-B621-AA7D43AB6F6A}.Release|x64.Build.0 = Release|Any CPU
		{B180A3BA-52D9-43A9-B621-AA7D43AB6F6A}.Release|x86.ActiveCfg = Release|Any CPU
		{B180A3BA-52D9-43A9-B621-AA7D43AB6F6A}.Release|x86.Build.0 = Release|Any CPU
		{0483F786-EA33-46E9-88BF-AC8C320FCD61}.Debug|Any CPU.ActiveCfg = Debug|Any CPU
		{0483F786-EA33-46E9-88BF-AC8C320FCD61}.Debug|Any CPU.Build.0 = Debug|Any CPU
		{0483F786-EA33-46E9-88BF-AC8C320FCD61}.Debug|x64.ActiveCfg = Debug|Any CPU
		{0483F786-EA33-46E9-88BF-AC8C320FCD61}.Debug|x64.Build.0 = Debug|Any CPU
		{0483F786-EA33-46E9-88BF-AC8C320FCD61}.Debug|x86.ActiveCfg = Debug|Any CPU
		{0483F786-EA33-46E9-88BF-AC8C320FCD61}.Debug|x86.Build.0 = Debug|Any CPU
		{0483F786-EA33-46E9-88BF-AC8C320FCD61}.Release|Any CPU.ActiveCfg = Release|Any CPU
		{0483F786-EA33-46E9-88BF-AC8C320FCD61}.Release|Any CPU.Build.0 = Release|Any CPU
		{0483F786-EA33-46E9-88BF-AC8C320FCD61}.Release|x64.ActiveCfg = Release|Any CPU
		{0483F786-EA33-46E9-88BF-AC8C320FCD61}.Release|x64.Build.0 = Release|Any CPU
		{0483F786-EA33-46E9-88BF-AC8C320FCD61}.Release|x86.ActiveCfg = Release|Any CPU
		{0483F786-EA33-46E9-88BF-AC8C320FCD61}.Release|x86.Build.0 = Release|Any CPU
		{9C3378FC-D280-4E10-B258-E97153989E77}.Debug|Any CPU.ActiveCfg = Debug|Any CPU
		{9C3378FC-D280-4E10-B258-E97153989E77}.Debug|Any CPU.Build.0 = Debug|Any CPU
		{9C3378FC-D280-4E10-B258-E97153989E77}.Debug|x64.ActiveCfg = Debug|Any CPU
		{9C3378FC-D280-4E10-B258-E97153989E77}.Debug|x64.Build.0 = Debug|Any CPU
		{9C3378FC-D280-4E10-B258-E97153989E77}.Debug|x86.ActiveCfg = Debug|Any CPU
		{9C3378FC-D280-4E10-B258-E97153989E77}.Debug|x86.Build.0 = Debug|Any CPU
		{9C3378FC-D280-4E10-B258-E97153989E77}.Release|Any CPU.ActiveCfg = Release|Any CPU
		{9C3378FC-D280-4E10-B258-E97153989E77}.Release|Any CPU.Build.0 = Release|Any CPU
		{9C3378FC-D280-4E10-B258-E97153989E77}.Release|x64.ActiveCfg = Release|Any CPU
		{9C3378FC-D280-4E10-B258-E97153989E77}.Release|x64.Build.0 = Release|Any CPU
		{9C3378FC-D280-4E10-B258-E97153989E77}.Release|x86.ActiveCfg = Release|Any CPU
		{9C3378FC-D280-4E10-B258-E97153989E77}.Release|x86.Build.0 = Release|Any CPU
		{60C68266-62CA-4432-810B-2AE0C195A032}.Debug|Any CPU.ActiveCfg = Debug|Any CPU
		{60C68266-62CA-4432-810B-2AE0C195A032}.Debug|Any CPU.Build.0 = Debug|Any CPU
		{60C68266-62CA-4432-810B-2AE0C195A032}.Debug|x64.ActiveCfg = Debug|Any CPU
		{60C68266-62CA-4432-810B-2AE0C195A032}.Debug|x64.Build.0 = Debug|Any CPU
		{60C68266-62CA-4432-810B-2AE0C195A032}.Debug|x86.ActiveCfg = Debug|Any CPU
		{60C68266-62CA-4432-810B-2AE0C195A032}.Debug|x86.Build.0 = Debug|Any CPU
		{60C68266-62CA-4432-810B-2AE0C195A032}.Release|Any CPU.ActiveCfg = Release|Any CPU
		{60C68266-62CA-4432-810B-2AE0C195A032}.Release|Any CPU.Build.0 = Release|Any CPU
		{60C68266-62CA-4432-810B-2AE0C195A032}.Release|x64.ActiveCfg = Release|Any CPU
		{60C68266-62CA-4432-810B-2AE0C195A032}.Release|x64.Build.0 = Release|Any CPU
		{60C68266-62CA-4432-810B-2AE0C195A032}.Release|x86.ActiveCfg = Release|Any CPU
		{60C68266-62CA-4432-810B-2AE0C195A032}.Release|x86.Build.0 = Release|Any CPU
		{99B004FF-A320-4382-84DC-9348F6725AB7}.Debug|Any CPU.ActiveCfg = Debug|Any CPU
		{99B004FF-A320-4382-84DC-9348F6725AB7}.Debug|Any CPU.Build.0 = Debug|Any CPU
		{99B004FF-A320-4382-84DC-9348F6725AB7}.Debug|x64.ActiveCfg = Debug|Any CPU
		{99B004FF-A320-4382-84DC-9348F6725AB7}.Debug|x64.Build.0 = Debug|Any CPU
		{99B004FF-A320-4382-84DC-9348F6725AB7}.Debug|x86.ActiveCfg = Debug|Any CPU
		{99B004FF-A320-4382-84DC-9348F6725AB7}.Debug|x86.Build.0 = Debug|Any CPU
		{99B004FF-A320-4382-84DC-9348F6725AB7}.Release|Any CPU.ActiveCfg = Release|Any CPU
		{99B004FF-A320-4382-84DC-9348F6725AB7}.Release|Any CPU.Build.0 = Release|Any CPU
		{99B004FF-A320-4382-84DC-9348F6725AB7}.Release|x64.ActiveCfg = Release|Any CPU
		{99B004FF-A320-4382-84DC-9348F6725AB7}.Release|x64.Build.0 = Release|Any CPU
		{99B004FF-A320-4382-84DC-9348F6725AB7}.Release|x86.ActiveCfg = Release|Any CPU
		{99B004FF-A320-4382-84DC-9348F6725AB7}.Release|x86.Build.0 = Release|Any CPU
		{DC2F0453-BC60-40BC-A900-9A3A02B1BB95}.Debug|Any CPU.ActiveCfg = Debug|Any CPU
		{DC2F0453-BC60-40BC-A900-9A3A02B1BB95}.Debug|Any CPU.Build.0 = Debug|Any CPU
		{DC2F0453-BC60-40BC-A900-9A3A02B1BB95}.Debug|x64.ActiveCfg = Debug|Any CPU
		{DC2F0453-BC60-40BC-A900-9A3A02B1BB95}.Debug|x64.Build.0 = Debug|Any CPU
		{DC2F0453-BC60-40BC-A900-9A3A02B1BB95}.Debug|x86.ActiveCfg = Debug|Any CPU
		{DC2F0453-BC60-40BC-A900-9A3A02B1BB95}.Debug|x86.Build.0 = Debug|Any CPU
		{DC2F0453-BC60-40BC-A900-9A3A02B1BB95}.Release|Any CPU.ActiveCfg = Release|Any CPU
		{DC2F0453-BC60-40BC-A900-9A3A02B1BB95}.Release|Any CPU.Build.0 = Release|Any CPU
		{DC2F0453-BC60-40BC-A900-9A3A02B1BB95}.Release|x64.ActiveCfg = Release|Any CPU
		{DC2F0453-BC60-40BC-A900-9A3A02B1BB95}.Release|x64.Build.0 = Release|Any CPU
		{DC2F0453-BC60-40BC-A900-9A3A02B1BB95}.Release|x86.ActiveCfg = Release|Any CPU
		{DC2F0453-BC60-40BC-A900-9A3A02B1BB95}.Release|x86.Build.0 = Release|Any CPU
		{FB88A21F-CE96-4AEE-87B9-B3384A20412A}.Debug|Any CPU.ActiveCfg = Debug|Any CPU
		{FB88A21F-CE96-4AEE-87B9-B3384A20412A}.Debug|Any CPU.Build.0 = Debug|Any CPU
		{FB88A21F-CE96-4AEE-87B9-B3384A20412A}.Debug|x64.ActiveCfg = Debug|Any CPU
		{FB88A21F-CE96-4AEE-87B9-B3384A20412A}.Debug|x64.Build.0 = Debug|Any CPU
		{FB88A21F-CE96-4AEE-87B9-B3384A20412A}.Debug|x86.ActiveCfg = Debug|Any CPU
		{FB88A21F-CE96-4AEE-87B9-B3384A20412A}.Debug|x86.Build.0 = Debug|Any CPU
		{FB88A21F-CE96-4AEE-87B9-B3384A20412A}.Release|Any CPU.ActiveCfg = Release|Any CPU
		{FB88A21F-CE96-4AEE-87B9-B3384A20412A}.Release|Any CPU.Build.0 = Release|Any CPU
		{FB88A21F-CE96-4AEE-87B9-B3384A20412A}.Release|x64.ActiveCfg = Release|Any CPU
		{FB88A21F-CE96-4AEE-87B9-B3384A20412A}.Release|x64.Build.0 = Release|Any CPU
		{FB88A21F-CE96-4AEE-87B9-B3384A20412A}.Release|x86.ActiveCfg = Release|Any CPU
		{FB88A21F-CE96-4AEE-87B9-B3384A20412A}.Release|x86.Build.0 = Release|Any CPU
		{EE2F5776-0BE2-4F28-AD3D-5F82BE88FBB4}.Debug|Any CPU.ActiveCfg = Debug|Any CPU
		{EE2F5776-0BE2-4F28-AD3D-5F82BE88FBB4}.Debug|Any CPU.Build.0 = Debug|Any CPU
		{EE2F5776-0BE2-4F28-AD3D-5F82BE88FBB4}.Debug|x64.ActiveCfg = Debug|Any CPU
		{EE2F5776-0BE2-4F28-AD3D-5F82BE88FBB4}.Debug|x64.Build.0 = Debug|Any CPU
		{EE2F5776-0BE2-4F28-AD3D-5F82BE88FBB4}.Debug|x86.ActiveCfg = Debug|Any CPU
		{EE2F5776-0BE2-4F28-AD3D-5F82BE88FBB4}.Debug|x86.Build.0 = Debug|Any CPU
		{EE2F5776-0BE2-4F28-AD3D-5F82BE88FBB4}.Release|Any CPU.ActiveCfg = Release|Any CPU
		{EE2F5776-0BE2-4F28-AD3D-5F82BE88FBB4}.Release|Any CPU.Build.0 = Release|Any CPU
		{EE2F5776-0BE2-4F28-AD3D-5F82BE88FBB4}.Release|x64.ActiveCfg = Release|Any CPU
		{EE2F5776-0BE2-4F28-AD3D-5F82BE88FBB4}.Release|x64.Build.0 = Release|Any CPU
		{EE2F5776-0BE2-4F28-AD3D-5F82BE88FBB4}.Release|x86.ActiveCfg = Release|Any CPU
		{EE2F5776-0BE2-4F28-AD3D-5F82BE88FBB4}.Release|x86.Build.0 = Release|Any CPU
		{65DEAB35-A903-45AE-8B33-6B08B1EAC958}.Debug|Any CPU.ActiveCfg = Debug|Any CPU
		{65DEAB35-A903-45AE-8B33-6B08B1EAC958}.Debug|Any CPU.Build.0 = Debug|Any CPU
		{65DEAB35-A903-45AE-8B33-6B08B1EAC958}.Debug|x64.ActiveCfg = Debug|Any CPU
		{65DEAB35-A903-45AE-8B33-6B08B1EAC958}.Debug|x64.Build.0 = Debug|Any CPU
		{65DEAB35-A903-45AE-8B33-6B08B1EAC958}.Debug|x86.ActiveCfg = Debug|Any CPU
		{65DEAB35-A903-45AE-8B33-6B08B1EAC958}.Debug|x86.Build.0 = Debug|Any CPU
		{65DEAB35-A903-45AE-8B33-6B08B1EAC958}.Release|Any CPU.ActiveCfg = Release|Any CPU
		{65DEAB35-A903-45AE-8B33-6B08B1EAC958}.Release|Any CPU.Build.0 = Release|Any CPU
		{65DEAB35-A903-45AE-8B33-6B08B1EAC958}.Release|x64.ActiveCfg = Release|Any CPU
		{65DEAB35-A903-45AE-8B33-6B08B1EAC958}.Release|x64.Build.0 = Release|Any CPU
		{65DEAB35-A903-45AE-8B33-6B08B1EAC958}.Release|x86.ActiveCfg = Release|Any CPU
		{65DEAB35-A903-45AE-8B33-6B08B1EAC958}.Release|x86.Build.0 = Release|Any CPU
		{3C1B4079-3C4E-4137-81D7-2393639C68EE}.Debug|Any CPU.ActiveCfg = Debug|Any CPU
		{3C1B4079-3C4E-4137-81D7-2393639C68EE}.Debug|Any CPU.Build.0 = Debug|Any CPU
		{3C1B4079-3C4E-4137-81D7-2393639C68EE}.Debug|x64.ActiveCfg = Debug|Any CPU
		{3C1B4079-3C4E-4137-81D7-2393639C68EE}.Debug|x64.Build.0 = Debug|Any CPU
		{3C1B4079-3C4E-4137-81D7-2393639C68EE}.Debug|x86.ActiveCfg = Debug|Any CPU
		{3C1B4079-3C4E-4137-81D7-2393639C68EE}.Debug|x86.Build.0 = Debug|Any CPU
		{3C1B4079-3C4E-4137-81D7-2393639C68EE}.Release|Any CPU.ActiveCfg = Release|Any CPU
		{3C1B4079-3C4E-4137-81D7-2393639C68EE}.Release|Any CPU.Build.0 = Release|Any CPU
		{3C1B4079-3C4E-4137-81D7-2393639C68EE}.Release|x64.ActiveCfg = Release|Any CPU
		{3C1B4079-3C4E-4137-81D7-2393639C68EE}.Release|x64.Build.0 = Release|Any CPU
		{3C1B4079-3C4E-4137-81D7-2393639C68EE}.Release|x86.ActiveCfg = Release|Any CPU
		{3C1B4079-3C4E-4137-81D7-2393639C68EE}.Release|x86.Build.0 = Release|Any CPU
		{69E72F1D-42D3-4210-8D36-7178B1811684}.Debug|Any CPU.ActiveCfg = Debug|Any CPU
		{69E72F1D-42D3-4210-8D36-7178B1811684}.Debug|Any CPU.Build.0 = Debug|Any CPU
		{69E72F1D-42D3-4210-8D36-7178B1811684}.Debug|x64.ActiveCfg = Debug|Any CPU
		{69E72F1D-42D3-4210-8D36-7178B1811684}.Debug|x64.Build.0 = Debug|Any CPU
		{69E72F1D-42D3-4210-8D36-7178B1811684}.Debug|x86.ActiveCfg = Debug|Any CPU
		{69E72F1D-42D3-4210-8D36-7178B1811684}.Debug|x86.Build.0 = Debug|Any CPU
		{69E72F1D-42D3-4210-8D36-7178B1811684}.Release|Any CPU.ActiveCfg = Release|Any CPU
		{69E72F1D-42D3-4210-8D36-7178B1811684}.Release|Any CPU.Build.0 = Release|Any CPU
		{69E72F1D-42D3-4210-8D36-7178B1811684}.Release|x64.ActiveCfg = Release|Any CPU
		{69E72F1D-42D3-4210-8D36-7178B1811684}.Release|x64.Build.0 = Release|Any CPU
		{69E72F1D-42D3-4210-8D36-7178B1811684}.Release|x86.ActiveCfg = Release|Any CPU
		{69E72F1D-42D3-4210-8D36-7178B1811684}.Release|x86.Build.0 = Release|Any CPU
		{9F94E1A2-31DF-4AD4-A223-D4E8A8BD886F}.Debug|Any CPU.ActiveCfg = Debug|Any CPU
		{9F94E1A2-31DF-4AD4-A223-D4E8A8BD886F}.Debug|Any CPU.Build.0 = Debug|Any CPU
		{9F94E1A2-31DF-4AD4-A223-D4E8A8BD886F}.Debug|x64.ActiveCfg = Debug|Any CPU
		{9F94E1A2-31DF-4AD4-A223-D4E8A8BD886F}.Debug|x64.Build.0 = Debug|Any CPU
		{9F94E1A2-31DF-4AD4-A223-D4E8A8BD886F}.Debug|x86.ActiveCfg = Debug|Any CPU
		{9F94E1A2-31DF-4AD4-A223-D4E8A8BD886F}.Debug|x86.Build.0 = Debug|Any CPU
		{9F94E1A2-31DF-4AD4-A223-D4E8A8BD886F}.Release|Any CPU.ActiveCfg = Release|Any CPU
		{9F94E1A2-31DF-4AD4-A223-D4E8A8BD886F}.Release|Any CPU.Build.0 = Release|Any CPU
		{9F94E1A2-31DF-4AD4-A223-D4E8A8BD886F}.Release|x64.ActiveCfg = Release|Any CPU
		{9F94E1A2-31DF-4AD4-A223-D4E8A8BD886F}.Release|x64.Build.0 = Release|Any CPU
		{9F94E1A2-31DF-4AD4-A223-D4E8A8BD886F}.Release|x86.ActiveCfg = Release|Any CPU
		{9F94E1A2-31DF-4AD4-A223-D4E8A8BD886F}.Release|x86.Build.0 = Release|Any CPU
		{5033D2D0-60DB-4BF3-B083-D702EF6C9BD6}.Debug|Any CPU.ActiveCfg = Debug|Any CPU
		{5033D2D0-60DB-4BF3-B083-D702EF6C9BD6}.Debug|Any CPU.Build.0 = Debug|Any CPU
		{5033D2D0-60DB-4BF3-B083-D702EF6C9BD6}.Debug|x64.ActiveCfg = Debug|Any CPU
		{5033D2D0-60DB-4BF3-B083-D702EF6C9BD6}.Debug|x64.Build.0 = Debug|Any CPU
		{5033D2D0-60DB-4BF3-B083-D702EF6C9BD6}.Debug|x86.ActiveCfg = Debug|Any CPU
		{5033D2D0-60DB-4BF3-B083-D702EF6C9BD6}.Debug|x86.Build.0 = Debug|Any CPU
		{5033D2D0-60DB-4BF3-B083-D702EF6C9BD6}.Release|Any CPU.ActiveCfg = Release|Any CPU
		{5033D2D0-60DB-4BF3-B083-D702EF6C9BD6}.Release|Any CPU.Build.0 = Release|Any CPU
		{5033D2D0-60DB-4BF3-B083-D702EF6C9BD6}.Release|x64.ActiveCfg = Release|Any CPU
		{5033D2D0-60DB-4BF3-B083-D702EF6C9BD6}.Release|x64.Build.0 = Release|Any CPU
		{5033D2D0-60DB-4BF3-B083-D702EF6C9BD6}.Release|x86.ActiveCfg = Release|Any CPU
		{5033D2D0-60DB-4BF3-B083-D702EF6C9BD6}.Release|x86.Build.0 = Release|Any CPU
		{3FEE82CB-37CE-4603-882C-D4840C195928}.Debug|Any CPU.ActiveCfg = Debug|Any CPU
		{3FEE82CB-37CE-4603-882C-D4840C195928}.Debug|Any CPU.Build.0 = Debug|Any CPU
		{3FEE82CB-37CE-4603-882C-D4840C195928}.Debug|x64.ActiveCfg = Debug|Any CPU
		{3FEE82CB-37CE-4603-882C-D4840C195928}.Debug|x64.Build.0 = Debug|Any CPU
		{3FEE82CB-37CE-4603-882C-D4840C195928}.Debug|x86.ActiveCfg = Debug|Any CPU
		{3FEE82CB-37CE-4603-882C-D4840C195928}.Debug|x86.Build.0 = Debug|Any CPU
		{3FEE82CB-37CE-4603-882C-D4840C195928}.Release|Any CPU.ActiveCfg = Release|Any CPU
		{3FEE82CB-37CE-4603-882C-D4840C195928}.Release|Any CPU.Build.0 = Release|Any CPU
		{3FEE82CB-37CE-4603-882C-D4840C195928}.Release|x64.ActiveCfg = Release|Any CPU
		{3FEE82CB-37CE-4603-882C-D4840C195928}.Release|x64.Build.0 = Release|Any CPU
		{3FEE82CB-37CE-4603-882C-D4840C195928}.Release|x86.ActiveCfg = Release|Any CPU
		{3FEE82CB-37CE-4603-882C-D4840C195928}.Release|x86.Build.0 = Release|Any CPU
		{5DB35169-8654-4181-871C-7E8123AF7357}.Debug|Any CPU.ActiveCfg = Debug|Any CPU
		{5DB35169-8654-4181-871C-7E8123AF7357}.Debug|Any CPU.Build.0 = Debug|Any CPU
		{5DB35169-8654-4181-871C-7E8123AF7357}.Debug|x64.ActiveCfg = Debug|Any CPU
		{5DB35169-8654-4181-871C-7E8123AF7357}.Debug|x64.Build.0 = Debug|Any CPU
		{5DB35169-8654-4181-871C-7E8123AF7357}.Debug|x86.ActiveCfg = Debug|Any CPU
		{5DB35169-8654-4181-871C-7E8123AF7357}.Debug|x86.Build.0 = Debug|Any CPU
		{5DB35169-8654-4181-871C-7E8123AF7357}.Release|Any CPU.ActiveCfg = Release|Any CPU
		{5DB35169-8654-4181-871C-7E8123AF7357}.Release|Any CPU.Build.0 = Release|Any CPU
		{5DB35169-8654-4181-871C-7E8123AF7357}.Release|x64.ActiveCfg = Release|Any CPU
		{5DB35169-8654-4181-871C-7E8123AF7357}.Release|x64.Build.0 = Release|Any CPU
		{5DB35169-8654-4181-871C-7E8123AF7357}.Release|x86.ActiveCfg = Release|Any CPU
		{5DB35169-8654-4181-871C-7E8123AF7357}.Release|x86.Build.0 = Release|Any CPU
		{254F61BD-E22E-4E74-A06C-C8ED1718D1BE}.Debug|Any CPU.ActiveCfg = Debug|Any CPU
		{254F61BD-E22E-4E74-A06C-C8ED1718D1BE}.Debug|Any CPU.Build.0 = Debug|Any CPU
		{254F61BD-E22E-4E74-A06C-C8ED1718D1BE}.Debug|x64.ActiveCfg = Debug|Any CPU
		{254F61BD-E22E-4E74-A06C-C8ED1718D1BE}.Debug|x64.Build.0 = Debug|Any CPU
		{254F61BD-E22E-4E74-A06C-C8ED1718D1BE}.Debug|x86.ActiveCfg = Debug|Any CPU
		{254F61BD-E22E-4E74-A06C-C8ED1718D1BE}.Debug|x86.Build.0 = Debug|Any CPU
		{254F61BD-E22E-4E74-A06C-C8ED1718D1BE}.Release|Any CPU.ActiveCfg = Release|Any CPU
		{254F61BD-E22E-4E74-A06C-C8ED1718D1BE}.Release|Any CPU.Build.0 = Release|Any CPU
		{254F61BD-E22E-4E74-A06C-C8ED1718D1BE}.Release|x64.ActiveCfg = Release|Any CPU
		{254F61BD-E22E-4E74-A06C-C8ED1718D1BE}.Release|x64.Build.0 = Release|Any CPU
		{254F61BD-E22E-4E74-A06C-C8ED1718D1BE}.Release|x86.ActiveCfg = Release|Any CPU
		{254F61BD-E22E-4E74-A06C-C8ED1718D1BE}.Release|x86.Build.0 = Release|Any CPU
		{694BA626-7959-479C-A021-89EDC95A60FB}.Debug|Any CPU.ActiveCfg = Debug|Any CPU
		{694BA626-7959-479C-A021-89EDC95A60FB}.Debug|Any CPU.Build.0 = Debug|Any CPU
		{694BA626-7959-479C-A021-89EDC95A60FB}.Debug|x64.ActiveCfg = Debug|Any CPU
		{694BA626-7959-479C-A021-89EDC95A60FB}.Debug|x64.Build.0 = Debug|Any CPU
		{694BA626-7959-479C-A021-89EDC95A60FB}.Debug|x86.ActiveCfg = Debug|Any CPU
		{694BA626-7959-479C-A021-89EDC95A60FB}.Debug|x86.Build.0 = Debug|Any CPU
		{694BA626-7959-479C-A021-89EDC95A60FB}.Release|Any CPU.ActiveCfg = Release|Any CPU
		{694BA626-7959-479C-A021-89EDC95A60FB}.Release|Any CPU.Build.0 = Release|Any CPU
		{694BA626-7959-479C-A021-89EDC95A60FB}.Release|x64.ActiveCfg = Release|Any CPU
		{694BA626-7959-479C-A021-89EDC95A60FB}.Release|x64.Build.0 = Release|Any CPU
		{694BA626-7959-479C-A021-89EDC95A60FB}.Release|x86.ActiveCfg = Release|Any CPU
		{694BA626-7959-479C-A021-89EDC95A60FB}.Release|x86.Build.0 = Release|Any CPU
		{AFE4CB06-A0D5-4760-BA7F-48F48B4C391C}.Debug|Any CPU.ActiveCfg = Debug|Any CPU
		{AFE4CB06-A0D5-4760-BA7F-48F48B4C391C}.Debug|Any CPU.Build.0 = Debug|Any CPU
		{AFE4CB06-A0D5-4760-BA7F-48F48B4C391C}.Debug|x64.ActiveCfg = Debug|Any CPU
		{AFE4CB06-A0D5-4760-BA7F-48F48B4C391C}.Debug|x64.Build.0 = Debug|Any CPU
		{AFE4CB06-A0D5-4760-BA7F-48F48B4C391C}.Debug|x86.ActiveCfg = Debug|Any CPU
		{AFE4CB06-A0D5-4760-BA7F-48F48B4C391C}.Debug|x86.Build.0 = Debug|Any CPU
		{AFE4CB06-A0D5-4760-BA7F-48F48B4C391C}.Release|Any CPU.ActiveCfg = Release|Any CPU
		{AFE4CB06-A0D5-4760-BA7F-48F48B4C391C}.Release|Any CPU.Build.0 = Release|Any CPU
		{AFE4CB06-A0D5-4760-BA7F-48F48B4C391C}.Release|x64.ActiveCfg = Release|Any CPU
		{AFE4CB06-A0D5-4760-BA7F-48F48B4C391C}.Release|x64.Build.0 = Release|Any CPU
		{AFE4CB06-A0D5-4760-BA7F-48F48B4C391C}.Release|x86.ActiveCfg = Release|Any CPU
		{AFE4CB06-A0D5-4760-BA7F-48F48B4C391C}.Release|x86.Build.0 = Release|Any CPU
		{0E7E53CB-40A3-4F59-AFE8-E4CCBB41DB4B}.Debug|Any CPU.ActiveCfg = Debug|Any CPU
		{0E7E53CB-40A3-4F59-AFE8-E4CCBB41DB4B}.Debug|Any CPU.Build.0 = Debug|Any CPU
		{0E7E53CB-40A3-4F59-AFE8-E4CCBB41DB4B}.Debug|x64.ActiveCfg = Debug|Any CPU
		{0E7E53CB-40A3-4F59-AFE8-E4CCBB41DB4B}.Debug|x64.Build.0 = Debug|Any CPU
		{0E7E53CB-40A3-4F59-AFE8-E4CCBB41DB4B}.Debug|x86.ActiveCfg = Debug|Any CPU
		{0E7E53CB-40A3-4F59-AFE8-E4CCBB41DB4B}.Debug|x86.Build.0 = Debug|Any CPU
		{0E7E53CB-40A3-4F59-AFE8-E4CCBB41DB4B}.Release|Any CPU.ActiveCfg = Release|Any CPU
		{0E7E53CB-40A3-4F59-AFE8-E4CCBB41DB4B}.Release|Any CPU.Build.0 = Release|Any CPU
		{0E7E53CB-40A3-4F59-AFE8-E4CCBB41DB4B}.Release|x64.ActiveCfg = Release|Any CPU
		{0E7E53CB-40A3-4F59-AFE8-E4CCBB41DB4B}.Release|x64.Build.0 = Release|Any CPU
		{0E7E53CB-40A3-4F59-AFE8-E4CCBB41DB4B}.Release|x86.ActiveCfg = Release|Any CPU
		{0E7E53CB-40A3-4F59-AFE8-E4CCBB41DB4B}.Release|x86.Build.0 = Release|Any CPU
		{6D622F85-0C18-4518-A551-2E79AC8BA30E}.Debug|Any CPU.ActiveCfg = Debug|Any CPU
		{6D622F85-0C18-4518-A551-2E79AC8BA30E}.Debug|Any CPU.Build.0 = Debug|Any CPU
		{6D622F85-0C18-4518-A551-2E79AC8BA30E}.Debug|x64.ActiveCfg = Debug|Any CPU
		{6D622F85-0C18-4518-A551-2E79AC8BA30E}.Debug|x64.Build.0 = Debug|Any CPU
		{6D622F85-0C18-4518-A551-2E79AC8BA30E}.Debug|x86.ActiveCfg = Debug|Any CPU
		{6D622F85-0C18-4518-A551-2E79AC8BA30E}.Debug|x86.Build.0 = Debug|Any CPU
		{6D622F85-0C18-4518-A551-2E79AC8BA30E}.Release|Any CPU.ActiveCfg = Release|Any CPU
		{6D622F85-0C18-4518-A551-2E79AC8BA30E}.Release|Any CPU.Build.0 = Release|Any CPU
		{6D622F85-0C18-4518-A551-2E79AC8BA30E}.Release|x64.ActiveCfg = Release|Any CPU
		{6D622F85-0C18-4518-A551-2E79AC8BA30E}.Release|x64.Build.0 = Release|Any CPU
		{6D622F85-0C18-4518-A551-2E79AC8BA30E}.Release|x86.ActiveCfg = Release|Any CPU
		{6D622F85-0C18-4518-A551-2E79AC8BA30E}.Release|x86.Build.0 = Release|Any CPU
		{29A4556C-07C5-4BE9-9CD7-36ABDC2AB04F}.Debug|Any CPU.ActiveCfg = Debug|Any CPU
		{29A4556C-07C5-4BE9-9CD7-36ABDC2AB04F}.Debug|Any CPU.Build.0 = Debug|Any CPU
		{29A4556C-07C5-4BE9-9CD7-36ABDC2AB04F}.Debug|x64.ActiveCfg = Debug|Any CPU
		{29A4556C-07C5-4BE9-9CD7-36ABDC2AB04F}.Debug|x64.Build.0 = Debug|Any CPU
		{29A4556C-07C5-4BE9-9CD7-36ABDC2AB04F}.Debug|x86.ActiveCfg = Debug|Any CPU
		{29A4556C-07C5-4BE9-9CD7-36ABDC2AB04F}.Debug|x86.Build.0 = Debug|Any CPU
		{29A4556C-07C5-4BE9-9CD7-36ABDC2AB04F}.Release|Any CPU.ActiveCfg = Release|Any CPU
		{29A4556C-07C5-4BE9-9CD7-36ABDC2AB04F}.Release|Any CPU.Build.0 = Release|Any CPU
		{29A4556C-07C5-4BE9-9CD7-36ABDC2AB04F}.Release|x64.ActiveCfg = Release|Any CPU
		{29A4556C-07C5-4BE9-9CD7-36ABDC2AB04F}.Release|x64.Build.0 = Release|Any CPU
		{29A4556C-07C5-4BE9-9CD7-36ABDC2AB04F}.Release|x86.ActiveCfg = Release|Any CPU
		{29A4556C-07C5-4BE9-9CD7-36ABDC2AB04F}.Release|x86.Build.0 = Release|Any CPU
		{F033036C-3AE8-4925-ACC9-1D53B550E14F}.Debug|Any CPU.ActiveCfg = Debug|Any CPU
		{F033036C-3AE8-4925-ACC9-1D53B550E14F}.Debug|Any CPU.Build.0 = Debug|Any CPU
		{F033036C-3AE8-4925-ACC9-1D53B550E14F}.Debug|x64.ActiveCfg = Debug|Any CPU
		{F033036C-3AE8-4925-ACC9-1D53B550E14F}.Debug|x64.Build.0 = Debug|Any CPU
		{F033036C-3AE8-4925-ACC9-1D53B550E14F}.Debug|x86.ActiveCfg = Debug|Any CPU
		{F033036C-3AE8-4925-ACC9-1D53B550E14F}.Debug|x86.Build.0 = Debug|Any CPU
		{F033036C-3AE8-4925-ACC9-1D53B550E14F}.Release|Any CPU.ActiveCfg = Release|Any CPU
		{F033036C-3AE8-4925-ACC9-1D53B550E14F}.Release|Any CPU.Build.0 = Release|Any CPU
		{F033036C-3AE8-4925-ACC9-1D53B550E14F}.Release|x64.ActiveCfg = Release|Any CPU
		{F033036C-3AE8-4925-ACC9-1D53B550E14F}.Release|x64.Build.0 = Release|Any CPU
		{F033036C-3AE8-4925-ACC9-1D53B550E14F}.Release|x86.ActiveCfg = Release|Any CPU
		{F033036C-3AE8-4925-ACC9-1D53B550E14F}.Release|x86.Build.0 = Release|Any CPU
		{9D0A8999-F401-40AC-87FD-B97AC8BAF8B7}.Debug|Any CPU.ActiveCfg = Debug|Any CPU
		{9D0A8999-F401-40AC-87FD-B97AC8BAF8B7}.Debug|Any CPU.Build.0 = Debug|Any CPU
		{9D0A8999-F401-40AC-87FD-B97AC8BAF8B7}.Debug|x64.ActiveCfg = Debug|Any CPU
		{9D0A8999-F401-40AC-87FD-B97AC8BAF8B7}.Debug|x64.Build.0 = Debug|Any CPU
		{9D0A8999-F401-40AC-87FD-B97AC8BAF8B7}.Debug|x86.ActiveCfg = Debug|Any CPU
		{9D0A8999-F401-40AC-87FD-B97AC8BAF8B7}.Debug|x86.Build.0 = Debug|Any CPU
		{9D0A8999-F401-40AC-87FD-B97AC8BAF8B7}.Release|Any CPU.ActiveCfg = Release|Any CPU
		{9D0A8999-F401-40AC-87FD-B97AC8BAF8B7}.Release|Any CPU.Build.0 = Release|Any CPU
		{9D0A8999-F401-40AC-87FD-B97AC8BAF8B7}.Release|x64.ActiveCfg = Release|Any CPU
		{9D0A8999-F401-40AC-87FD-B97AC8BAF8B7}.Release|x64.Build.0 = Release|Any CPU
		{9D0A8999-F401-40AC-87FD-B97AC8BAF8B7}.Release|x86.ActiveCfg = Release|Any CPU
		{9D0A8999-F401-40AC-87FD-B97AC8BAF8B7}.Release|x86.Build.0 = Release|Any CPU
	EndGlobalSection
	GlobalSection(SolutionProperties) = preSolution
		HideSolutionNode = FALSE
	EndGlobalSection
	GlobalSection(NestedProjects) = preSolution
		{218D4944-43DC-4269-9F13-CFC642DC6042} = {827E0CD3-B72D-47B6-A68D-7590B98EB39B}
		{7D283D80-07F3-4076-B28E-8BF45614F2AF} = {827E0CD3-B72D-47B6-A68D-7590B98EB39B}
		{BEF2602B-F0AC-44F0-B543-E5FA263BD03E} = {827E0CD3-B72D-47B6-A68D-7590B98EB39B}
		{2E9365E9-79F8-4F2A-AE39-89F05458AFE0} = {827E0CD3-B72D-47B6-A68D-7590B98EB39B}
		{3467530E-D65D-426D-A232-9CE88BD2154E} = {827E0CD3-B72D-47B6-A68D-7590B98EB39B}
		{462E315A-2664-44A1-ABDF-3741290B6BE9} = {827E0CD3-B72D-47B6-A68D-7590B98EB39B}
		{336CD26F-E940-4597-80F7-E1953311A30F} = {827E0CD3-B72D-47B6-A68D-7590B98EB39B}
		{DC62259E-C041-42FA-8C12-1F6DB817F240} = {827E0CD3-B72D-47B6-A68D-7590B98EB39B}
		{1A39E107-4343-42D4-B511-0AA41D4429A9} = {827E0CD3-B72D-47B6-A68D-7590B98EB39B}
		{CBD35D0F-BBC9-40D0-A2F7-05C4198ECC17} = {827E0CD3-B72D-47B6-A68D-7590B98EB39B}
		{82817BD0-84ED-4BF9-BABD-1A0467DDA186} = {827E0CD3-B72D-47B6-A68D-7590B98EB39B}
		{AE0041CC-5780-41CB-A0B9-E5EF02C8D949} = {827E0CD3-B72D-47B6-A68D-7590B98EB39B}
		{1AFE6F5C-8F43-44CE-AE47-087F6A448CC3} = {827E0CD3-B72D-47B6-A68D-7590B98EB39B}
		{EE80BFD5-8BD9-4CF9-8027-354F83FCEFF2} = {827E0CD3-B72D-47B6-A68D-7590B98EB39B}
		{39165751-20D9-48A6-BA85-8FD3871E4E8D} = {827E0CD3-B72D-47B6-A68D-7590B98EB39B}
		{EDF176B9-68C4-4DD9-8EC4-310C2AD7692F} = {827E0CD3-B72D-47B6-A68D-7590B98EB39B}
		{C6221E05-11E7-4A27-847A-79040EDC84BD} = {827E0CD3-B72D-47B6-A68D-7590B98EB39B}
		{389E3E6A-62BB-42E3-99DA-F4C476991975} = {827E0CD3-B72D-47B6-A68D-7590B98EB39B}
		{A4AC4B3E-F7FF-446C-A4DF-61A3FDC0DC9B} = {827E0CD3-B72D-47B6-A68D-7590B98EB39B}
		{14D88A0E-5A8F-4235-A077-AE5B03EE1792} = {827E0CD3-B72D-47B6-A68D-7590B98EB39B}
		{B57BACAA-C762-4CC4-AF1C-91F9261AD335} = {827E0CD3-B72D-47B6-A68D-7590B98EB39B}
		{673A4B75-4418-4F0B-88A9-5A7C0E88FB1D} = {827E0CD3-B72D-47B6-A68D-7590B98EB39B}
		{43B5DE4D-C8F6-4A0A-B9AC-73EEAA83D49B} = {827E0CD3-B72D-47B6-A68D-7590B98EB39B}
		{E4188557-5696-4CCC-98AB-890EB52E2E7C} = {827E0CD3-B72D-47B6-A68D-7590B98EB39B}
		{9D11C9CB-848E-47C3-B65A-1C9067D657B2} = {827E0CD3-B72D-47B6-A68D-7590B98EB39B}
		{CF254921-5D54-4012-824A-9DCBAC671547} = {827E0CD3-B72D-47B6-A68D-7590B98EB39B}
		{EC5DC1C1-750C-418A-A982-F89E44496068} = {827E0CD3-B72D-47B6-A68D-7590B98EB39B}
		{9BC701DC-69E4-4757-8412-002A8A463A5A} = {827E0CD3-B72D-47B6-A68D-7590B98EB39B}
		{221E1E77-79A2-4EF2-88AD-8295556CE23E} = {827E0CD3-B72D-47B6-A68D-7590B98EB39B}
		{CE459533-5B13-422A-97D6-54E24E49DD41} = {827E0CD3-B72D-47B6-A68D-7590B98EB39B}
		{63D539CF-4B08-4DDF-A7DE-CDA92246E0F9} = {827E0CD3-B72D-47B6-A68D-7590B98EB39B}
		{71448534-0AAC-4F0D-BC94-7CC0EC90DF83} = {827E0CD3-B72D-47B6-A68D-7590B98EB39B}
		{078FDA0B-353D-4EAB-B37D-765273E4C261} = {827E0CD3-B72D-47B6-A68D-7590B98EB39B}
		{7848E881-FD66-437A-AB39-317521D29CF5} = {827E0CD3-B72D-47B6-A68D-7590B98EB39B}
		{452B59F3-27DC-41A7-97FD-089D76891BC3} = {827E0CD3-B72D-47B6-A68D-7590B98EB39B}
		{54D738ED-03E2-4BEC-9390-3B0BB6C06917} = {827E0CD3-B72D-47B6-A68D-7590B98EB39B}
		{88E65688-5F34-445D-970B-BFF67BF0E886} = {827E0CD3-B72D-47B6-A68D-7590B98EB39B}
		{8D0ED055-52C2-4E8F-8A57-73C35B13B8DC} = {827E0CD3-B72D-47B6-A68D-7590B98EB39B}
		{562ABC08-67DA-46AC-BB4F-2D1DA3A31BF3} = {827E0CD3-B72D-47B6-A68D-7590B98EB39B}
		{7B8A2464-3A25-47E1-8D76-ABC8AA9CD904} = {827E0CD3-B72D-47B6-A68D-7590B98EB39B}
		{C3ACA300-5ECA-4629-A2DD-7E7DF7E282B0} = {827E0CD3-B72D-47B6-A68D-7590B98EB39B}
		{51F2A2E4-E7A8-43AE-9701-C4CBDCE579CD} = {827E0CD3-B72D-47B6-A68D-7590B98EB39B}
		{E6071A7C-C46E-488E-9D21-2FB8FDF6613B} = {827E0CD3-B72D-47B6-A68D-7590B98EB39B}
		{FFBDCA71-9096-4230-A789-CA8E35A136C8} = {827E0CD3-B72D-47B6-A68D-7590B98EB39B}
		{D0F8D0EF-8FC6-4FD4-B8E9-39344C319407} = {827E0CD3-B72D-47B6-A68D-7590B98EB39B}
		{6C848C22-5786-4BC9-993C-146DEEA73A70} = {827E0CD3-B72D-47B6-A68D-7590B98EB39B}
		{04DA68C4-3295-4DDD-BB66-17E89CE06BF8} = {827E0CD3-B72D-47B6-A68D-7590B98EB39B}
		{89031807-C250-4F3E-9C34-7076E0FC3FFE} = {827E0CD3-B72D-47B6-A68D-7590B98EB39B}
		{2025D548-A2A5-4F5E-B5EE-410AA7C3BB39} = {827E0CD3-B72D-47B6-A68D-7590B98EB39B}
		{E297F1BA-19BE-4E91-9F94-30497262A4BB} = {827E0CD3-B72D-47B6-A68D-7590B98EB39B}
		{B180A3BA-52D9-43A9-B621-AA7D43AB6F6A} = {827E0CD3-B72D-47B6-A68D-7590B98EB39B}
		{0483F786-EA33-46E9-88BF-AC8C320FCD61} = {827E0CD3-B72D-47B6-A68D-7590B98EB39B}
		{9C3378FC-D280-4E10-B258-E97153989E77} = {827E0CD3-B72D-47B6-A68D-7590B98EB39B}
		{60C68266-62CA-4432-810B-2AE0C195A032} = {827E0CD3-B72D-47B6-A68D-7590B98EB39B}
		{99B004FF-A320-4382-84DC-9348F6725AB7} = {827E0CD3-B72D-47B6-A68D-7590B98EB39B}
		{DC2F0453-BC60-40BC-A900-9A3A02B1BB95} = {827E0CD3-B72D-47B6-A68D-7590B98EB39B}
		{FB88A21F-CE96-4AEE-87B9-B3384A20412A} = {827E0CD3-B72D-47B6-A68D-7590B98EB39B}
		{EE2F5776-0BE2-4F28-AD3D-5F82BE88FBB4} = {827E0CD3-B72D-47B6-A68D-7590B98EB39B}
		{65DEAB35-A903-45AE-8B33-6B08B1EAC958} = {827E0CD3-B72D-47B6-A68D-7590B98EB39B}
		{3C1B4079-3C4E-4137-81D7-2393639C68EE} = {827E0CD3-B72D-47B6-A68D-7590B98EB39B}
		{69E72F1D-42D3-4210-8D36-7178B1811684} = {827E0CD3-B72D-47B6-A68D-7590B98EB39B}
		{9F94E1A2-31DF-4AD4-A223-D4E8A8BD886F} = {827E0CD3-B72D-47B6-A68D-7590B98EB39B}
		{5033D2D0-60DB-4BF3-B083-D702EF6C9BD6} = {827E0CD3-B72D-47B6-A68D-7590B98EB39B}
		{3FEE82CB-37CE-4603-882C-D4840C195928} = {827E0CD3-B72D-47B6-A68D-7590B98EB39B}
		{5DB35169-8654-4181-871C-7E8123AF7357} = {827E0CD3-B72D-47B6-A68D-7590B98EB39B}
		{254F61BD-E22E-4E74-A06C-C8ED1718D1BE} = {827E0CD3-B72D-47B6-A68D-7590B98EB39B}
		{694BA626-7959-479C-A021-89EDC95A60FB} = {827E0CD3-B72D-47B6-A68D-7590B98EB39B}
		{AFE4CB06-A0D5-4760-BA7F-48F48B4C391C} = {827E0CD3-B72D-47B6-A68D-7590B98EB39B}
		{0E7E53CB-40A3-4F59-AFE8-E4CCBB41DB4B} = {827E0CD3-B72D-47B6-A68D-7590B98EB39B}
		{6D622F85-0C18-4518-A551-2E79AC8BA30E} = {827E0CD3-B72D-47B6-A68D-7590B98EB39B}
		{29A4556C-07C5-4BE9-9CD7-36ABDC2AB04F} = {827E0CD3-B72D-47B6-A68D-7590B98EB39B}
		{F033036C-3AE8-4925-ACC9-1D53B550E14F} = {827E0CD3-B72D-47B6-A68D-7590B98EB39B}
		{9D0A8999-F401-40AC-87FD-B97AC8BAF8B7} = {827E0CD3-B72D-47B6-A68D-7590B98EB39B}
	EndGlobalSection
EndGlobal
